// !$*UTF8*$!
{
	archiveVersion = 1;
	classes = {
	};
	objectVersion = 70;
	objects = {

/* Begin PBXBuildFile section */
		DT0000020000000000000002 /* DashboardTemplate.swift in Sources */ = {isa = PBXBuildFile; fileRef = DT0000010000000000000001 /* DashboardTemplate.swift */; };
		DT0000030000000000000003 /* DashboardTemplate.swift in Sources */ = {isa = PBXBuildFile; fileRef = DT0000010000000000000001 /* DashboardTemplate.swift */; };
		DT0000040000000000000004 /* DashboardTemplate.swift in Sources */ = {isa = PBXBuildFile; fileRef = DT0000010000000000000001 /* DashboardTemplate.swift */; };
		DT0000060000000000000006 /* DashboardTemplatePickerView.swift in Sources */ = {isa = PBXBuildFile; fileRef = DT0000050000000000000005 /* DashboardTemplatePickerView.swift */; };
		22279B402F7C5A5000BA02B0 /* InfluxDB3Service.swift in Sources */ = {isa = PBXBuildFile; fileRef = 22279B3F2F7C5A5000BA02B0 /* InfluxDB3Service.swift */; };
		22279B412F7C5A5000BA02B0 /* InfluxDB3Service.swift in Sources */ = {isa = PBXBuildFile; fileRef = 22279B3F2F7C5A5000BA02B0 /* InfluxDB3Service.swift */; };
		22279B422F7C5A5000BA02B0 /* InfluxDB3Service.swift in Sources */ = {isa = PBXBuildFile; fileRef = 22279B3F2F7C5A5000BA02B0 /* InfluxDB3Service.swift */; };
		22CA484F2F7CDCEA00E2F2C9 /* InfluxDB1Service.swift in Sources */ = {isa = PBXBuildFile; fileRef = 22CA484E2F7CDCEA00E2F2C9 /* InfluxDB1Service.swift */; };
		22CA48502F7CDCEA00E2F2C9 /* InfluxDB1Service.swift in Sources */ = {isa = PBXBuildFile; fileRef = 22CA484E2F7CDCEA00E2F2C9 /* InfluxDB1Service.swift */; };
		22CA48512F7CDCEA00E2F2C9 /* InfluxDB1Service.swift in Sources */ = {isa = PBXBuildFile; fileRef = 22CA484E2F7CDCEA00E2F2C9 /* InfluxDB1Service.swift */; };
		22CA48542F7CEF2400E2F2C9 /* ChartExplorerView.swift in Sources */ = {isa = PBXBuildFile; fileRef = 22CA48532F7CEF2400E2F2C9 /* ChartExplorerView.swift */; };
		22CA48552F7CEF2400E2F2C9 /* ChartExplorerState.swift in Sources */ = {isa = PBXBuildFile; fileRef = 22CA48522F7CEF2400E2F2C9 /* ChartExplorerState.swift */; };
		22D283342F7D5849008CFD8E /* DataExporter.swift in Sources */ = {isa = PBXBuildFile; fileRef = 22D283332F7D5849008CFD8E /* DataExporter.swift */; };
		22D283352F7D5849008CFD8E /* DataExporter.swift in Sources */ = {isa = PBXBuildFile; fileRef = 22D283332F7D5849008CFD8E /* DataExporter.swift */; };
		22D283362F7D5849008CFD8E /* DataExporter.swift in Sources */ = {isa = PBXBuildFile; fileRef = 22D283332F7D5849008CFD8E /* DataExporter.swift */; };
		64707E62288CFC72ED734E1D /* InfluxDB1SetupView.swift in Sources */ = {isa = PBXBuildFile; fileRef = 5795638C48C9B5242D91CB12 /* InfluxDB1SetupView.swift */; };
		6E0F62D9ECD0950BC0D789C8 /* InfluxDB1SettingsFormView.swift in Sources */ = {isa = PBXBuildFile; fileRef = FB95FEE044E5D4BA157D84D0 /* InfluxDB1SettingsFormView.swift */; };
		9CFE7053CA7F49B4AE44EC43 /* ManualQueryEditorView.swift in Sources */ = {isa = PBXBuildFile; fileRef = 0543B8AC1D824D28AF711403 /* ManualQueryEditorView.swift */; };
		A10000010000000000000001 /* IoTPanelsApp.swift in Sources */ = {isa = PBXBuildFile; fileRef = A20000010000000000000001 /* IoTPanelsApp.swift */; };
		A10000020000000000000002 /* Persistence.swift in Sources */ = {isa = PBXBuildFile; fileRef = A20000020000000000000002 /* Persistence.swift */; };
		A10000030000000000000003 /* BackendType.swift in Sources */ = {isa = PBXBuildFile; fileRef = A20000030000000000000003 /* BackendType.swift */; };
		UF0000010000000000000001 /* UnitFormatter.swift in Sources */ = {isa = PBXBuildFile; fileRef = UF0000020000000000000002 /* UnitFormatter.swift */; };
		A10000040000000000000004 /* DataSource+Wrapped.swift in Sources */ = {isa = PBXBuildFile; fileRef = A20000040000000000000004 /* DataSource+Wrapped.swift */; };
		A10000050000000000000005 /* DataSourceService.swift in Sources */ = {isa = PBXBuildFile; fileRef = A20000050000000000000005 /* DataSourceService.swift */; };
		A10000060000000000000006 /* InfluxDB2Service.swift in Sources */ = {isa = PBXBuildFile; fileRef = A20000060000000000000006 /* InfluxDB2Service.swift */; };
		A10000070000000000000007 /* ContentView.swift in Sources */ = {isa = PBXBuildFile; fileRef = A20000070000000000000007 /* ContentView.swift */; };
		A10000080000000000000008 /* DataSourceListView.swift in Sources */ = {isa = PBXBuildFile; fileRef = A20000080000000000000008 /* DataSourceListView.swift */; };
		A10000090000000000000009 /* DataSourceDetailView.swift in Sources */ = {isa = PBXBuildFile; fileRef = A20000090000000000000009 /* DataSourceDetailView.swift */; };
		A100000A0000000000000010 /* InfluxDB2SetupView.swift in Sources */ = {isa = PBXBuildFile; fileRef = A200000A0000000000000010 /* InfluxDB2SetupView.swift */; };
		A100000B0000000000000011 /* InfluxDBSettingsFormView.swift in Sources */ = {isa = PBXBuildFile; fileRef = A200000B0000000000000011 /* InfluxDBSettingsFormView.swift */; };
		A100000C0000000000000012 /* AboutView.swift in Sources */ = {isa = PBXBuildFile; fileRef = A200000C0000000000000012 /* AboutView.swift */; };
		A100000D0000000000000013 /* DemoSetup.swift in Sources */ = {isa = PBXBuildFile; fileRef = A200000D0000000000000013 /* DemoSetup.swift */; };
		A100000E0000000000000014 /* HomeManager.swift in Sources */ = {isa = PBXBuildFile; fileRef = A200000E0000000000000014 /* HomeManager.swift */; };
		A100000F0000000000000015 /* Home+Wrapped.swift in Sources */ = {isa = PBXBuildFile; fileRef = A200000F0000000000000015 /* Home+Wrapped.swift */; };
		A1000010000000000000000A /* Assets.xcassets in Resources */ = {isa = PBXBuildFile; fileRef = A2000010000000000000000A /* Assets.xcassets */; };
		A10000100000000000000016 /* Localizable.xcstrings in Resources */ = {isa = PBXBuildFile; fileRef = A20000100000000000000016 /* Localizable.xcstrings */; };
		A1000011000000000000000B /* Preview Assets.xcassets in Resources */ = {isa = PBXBuildFile; fileRef = A2000011000000000000000B /* Preview Assets.xcassets */; };
		A10000110000000000000017 /* Settings.bundle in Resources */ = {isa = PBXBuildFile; fileRef = A20000110000000000000017 /* Settings.bundle */; };
		A1000012000000000000000C /* IoTPanels.xcdatamodeld in Sources */ = {isa = PBXBuildFile; fileRef = A2000012000000000000000C /* IoTPanels.xcdatamodeld */; };
		A10000120000000000000018 /* MQTTTopicDiscoveryPage.swift in Sources */ = {isa = PBXBuildFile; fileRef = A20000120000000000000018 /* MQTTTopicDiscoveryPage.swift */; };
		A1000013000000000000000D /* IoTPanelsTests.swift in Sources */ = {isa = PBXBuildFile; fileRef = A2000013000000000000000D /* IoTPanelsTests.swift */; };
		PR0200070000000000000007 /* PrometheusServiceTests.swift in Sources */ = {isa = PBXBuildFile; fileRef = PR0100050000000000000005 /* PrometheusServiceTests.swift */; };
		UF0200060000000000000006 /* UnitFormatterTests.swift in Sources */ = {isa = PBXBuildFile; fileRef = UF0100050000000000000005 /* UnitFormatterTests.swift */; };
		DT0200080000000000000008 /* DashboardTemplateTests.swift in Sources */ = {isa = PBXBuildFile; fileRef = DT0100070000000000000007 /* DashboardTemplateTests.swift */; };
		B10000010000000000000001 /* TimeRange.swift in Sources */ = {isa = PBXBuildFile; fileRef = B20000010000000000000001 /* TimeRange.swift */; };
		B10000020000000000000002 /* SavedQuery+Wrapped.swift in Sources */ = {isa = PBXBuildFile; fileRef = B20000020000000000000002 /* SavedQuery+Wrapped.swift */; };
		B10000030000000000000003 /* QueryBuilderView.swift in Sources */ = {isa = PBXBuildFile; fileRef = B20000030000000000000003 /* QueryBuilderView.swift */; };
		B10000040000000000000004 /* QueryResultTableView.swift in Sources */ = {isa = PBXBuildFile; fileRef = B20000040000000000000004 /* QueryResultTableView.swift */; };
		B10000050000000000000005 /* SavedQueryListView.swift in Sources */ = {isa = PBXBuildFile; fileRef = B20000050000000000000005 /* SavedQueryListView.swift */; };
		B10000060000000000000006 /* SavedQueryDetailView.swift in Sources */ = {isa = PBXBuildFile; fileRef = B20000060000000000000006 /* SavedQueryDetailView.swift */; };
		BKUP00010000000000000001 /* BackupService.swift in Sources */ = {isa = PBXBuildFile; fileRef = BKUP00020000000000000002 /* BackupService.swift */; };
		C10000010000000000000001 /* Dashboard+Wrapped.swift in Sources */ = {isa = PBXBuildFile; fileRef = C20000010000000000000001 /* Dashboard+Wrapped.swift */; };
		C10000020000000000000002 /* DashboardListView.swift in Sources */ = {isa = PBXBuildFile; fileRef = C20000020000000000000002 /* DashboardListView.swift */; };
		C10000030000000000000003 /* DashboardView.swift in Sources */ = {isa = PBXBuildFile; fileRef = C20000030000000000000003 /* DashboardView.swift */; };
		C10000040000000000000004 /* AddPanelView.swift in Sources */ = {isa = PBXBuildFile; fileRef = C20000040000000000000004 /* AddPanelView.swift */; };
		C10000050000000000000005 /* PanelCardView.swift in Sources */ = {isa = PBXBuildFile; fileRef = C20000050000000000000005 /* PanelCardView.swift */; };
		D03DC25287DF29A9589976F3 /* InfluxDB3SetupView.swift in Sources */ = {isa = PBXBuildFile; fileRef = 02032788A59A73707192C288 /* InfluxDB3SetupView.swift */; };
		D10000010000000000000001 /* IoTPanelsWidget.swift in Sources */ = {isa = PBXBuildFile; fileRef = D20000010000000000000001 /* IoTPanelsWidget.swift */; };
		D10000020000000000000002 /* Persistence.swift in Sources */ = {isa = PBXBuildFile; fileRef = A20000020000000000000002 /* Persistence.swift */; };
		D10000030000000000000003 /* BackendType.swift in Sources */ = {isa = PBXBuildFile; fileRef = A20000030000000000000003 /* BackendType.swift */; };
		UF0000030000000000000003 /* UnitFormatter.swift in Sources */ = {isa = PBXBuildFile; fileRef = UF0000020000000000000002 /* UnitFormatter.swift */; };
		D10000040000000000000004 /* DataSource+Wrapped.swift in Sources */ = {isa = PBXBuildFile; fileRef = A20000040000000000000004 /* DataSource+Wrapped.swift */; };
		D10000050000000000000005 /* DataSourceService.swift in Sources */ = {isa = PBXBuildFile; fileRef = A20000050000000000000005 /* DataSourceService.swift */; };
		D10000060000000000000006 /* InfluxDB2Service.swift in Sources */ = {isa = PBXBuildFile; fileRef = A20000060000000000000006 /* InfluxDB2Service.swift */; };
		D10000070000000000000007 /* TimeRange.swift in Sources */ = {isa = PBXBuildFile; fileRef = B20000010000000000000001 /* TimeRange.swift */; };
		D10000080000000000000008 /* SavedQuery+Wrapped.swift in Sources */ = {isa = PBXBuildFile; fileRef = B20000020000000000000002 /* SavedQuery+Wrapped.swift */; };
		D10000090000000000000009 /* Dashboard+Wrapped.swift in Sources */ = {isa = PBXBuildFile; fileRef = C20000010000000000000001 /* Dashboard+Wrapped.swift */; };
		D1000010000000000000000A /* IoTPanels.xcdatamodeld in Sources */ = {isa = PBXBuildFile; fileRef = A2000012000000000000000C /* IoTPanels.xcdatamodeld */; };
		D1000011000000000000000B /* IoTPanelsWidgetExtension.appex in Embed Foundation Extensions */ = {isa = PBXBuildFile; fileRef = D2000002000000000000000C /* IoTPanelsWidgetExtension.appex */; settings = {ATTRIBUTES = (RemoveHeadersOnCopy, ); }; };
		D100001200000000000000FF /* PanelCardView.swift in Sources */ = {isa = PBXBuildFile; fileRef = C20000050000000000000005 /* PanelCardView.swift */; };
		D10000130000000000000013 /* SingleValueWidget.swift in Sources */ = {isa = PBXBuildFile; fileRef = D20000050000000000000005 /* SingleValueWidget.swift */; };
		D10000140000000000000014 /* ChartExplorerView.swift in Sources */ = {isa = PBXBuildFile; fileRef = 22CA48532F7CEF2400E2F2C9 /* ChartExplorerView.swift */; };
		D10000150000000000000015 /* ChartExplorerState.swift in Sources */ = {isa = PBXBuildFile; fileRef = 22CA48522F7CEF2400E2F2C9 /* ChartExplorerState.swift */; };
		E10000010000000000000001 /* WidgetHelper.swift in Sources */ = {isa = PBXBuildFile; fileRef = E20000010000000000000001 /* WidgetHelper.swift */; };
		F10000010000000000000001 /* WidgetDesign+Wrapped.swift in Sources */ = {isa = PBXBuildFile; fileRef = F20000010000000000000001 /* WidgetDesign+Wrapped.swift */; };
		F10000020000000000000002 /* ColorUtilities.swift in Sources */ = {isa = PBXBuildFile; fileRef = F20000020000000000000002 /* ColorUtilities.swift */; };
		F10000030000000000000003 /* WidgetDesignListView.swift in Sources */ = {isa = PBXBuildFile; fileRef = F20000030000000000000003 /* WidgetDesignListView.swift */; };
		F10000040000000000000004 /* WidgetDesignEditorView.swift in Sources */ = {isa = PBXBuildFile; fileRef = F20000040000000000000004 /* WidgetDesignEditorView.swift */; };
		F10000050000000000000005 /* WidgetDesignPreviewView.swift in Sources */ = {isa = PBXBuildFile; fileRef = F20000050000000000000005 /* WidgetDesignPreviewView.swift */; };
		F10000060000000000000006 /* AddWidgetItemView.swift in Sources */ = {isa = PBXBuildFile; fileRef = F20000060000000000000006 /* AddWidgetItemView.swift */; };
		F10000070000000000000007 /* WidgetItemConfigView.swift in Sources */ = {isa = PBXBuildFile; fileRef = F20000070000000000000007 /* WidgetItemConfigView.swift */; };
		F10000080000000000000008 /* WidgetDesign+Wrapped.swift in Sources */ = {isa = PBXBuildFile; fileRef = F20000010000000000000001 /* WidgetDesign+Wrapped.swift */; };
		F10000090000000000000009 /* ColorUtilities.swift in Sources */ = {isa = PBXBuildFile; fileRef = F20000020000000000000002 /* ColorUtilities.swift */; };
		F1000010000000000000000A /* WidgetDesignPreviewView.swift in Sources */ = {isa = PBXBuildFile; fileRef = F20000050000000000000005 /* WidgetDesignPreviewView.swift */; };
		F100001100000000000000F1 /* UnitType.swift in Sources */ = {isa = PBXBuildFile; fileRef = F200001100000000000000F1 /* UnitType.swift */; };
		F100001200000000000000F2 /* UnitType.swift in Sources */ = {isa = PBXBuildFile; fileRef = F200001100000000000000F1 /* UnitType.swift */; };
		F100002100000000000000A1 /* StyleConfig.swift in Sources */ = {isa = PBXBuildFile; fileRef = F200002100000000000000A1 /* StyleConfig.swift */; };
		F100002200000000000000A2 /* StyleConfig.swift in Sources */ = {isa = PBXBuildFile; fileRef = F200002100000000000000A1 /* StyleConfig.swift */; };
		F100003100000000000000B1 /* NavigationState.swift in Sources */ = {isa = PBXBuildFile; fileRef = F200003100000000000000B1 /* NavigationState.swift */; };
		F100004100000000000000C1 /* FluxSyntaxView.swift in Sources */ = {isa = PBXBuildFile; fileRef = F200004100000000000000C1 /* FluxSyntaxView.swift */; };
		F100005100000000000000D1 /* DemoService.swift in Sources */ = {isa = PBXBuildFile; fileRef = F200005100000000000000D1 /* DemoService.swift */; };
		F100005200000000000000D2 /* DemoService.swift in Sources */ = {isa = PBXBuildFile; fileRef = F200005100000000000000D1 /* DemoService.swift */; };
		FCFC6C22020470429E17F5CF /* InfluxDB3SettingsFormView.swift in Sources */ = {isa = PBXBuildFile; fileRef = 667E925D55A6658A3C7CD846 /* InfluxDB3SettingsFormView.swift */; };
		PR0200010000000000000001 /* PrometheusService.swift in Sources */ = {isa = PBXBuildFile; fileRef = PR0100010000000000000001 /* PrometheusService.swift */; };
		PR0200020000000000000002 /* PrometheusService.swift in Sources */ = {isa = PBXBuildFile; fileRef = PR0100010000000000000001 /* PrometheusService.swift */; };
		PR0200030000000000000003 /* PrometheusService.swift in Sources */ = {isa = PBXBuildFile; fileRef = PR0100010000000000000001 /* PrometheusService.swift */; };
		PR0200040000000000000004 /* PrometheusSetupView.swift in Sources */ = {isa = PBXBuildFile; fileRef = PR0100020000000000000002 /* PrometheusSetupView.swift */; };
		PR0200050000000000000005 /* PrometheusFormView.swift in Sources */ = {isa = PBXBuildFile; fileRef = PR0100030000000000000003 /* PrometheusFormView.swift */; };
		PR0200060000000000000006 /* PrometheusQueryBuilderView.swift in Sources */ = {isa = PBXBuildFile; fileRef = PR0100040000000000000004 /* PrometheusQueryBuilderView.swift */; };
		M10000010000000000000001 /* MQTTModels.swift in Sources */ = {isa = PBXBuildFile; fileRef = M20000010000000000000001 /* MQTTModels.swift */; };
		M10000020000000000000002 /* MQTTService.swift in Sources */ = {isa = PBXBuildFile; fileRef = M20000020000000000000002 /* MQTTService.swift */; };
		M10000030000000000000003 /* MQTTFormView.swift in Sources */ = {isa = PBXBuildFile; fileRef = M20000030000000000000003 /* MQTTFormView.swift */; };
		M10000040000000000000004 /* MQTTQueryBuilderView.swift in Sources */ = {isa = PBXBuildFile; fileRef = M20000040000000000000004 /* MQTTQueryBuilderView.swift */; };
		M10000050000000000000005 /* MQTTModels.swift in Sources */ = {isa = PBXBuildFile; fileRef = M20000010000000000000001 /* MQTTModels.swift */; };
		M10000060000000000000006 /* MQTTService.swift in Sources */ = {isa = PBXBuildFile; fileRef = M20000020000000000000002 /* MQTTService.swift */; };
		M50000010000000000000001 /* CocoaMQTT in Frameworks */ = {isa = PBXBuildFile; productRef = M40000010000000000000001 /* CocoaMQTT */; };
		M50000020000000000000002 /* CocoaMQTTWebSocket in Frameworks */ = {isa = PBXBuildFile; productRef = M40000020000000000000002 /* CocoaMQTTWebSocket */; };
		M50000030000000000000003 /* CocoaMQTT in Frameworks */ = {isa = PBXBuildFile; productRef = M40000030000000000000003 /* CocoaMQTT */; };
		M50000040000000000000004 /* CocoaMQTTWebSocket in Frameworks */ = {isa = PBXBuildFile; productRef = M40000040000000000000004 /* CocoaMQTTWebSocket */; };
		M60000010000000000000001 /* BrokerFileType.swift in Sources */ = {isa = PBXBuildFile; fileRef = M70000010000000000000001 /* BrokerFileType.swift */; };
		M60000020000000000000002 /* BrokerImportExport.swift in Sources */ = {isa = PBXBuildFile; fileRef = M70000020000000000000002 /* BrokerImportExport.swift */; };
		M60000030000000000000003 /* BrokerFileType.swift in Sources */ = {isa = PBXBuildFile; fileRef = M70000010000000000000001 /* BrokerFileType.swift */; };
		M60000040000000000000004 /* BrokerImportExport.swift in Sources */ = {isa = PBXBuildFile; fileRef = M70000020000000000000002 /* BrokerImportExport.swift */; };
		M80000010000000000000001 /* MQTTBrokerFormView.swift in Sources */ = {isa = PBXBuildFile; fileRef = M80000020000000000000002 /* MQTTBrokerFormView.swift */; };
		MQSW00010000000000000001 /* MQTTSetupView.swift in Sources */ = {isa = PBXBuildFile; fileRef = MQSW00020000000000000002 /* MQTTSetupView.swift */; };
		THRE00010000000000000001 /* ThresholdEditorView.swift in Sources */ = {isa = PBXBuildFile; fileRef = THRE00020000000000000002 /* ThresholdEditorView.swift */; };
		W10000010000000000000001 /* IoTPanelsWatchApp.swift in Sources */ = {isa = PBXBuildFile; fileRef = W20000010000000000000001 /* IoTPanelsWatchApp.swift */; };
		W10000020000000000000002 /* IoTPanelsWatchWidget.swift in Sources */ = {isa = PBXBuildFile; fileRef = W20000020000000000000002 /* IoTPanelsWatchWidget.swift */; };
		W10000030000000000000003 /* Persistence.swift in Sources */ = {isa = PBXBuildFile; fileRef = A20000020000000000000002 /* Persistence.swift */; };
		W10000040000000000000004 /* BackendType.swift in Sources */ = {isa = PBXBuildFile; fileRef = A20000030000000000000003 /* BackendType.swift */; };
		UF0000040000000000000004 /* UnitFormatter.swift in Sources */ = {isa = PBXBuildFile; fileRef = UF0000020000000000000002 /* UnitFormatter.swift */; };
		W10000050000000000000005 /* DataSource+Wrapped.swift in Sources */ = {isa = PBXBuildFile; fileRef = A20000040000000000000004 /* DataSource+Wrapped.swift */; };
		W10000060000000000000006 /* DataSourceService.swift in Sources */ = {isa = PBXBuildFile; fileRef = A20000050000000000000005 /* DataSourceService.swift */; };
		W10000070000000000000007 /* InfluxDB2Service.swift in Sources */ = {isa = PBXBuildFile; fileRef = A20000060000000000000006 /* InfluxDB2Service.swift */; };
		W10000080000000000000008 /* TimeRange.swift in Sources */ = {isa = PBXBuildFile; fileRef = B20000010000000000000001 /* TimeRange.swift */; };
		W10000090000000000000009 /* SavedQuery+Wrapped.swift in Sources */ = {isa = PBXBuildFile; fileRef = B20000020000000000000002 /* SavedQuery+Wrapped.swift */; };
		W1000010000000000000000A /* Dashboard+Wrapped.swift in Sources */ = {isa = PBXBuildFile; fileRef = C20000010000000000000001 /* Dashboard+Wrapped.swift */; };
		W1000011000000000000000B /* PanelCardView.swift in Sources */ = {isa = PBXBuildFile; fileRef = C20000050000000000000005 /* PanelCardView.swift */; };
		W1000012000000000000000C /* IoTPanels.xcdatamodeld in Sources */ = {isa = PBXBuildFile; fileRef = A2000012000000000000000C /* IoTPanels.xcdatamodeld */; };
		W1000013000000000000000D /* UnitType.swift in Sources */ = {isa = PBXBuildFile; fileRef = F200001100000000000000F1 /* UnitType.swift */; };
		W1000014000000000000000E /* DemoService.swift in Sources */ = {isa = PBXBuildFile; fileRef = F200005100000000000000D1 /* DemoService.swift */; };
		W1000015000000000000000F /* StyleConfig.swift in Sources */ = {isa = PBXBuildFile; fileRef = F200002100000000000000A1 /* StyleConfig.swift */; };
		W10000160000000000000010 /* WidgetDesign+Wrapped.swift in Sources */ = {isa = PBXBuildFile; fileRef = F20000010000000000000001 /* WidgetDesign+Wrapped.swift */; };
		W10000170000000000000011 /* ColorUtilities.swift in Sources */ = {isa = PBXBuildFile; fileRef = F20000020000000000000002 /* ColorUtilities.swift */; };
		W10000180000000000000012 /* MQTTModels.swift in Sources */ = {isa = PBXBuildFile; fileRef = M20000010000000000000001 /* MQTTModels.swift */; };
		W1000020000000000000001A /* BrokerFileType.swift in Sources */ = {isa = PBXBuildFile; fileRef = M70000010000000000000001 /* BrokerFileType.swift */; };
		W1000021000000000000001B /* BrokerImportExport.swift in Sources */ = {isa = PBXBuildFile; fileRef = M70000020000000000000002 /* BrokerImportExport.swift */; };
		W1000022000000000000001C /* ChartExplorerView.swift in Sources */ = {isa = PBXBuildFile; fileRef = 22CA48532F7CEF2400E2F2C9 /* ChartExplorerView.swift */; };
		W1000023000000000000001D /* ChartExplorerState.swift in Sources */ = {isa = PBXBuildFile; fileRef = 22CA48522F7CEF2400E2F2C9 /* ChartExplorerState.swift */; };
		W30000010000000000000001 /* IoTPanelsWatchWidgetExtension.appex in Embed Foundation Extensions */ = {isa = PBXBuildFile; fileRef = W40000020000000000000002 /* IoTPanelsWatchWidgetExtension.appex */; settings = {ATTRIBUTES = (RemoveHeadersOnCopy, ); }; };
		WDLD00010000000000000001 /* WidgetDataLoader.swift in Sources */ = {isa = PBXBuildFile; fileRef = WDLD00020000000000000002 /* WidgetDataLoader.swift */; };
		WDLD00030000000000000003 /* WidgetDataLoader.swift in Sources */ = {isa = PBXBuildFile; fileRef = WDLD00020000000000000002 /* WidgetDataLoader.swift */; };
		WDLD00040000000000000004 /* WidgetDataLoader.swift in Sources */ = {isa = PBXBuildFile; fileRef = WDLD00020000000000000002 /* WidgetDataLoader.swift */; };
/* End PBXBuildFile section */

/* Begin PBXContainerItemProxy section */
		22D283412F7E674E008CFD8E /* PBXContainerItemProxy */ = {
			isa = PBXContainerItemProxy;
			containerPortal = A50000010000000000000001 /* Project object */;
			proxyType = 1;
			remoteGlobalIDString = A40000010000000000000001;
			remoteInfo = IoTPanels;
		};
		A30000010000000000000001 /* PBXContainerItemProxy */ = {
			isa = PBXContainerItemProxy;
			containerPortal = A50000010000000000000001 /* Project object */;
			proxyType = 1;
			remoteGlobalIDString = A40000010000000000000001;
			remoteInfo = IoTPanels;
		};
		D30000010000000000000001 /* PBXContainerItemProxy */ = {
			isa = PBXContainerItemProxy;
			containerPortal = A50000010000000000000001 /* Project object */;
			proxyType = 1;
			remoteGlobalIDString = D40000010000000000000001;
			remoteInfo = IoTPanelsWidgetExtension;
		};
		W50000010000000000000001 /* PBXContainerItemProxy */ = {
			isa = PBXContainerItemProxy;
			containerPortal = A50000010000000000000001 /* Project object */;
			proxyType = 1;
			remoteGlobalIDString = W60000020000000000000002;
			remoteInfo = IoTPanelsWatchWidgetExtension;
		};
/* End PBXContainerItemProxy section */

/* Begin PBXCopyFilesBuildPhase section */
		DA0000010000000000000001 /* Embed Foundation Extensions */ = {
			isa = PBXCopyFilesBuildPhase;
			buildActionMask = 2147483647;
			dstPath = "";
			dstSubfolderSpec = 13;
			files = (
				D1000011000000000000000B /* IoTPanelsWidgetExtension.appex in Embed Foundation Extensions */,
			);
			name = "Embed Foundation Extensions";
			runOnlyForDeploymentPostprocessing = 0;
		};
		WA0000010000000000000001 /* Embed Foundation Extensions */ = {
			isa = PBXCopyFilesBuildPhase;
			buildActionMask = 2147483647;
			dstPath = "";
			dstSubfolderSpec = 13;
			files = (
				W30000010000000000000001 /* IoTPanelsWatchWidgetExtension.appex in Embed Foundation Extensions */,
			);
			name = "Embed Foundation Extensions";
			runOnlyForDeploymentPostprocessing = 0;
		};
/* End PBXCopyFilesBuildPhase section */

/* Begin PBXFileReference section */
		DT0000010000000000000001 /* DashboardTemplate.swift */ = {isa = PBXFileReference; lastKnownFileType = sourcecode.swift; path = DashboardTemplate.swift; sourceTree = "<group>"; };
		DT0000050000000000000005 /* DashboardTemplatePickerView.swift */ = {isa = PBXFileReference; lastKnownFileType = sourcecode.swift; path = DashboardTemplatePickerView.swift; sourceTree = "<group>"; };
		02032788A59A73707192C288 /* InfluxDB3SetupView.swift */ = {isa = PBXFileReference; includeInIndex = 1; lastKnownFileType = sourcecode.swift; path = InfluxDB3SetupView.swift; sourceTree = "<group>"; };
		0543B8AC1D824D28AF711403 /* ManualQueryEditorView.swift */ = {isa = PBXFileReference; includeInIndex = 1; lastKnownFileType = sourcecode.swift; path = ManualQueryEditorView.swift; sourceTree = "<group>"; };
		22279B3F2F7C5A5000BA02B0 /* InfluxDB3Service.swift */ = {isa = PBXFileReference; lastKnownFileType = sourcecode.swift; path = InfluxDB3Service.swift; sourceTree = "<group>"; };
		22CA484E2F7CDCEA00E2F2C9 /* InfluxDB1Service.swift */ = {isa = PBXFileReference; lastKnownFileType = sourcecode.swift; path = InfluxDB1Service.swift; sourceTree = "<group>"; };
		22CA48522F7CEF2400E2F2C9 /* ChartExplorerState.swift */ = {isa = PBXFileReference; lastKnownFileType = sourcecode.swift; path = ChartExplorerState.swift; sourceTree = "<group>"; };
		22CA48532F7CEF2400E2F2C9 /* ChartExplorerView.swift */ = {isa = PBXFileReference; lastKnownFileType = sourcecode.swift; path = ChartExplorerView.swift; sourceTree = "<group>"; };
		22D283332F7D5849008CFD8E /* DataExporter.swift */ = {isa = PBXFileReference; lastKnownFileType = sourcecode.swift; path = DataExporter.swift; sourceTree = "<group>"; };
		22D2833B2F7E674E008CFD8E /* IoTPanelsUITests.xctest */ = {isa = PBXFileReference; explicitFileType = wrapper.cfbundle; includeInIndex = 0; path = IoTPanelsUITests.xctest; sourceTree = BUILT_PRODUCTS_DIR; };
		5795638C48C9B5242D91CB12 /* InfluxDB1SetupView.swift */ = {isa = PBXFileReference; includeInIndex = 1; lastKnownFileType = sourcecode.swift; path = InfluxDB1SetupView.swift; sourceTree = "<group>"; };
		667E925D55A6658A3C7CD846 /* InfluxDB3SettingsFormView.swift */ = {isa = PBXFileReference; includeInIndex = 1; lastKnownFileType = sourcecode.swift; path = InfluxDB3SettingsFormView.swift; sourceTree = "<group>"; };
		A20000010000000000000001 /* IoTPanelsApp.swift */ = {isa = PBXFileReference; lastKnownFileType = sourcecode.swift; path = IoTPanelsApp.swift; sourceTree = "<group>"; };
		A20000020000000000000002 /* Persistence.swift */ = {isa = PBXFileReference; lastKnownFileType = sourcecode.swift; path = Persistence.swift; sourceTree = "<group>"; };
		A20000030000000000000003 /* BackendType.swift */ = {isa = PBXFileReference; lastKnownFileType = sourcecode.swift; path = BackendType.swift; sourceTree = "<group>"; };
		UF0000020000000000000002 /* UnitFormatter.swift */ = {isa = PBXFileReference; lastKnownFileType = sourcecode.swift; path = UnitFormatter.swift; sourceTree = "<group>"; };
		A20000040000000000000004 /* DataSource+Wrapped.swift */ = {isa = PBXFileReference; lastKnownFileType = sourcecode.swift; path = "DataSource+Wrapped.swift"; sourceTree = "<group>"; };
		A20000050000000000000005 /* DataSourceService.swift */ = {isa = PBXFileReference; lastKnownFileType = sourcecode.swift; path = DataSourceService.swift; sourceTree = "<group>"; };
		A20000060000000000000006 /* InfluxDB2Service.swift */ = {isa = PBXFileReference; lastKnownFileType = sourcecode.swift; path = InfluxDB2Service.swift; sourceTree = "<group>"; };
		A20000070000000000000007 /* ContentView.swift */ = {isa = PBXFileReference; lastKnownFileType = sourcecode.swift; path = ContentView.swift; sourceTree = "<group>"; };
		A20000080000000000000008 /* DataSourceListView.swift */ = {isa = PBXFileReference; lastKnownFileType = sourcecode.swift; path = DataSourceListView.swift; sourceTree = "<group>"; };
		A20000090000000000000009 /* DataSourceDetailView.swift */ = {isa = PBXFileReference; lastKnownFileType = sourcecode.swift; path = DataSourceDetailView.swift; sourceTree = "<group>"; };
		A200000A0000000000000010 /* InfluxDB2SetupView.swift */ = {isa = PBXFileReference; lastKnownFileType = sourcecode.swift; path = InfluxDB2SetupView.swift; sourceTree = "<group>"; };
		A200000B0000000000000011 /* InfluxDBSettingsFormView.swift */ = {isa = PBXFileReference; lastKnownFileType = sourcecode.swift; path = InfluxDBSettingsFormView.swift; sourceTree = "<group>"; };
		A200000C0000000000000012 /* AboutView.swift */ = {isa = PBXFileReference; lastKnownFileType = sourcecode.swift; path = AboutView.swift; sourceTree = "<group>"; };
		A200000D0000000000000013 /* DemoSetup.swift */ = {isa = PBXFileReference; lastKnownFileType = sourcecode.swift; path = DemoSetup.swift; sourceTree = "<group>"; };
		A200000E0000000000000014 /* HomeManager.swift */ = {isa = PBXFileReference; lastKnownFileType = sourcecode.swift; path = HomeManager.swift; sourceTree = "<group>"; };
		A200000F0000000000000015 /* Home+Wrapped.swift */ = {isa = PBXFileReference; lastKnownFileType = sourcecode.swift; path = "Home+Wrapped.swift"; sourceTree = "<group>"; };
		A2000010000000000000000A /* Assets.xcassets */ = {isa = PBXFileReference; lastKnownFileType = folder.assetcatalog; path = Assets.xcassets; sourceTree = "<group>"; };
		A20000100000000000000016 /* Localizable.xcstrings */ = {isa = PBXFileReference; lastKnownFileType = text.json.xcstrings; path = Localizable.xcstrings; sourceTree = "<group>"; };
		A2000011000000000000000B /* Preview Assets.xcassets */ = {isa = PBXFileReference; lastKnownFileType = folder.assetcatalog; path = "Preview Assets.xcassets"; sourceTree = "<group>"; };
		A20000110000000000000017 /* Settings.bundle */ = {isa = PBXFileReference; lastKnownFileType = "wrapper.plug-in"; path = Settings.bundle; sourceTree = "<group>"; };
		A20000120000000000000018 /* MQTTTopicDiscoveryPage.swift */ = {isa = PBXFileReference; lastKnownFileType = sourcecode.swift; path = MQTTTopicDiscoveryPage.swift; sourceTree = "<group>"; };
		A2000013000000000000000D /* IoTPanelsTests.swift */ = {isa = PBXFileReference; lastKnownFileType = sourcecode.swift; path = IoTPanelsTests.swift; sourceTree = "<group>"; };
		PR0100050000000000000005 /* PrometheusServiceTests.swift */ = {isa = PBXFileReference; lastKnownFileType = sourcecode.swift; path = PrometheusServiceTests.swift; sourceTree = "<group>"; };
		UF0100050000000000000005 /* UnitFormatterTests.swift */ = {isa = PBXFileReference; lastKnownFileType = sourcecode.swift; path = UnitFormatterTests.swift; sourceTree = "<group>"; };
		DT0100070000000000000007 /* DashboardTemplateTests.swift */ = {isa = PBXFileReference; lastKnownFileType = sourcecode.swift; path = DashboardTemplateTests.swift; sourceTree = "<group>"; };
		A2000014000000000000000E /* IoTPanels.app */ = {isa = PBXFileReference; explicitFileType = wrapper.application; includeInIndex = 0; path = IoTPanels.app; sourceTree = BUILT_PRODUCTS_DIR; };
		A2000015000000000000000F /* IoTPanelsTests.xctest */ = {isa = PBXFileReference; explicitFileType = wrapper.cfbundle; includeInIndex = 0; path = IoTPanelsTests.xctest; sourceTree = BUILT_PRODUCTS_DIR; };
		A20000160000000000000010 /* IoTPanels.entitlements */ = {isa = PBXFileReference; lastKnownFileType = text.plist.entitlements; path = IoTPanels.entitlements; sourceTree = "<group>"; };
		A20000170000000000000011 /* Info.plist */ = {isa = PBXFileReference; lastKnownFileType = text.plist.xml; path = Info.plist; sourceTree = "<group>"; };
		AD0000010000000000000001 /* IoTPanels.xcdatamodel */ = {isa = PBXFileReference; lastKnownFileType = wrapper.xcdatamodel; path = IoTPanels.xcdatamodel; sourceTree = "<group>"; };
		B20000010000000000000001 /* TimeRange.swift */ = {isa = PBXFileReference; lastKnownFileType = sourcecode.swift; path = TimeRange.swift; sourceTree = "<group>"; };
		B20000020000000000000002 /* SavedQuery+Wrapped.swift */ = {isa = PBXFileReference; lastKnownFileType = sourcecode.swift; path = "SavedQuery+Wrapped.swift"; sourceTree = "<group>"; };
		B20000030000000000000003 /* QueryBuilderView.swift */ = {isa = PBXFileReference; lastKnownFileType = sourcecode.swift; path = QueryBuilderView.swift; sourceTree = "<group>"; };
		B20000040000000000000004 /* QueryResultTableView.swift */ = {isa = PBXFileReference; lastKnownFileType = sourcecode.swift; path = QueryResultTableView.swift; sourceTree = "<group>"; };
		B20000050000000000000005 /* SavedQueryListView.swift */ = {isa = PBXFileReference; lastKnownFileType = sourcecode.swift; path = SavedQueryListView.swift; sourceTree = "<group>"; };
		B20000060000000000000006 /* SavedQueryDetailView.swift */ = {isa = PBXFileReference; lastKnownFileType = sourcecode.swift; path = SavedQueryDetailView.swift; sourceTree = "<group>"; };
		BKUP00020000000000000002 /* BackupService.swift */ = {isa = PBXFileReference; lastKnownFileType = sourcecode.swift; path = BackupService.swift; sourceTree = "<group>"; };
		C20000010000000000000001 /* Dashboard+Wrapped.swift */ = {isa = PBXFileReference; lastKnownFileType = sourcecode.swift; path = "Dashboard+Wrapped.swift"; sourceTree = "<group>"; };
		C20000020000000000000002 /* DashboardListView.swift */ = {isa = PBXFileReference; lastKnownFileType = sourcecode.swift; path = DashboardListView.swift; sourceTree = "<group>"; };
		C20000030000000000000003 /* DashboardView.swift */ = {isa = PBXFileReference; lastKnownFileType = sourcecode.swift; path = DashboardView.swift; sourceTree = "<group>"; };
		C20000040000000000000004 /* AddPanelView.swift */ = {isa = PBXFileReference; lastKnownFileType = sourcecode.swift; path = AddPanelView.swift; sourceTree = "<group>"; };
		C20000050000000000000005 /* PanelCardView.swift */ = {isa = PBXFileReference; lastKnownFileType = sourcecode.swift; path = PanelCardView.swift; sourceTree = "<group>"; };
		D20000010000000000000001 /* IoTPanelsWidget.swift */ = {isa = PBXFileReference; lastKnownFileType = sourcecode.swift; path = IoTPanelsWidget.swift; sourceTree = "<group>"; };
		D2000002000000000000000C /* IoTPanelsWidgetExtension.appex */ = {isa = PBXFileReference; explicitFileType = "wrapper.app-extension"; includeInIndex = 0; path = IoTPanelsWidgetExtension.appex; sourceTree = BUILT_PRODUCTS_DIR; };
		D20000030000000000000003 /* IoTPanelsWidget.entitlements */ = {isa = PBXFileReference; lastKnownFileType = text.plist.entitlements; path = IoTPanelsWidget.entitlements; sourceTree = "<group>"; };
		D20000040000000000000004 /* Info.plist */ = {isa = PBXFileReference; lastKnownFileType = text.plist.xml; path = Info.plist; sourceTree = "<group>"; };
		D20000050000000000000005 /* SingleValueWidget.swift */ = {isa = PBXFileReference; lastKnownFileType = sourcecode.swift; path = SingleValueWidget.swift; sourceTree = "<group>"; };
		E20000010000000000000001 /* WidgetHelper.swift */ = {isa = PBXFileReference; lastKnownFileType = sourcecode.swift; path = WidgetHelper.swift; sourceTree = "<group>"; };
		F20000010000000000000001 /* WidgetDesign+Wrapped.swift */ = {isa = PBXFileReference; lastKnownFileType = sourcecode.swift; path = "WidgetDesign+Wrapped.swift"; sourceTree = "<group>"; };
		F20000020000000000000002 /* ColorUtilities.swift */ = {isa = PBXFileReference; lastKnownFileType = sourcecode.swift; path = ColorUtilities.swift; sourceTree = "<group>"; };
		F20000030000000000000003 /* WidgetDesignListView.swift */ = {isa = PBXFileReference; lastKnownFileType = sourcecode.swift; path = WidgetDesignListView.swift; sourceTree = "<group>"; };
		F20000040000000000000004 /* WidgetDesignEditorView.swift */ = {isa = PBXFileReference; lastKnownFileType = sourcecode.swift; path = WidgetDesignEditorView.swift; sourceTree = "<group>"; };
		F20000050000000000000005 /* WidgetDesignPreviewView.swift */ = {isa = PBXFileReference; lastKnownFileType = sourcecode.swift; path = WidgetDesignPreviewView.swift; sourceTree = "<group>"; };
		F20000060000000000000006 /* AddWidgetItemView.swift */ = {isa = PBXFileReference; lastKnownFileType = sourcecode.swift; path = AddWidgetItemView.swift; sourceTree = "<group>"; };
		F20000070000000000000007 /* WidgetItemConfigView.swift */ = {isa = PBXFileReference; lastKnownFileType = sourcecode.swift; path = WidgetItemConfigView.swift; sourceTree = "<group>"; };
		F200001100000000000000F1 /* UnitType.swift */ = {isa = PBXFileReference; lastKnownFileType = sourcecode.swift; path = UnitType.swift; sourceTree = "<group>"; };
		F200002100000000000000A1 /* StyleConfig.swift */ = {isa = PBXFileReference; lastKnownFileType = sourcecode.swift; path = StyleConfig.swift; sourceTree = "<group>"; };
		F200003100000000000000B1 /* NavigationState.swift */ = {isa = PBXFileReference; lastKnownFileType = sourcecode.swift; path = NavigationState.swift; sourceTree = "<group>"; };
		F200004100000000000000C1 /* FluxSyntaxView.swift */ = {isa = PBXFileReference; lastKnownFileType = sourcecode.swift; path = FluxSyntaxView.swift; sourceTree = "<group>"; };
		F200005100000000000000D1 /* DemoService.swift */ = {isa = PBXFileReference; lastKnownFileType = sourcecode.swift; path = DemoService.swift; sourceTree = "<group>"; };
		FB95FEE044E5D4BA157D84D0 /* InfluxDB1SettingsFormView.swift */ = {isa = PBXFileReference; includeInIndex = 1; lastKnownFileType = sourcecode.swift; path = InfluxDB1SettingsFormView.swift; sourceTree = "<group>"; };
		PR0100010000000000000001 /* PrometheusService.swift */ = {isa = PBXFileReference; lastKnownFileType = sourcecode.swift; path = PrometheusService.swift; sourceTree = "<group>"; };
		PR0100020000000000000002 /* PrometheusSetupView.swift */ = {isa = PBXFileReference; lastKnownFileType = sourcecode.swift; path = PrometheusSetupView.swift; sourceTree = "<group>"; };
		PR0100030000000000000003 /* PrometheusFormView.swift */ = {isa = PBXFileReference; lastKnownFileType = sourcecode.swift; path = PrometheusFormView.swift; sourceTree = "<group>"; };
		PR0100040000000000000004 /* PrometheusQueryBuilderView.swift */ = {isa = PBXFileReference; lastKnownFileType = sourcecode.swift; path = PrometheusQueryBuilderView.swift; sourceTree = "<group>"; };
		M20000010000000000000001 /* MQTTModels.swift */ = {isa = PBXFileReference; lastKnownFileType = sourcecode.swift; path = MQTTModels.swift; sourceTree = "<group>"; };
		M20000020000000000000002 /* MQTTService.swift */ = {isa = PBXFileReference; lastKnownFileType = sourcecode.swift; path = MQTTService.swift; sourceTree = "<group>"; };
		M20000030000000000000003 /* MQTTFormView.swift */ = {isa = PBXFileReference; lastKnownFileType = sourcecode.swift; path = MQTTFormView.swift; sourceTree = "<group>"; };
		M20000040000000000000004 /* MQTTQueryBuilderView.swift */ = {isa = PBXFileReference; lastKnownFileType = sourcecode.swift; path = MQTTQueryBuilderView.swift; sourceTree = "<group>"; };
		M70000010000000000000001 /* BrokerFileType.swift */ = {isa = PBXFileReference; lastKnownFileType = sourcecode.swift; path = BrokerFileType.swift; sourceTree = "<group>"; };
		M70000020000000000000002 /* BrokerImportExport.swift */ = {isa = PBXFileReference; lastKnownFileType = sourcecode.swift; path = BrokerImportExport.swift; sourceTree = "<group>"; };
		M80000020000000000000002 /* MQTTBrokerFormView.swift */ = {isa = PBXFileReference; lastKnownFileType = sourcecode.swift; path = MQTTBrokerFormView.swift; sourceTree = "<group>"; };
		MQSW00020000000000000002 /* MQTTSetupView.swift */ = {isa = PBXFileReference; lastKnownFileType = sourcecode.swift; path = MQTTSetupView.swift; sourceTree = "<group>"; };
		THRE00020000000000000002 /* ThresholdEditorView.swift */ = {isa = PBXFileReference; lastKnownFileType = sourcecode.swift; path = ThresholdEditorView.swift; sourceTree = "<group>"; };
		W20000010000000000000001 /* IoTPanelsWatchApp.swift */ = {isa = PBXFileReference; lastKnownFileType = sourcecode.swift; path = IoTPanelsWatchApp.swift; sourceTree = "<group>"; };
		W20000020000000000000002 /* IoTPanelsWatchWidget.swift */ = {isa = PBXFileReference; lastKnownFileType = sourcecode.swift; path = IoTPanelsWatchWidget.swift; sourceTree = "<group>"; };
		W20000030000000000000003 /* IoTPanelsWatch.entitlements */ = {isa = PBXFileReference; lastKnownFileType = text.plist.entitlements; path = IoTPanelsWatch.entitlements; sourceTree = "<group>"; };
		W20000040000000000000004 /* IoTPanelsWatchWidget.entitlements */ = {isa = PBXFileReference; lastKnownFileType = text.plist.entitlements; path = IoTPanelsWatchWidget.entitlements; sourceTree = "<group>"; };
		W40000010000000000000001 /* IoTPanelsWatch.app */ = {isa = PBXFileReference; explicitFileType = wrapper.application; includeInIndex = 0; path = IoTPanelsWatch.app; sourceTree = BUILT_PRODUCTS_DIR; };
		W40000020000000000000002 /* IoTPanelsWatchWidgetExtension.appex */ = {isa = PBXFileReference; explicitFileType = "wrapper.app-extension"; includeInIndex = 0; path = IoTPanelsWatchWidgetExtension.appex; sourceTree = BUILT_PRODUCTS_DIR; };
		WDLD00020000000000000002 /* WidgetDataLoader.swift */ = {isa = PBXFileReference; lastKnownFileType = sourcecode.swift; path = WidgetDataLoader.swift; sourceTree = "<group>"; };
/* End PBXFileReference section */

/* Begin PBXFileSystemSynchronizedRootGroup section */
		22D2833C2F7E674E008CFD8E /* IoTPanelsUITests */ = {isa = PBXFileSystemSynchronizedRootGroup; explicitFileTypes = {}; explicitFolders = (); path = IoTPanelsUITests; sourceTree = "<group>"; };
/* End PBXFileSystemSynchronizedRootGroup section */

/* Begin PBXFrameworksBuildPhase section */
		22D283382F7E674E008CFD8E /* Frameworks */ = {
			isa = PBXFrameworksBuildPhase;
			buildActionMask = 2147483647;
			files = (
			);
			runOnlyForDeploymentPostprocessing = 0;
		};
		A60000010000000000000001 /* Frameworks */ = {
			isa = PBXFrameworksBuildPhase;
			buildActionMask = 2147483647;
			files = (
				M50000010000000000000001 /* CocoaMQTT in Frameworks */,
				M50000020000000000000002 /* CocoaMQTTWebSocket in Frameworks */,
			);
			runOnlyForDeploymentPostprocessing = 0;
		};
		A60000020000000000000002 /* Frameworks */ = {
			isa = PBXFrameworksBuildPhase;
			buildActionMask = 2147483647;
			files = (
			);
			runOnlyForDeploymentPostprocessing = 0;
		};
		D60000010000000000000001 /* Frameworks */ = {
			isa = PBXFrameworksBuildPhase;
			buildActionMask = 2147483647;
			files = (
				M50000030000000000000003 /* CocoaMQTT in Frameworks */,
				M50000040000000000000004 /* CocoaMQTTWebSocket in Frameworks */,
			);
			runOnlyForDeploymentPostprocessing = 0;
		};
		W70000010000000000000001 /* Frameworks */ = {
			isa = PBXFrameworksBuildPhase;
			buildActionMask = 2147483647;
			files = (
			);
			runOnlyForDeploymentPostprocessing = 0;
		};
		W70000020000000000000002 /* Frameworks */ = {
			isa = PBXFrameworksBuildPhase;
			buildActionMask = 2147483647;
			files = (
			);
			runOnlyForDeploymentPostprocessing = 0;
		};
/* End PBXFrameworksBuildPhase section */

/* Begin PBXGroup section */
		A70000010000000000000001 = {
			isa = PBXGroup;
			children = (
				A70000020000000000000002 /* IoTPanels */,
				A70000080000000000000008 /* IoTPanelsTests */,
				D70000010000000000000001 /* IoTPanelsWidget */,
				W80000010000000000000001 /* IoTPanelsWatch */,
				W80000020000000000000002 /* IoTPanelsWatchWidget */,
				22D2833C2F7E674E008CFD8E /* IoTPanelsUITests */,
				A70000090000000000000009 /* Products */,
			);
			sourceTree = "<group>";
		};
		A70000020000000000000002 /* IoTPanels */ = {
			isa = PBXGroup;
			children = (
				A20000010000000000000001 /* IoTPanelsApp.swift */,
				A20000020000000000000002 /* Persistence.swift */,
				A20000170000000000000011 /* Info.plist */,
				A20000160000000000000010 /* IoTPanels.entitlements */,
				A2000012000000000000000C /* IoTPanels.xcdatamodeld */,
				A2000010000000000000000A /* Assets.xcassets */,
				A20000100000000000000016 /* Localizable.xcstrings */,
				A20000110000000000000017 /* Settings.bundle */,
				A70000030000000000000003 /* Model */,
				A70000040000000000000004 /* Services */,
				A70000050000000000000005 /* Views */,
				A70000070000000000000007 /* Preview Content */,
			);
			path = IoTPanels;
			sourceTree = "<group>";
		};
		A70000030000000000000003 /* Model */ = {
			isa = PBXGroup;
			children = (
				A20000030000000000000003 /* BackendType.swift */,
				UF0000020000000000000002 /* UnitFormatter.swift */,
				A20000040000000000000004 /* DataSource+Wrapped.swift */,
				B20000010000000000000001 /* TimeRange.swift */,
				B20000020000000000000002 /* SavedQuery+Wrapped.swift */,
				C20000010000000000000001 /* Dashboard+Wrapped.swift */,
				F20000010000000000000001 /* WidgetDesign+Wrapped.swift */,
				F20000020000000000000002 /* ColorUtilities.swift */,
				F200001100000000000000F1 /* UnitType.swift */,
				F200002100000000000000A1 /* StyleConfig.swift */,
				M20000010000000000000001 /* MQTTModels.swift */,
				M70000010000000000000001 /* BrokerFileType.swift */,
				A200000F0000000000000015 /* Home+Wrapped.swift */,
			);
			path = Model;
			sourceTree = "<group>";
		};
		A70000040000000000000004 /* Services */ = {
			isa = PBXGroup;
			children = (
				22D283332F7D5849008CFD8E /* DataExporter.swift */,
				22CA484E2F7CDCEA00E2F2C9 /* InfluxDB1Service.swift */,
				A20000060000000000000006 /* InfluxDB2Service.swift */,
				22279B3F2F7C5A5000BA02B0 /* InfluxDB3Service.swift */,
				M20000020000000000000002 /* MQTTService.swift */,
				PR0100010000000000000001 /* PrometheusService.swift */,
				A20000050000000000000005 /* DataSourceService.swift */,
				E20000010000000000000001 /* WidgetHelper.swift */,
				F200003100000000000000B1 /* NavigationState.swift */,
				F200005100000000000000D1 /* DemoService.swift */,
				WDLD00020000000000000002 /* WidgetDataLoader.swift */,
				THRE00020000000000000002 /* ThresholdEditorView.swift */,
				BKUP00020000000000000002 /* BackupService.swift */,
				M70000020000000000000002 /* BrokerImportExport.swift */,
				A200000D0000000000000013 /* DemoSetup.swift */,
				A200000E0000000000000014 /* HomeManager.swift */,
				DT0000010000000000000001 /* DashboardTemplate.swift */,
			);
			path = Services;
			sourceTree = "<group>";
		};
		A70000050000000000000005 /* Views */ = {
			isa = PBXGroup;
			children = (
				A20000070000000000000007 /* ContentView.swift */,
				A200000C0000000000000012 /* AboutView.swift */,
				A70000060000000000000006 /* DataSource */,
				B70000010000000000000001 /* QueryBuilder */,
				C70000010000000000000001 /* Dashboard */,
				F70000010000000000000001 /* WidgetDesigner */,
			);
			path = Views;
			sourceTree = "<group>";
		};
		A70000060000000000000006 /* DataSource */ = {
			isa = PBXGroup;
			children = (
				A20000080000000000000008 /* DataSourceListView.swift */,
				A20000090000000000000009 /* DataSourceDetailView.swift */,
				A200000A0000000000000010 /* InfluxDB2SetupView.swift */,
				A200000B0000000000000011 /* InfluxDBSettingsFormView.swift */,
				M20000030000000000000003 /* MQTTFormView.swift */,
				MQSW00020000000000000002 /* MQTTSetupView.swift */,
				M80000020000000000000002 /* MQTTBrokerFormView.swift */,
				667E925D55A6658A3C7CD846 /* InfluxDB3SettingsFormView.swift */,
				02032788A59A73707192C288 /* InfluxDB3SetupView.swift */,
				5795638C48C9B5242D91CB12 /* InfluxDB1SetupView.swift */,
				FB95FEE044E5D4BA157D84D0 /* InfluxDB1SettingsFormView.swift */,
				PR0100020000000000000002 /* PrometheusSetupView.swift */,
				PR0100030000000000000003 /* PrometheusFormView.swift */,
			);
			path = DataSource;
			sourceTree = "<group>";
		};
		A70000070000000000000007 /* Preview Content */ = {
			isa = PBXGroup;
			children = (
				A2000011000000000000000B /* Preview Assets.xcassets */,
			);
			path = "Preview Content";
			sourceTree = "<group>";
		};
		A70000080000000000000008 /* IoTPanelsTests */ = {
			isa = PBXGroup;
			children = (
				A2000013000000000000000D /* IoTPanelsTests.swift */,
				PR0100050000000000000005 /* PrometheusServiceTests.swift */,
				UF0100050000000000000005 /* UnitFormatterTests.swift */,
				DT0100070000000000000007 /* DashboardTemplateTests.swift */,
			);
			path = IoTPanelsTests;
			sourceTree = "<group>";
		};
		A70000090000000000000009 /* Products */ = {
			isa = PBXGroup;
			children = (
				A2000014000000000000000E /* IoTPanels.app */,
				A2000015000000000000000F /* IoTPanelsTests.xctest */,
				D2000002000000000000000C /* IoTPanelsWidgetExtension.appex */,
				W40000010000000000000001 /* IoTPanelsWatch.app */,
				W40000020000000000000002 /* IoTPanelsWatchWidgetExtension.appex */,
				22D2833B2F7E674E008CFD8E /* IoTPanelsUITests.xctest */,
			);
			name = Products;
			sourceTree = "<group>";
		};
		B70000010000000000000001 /* QueryBuilder */ = {
			isa = PBXGroup;
			children = (
				B20000030000000000000003 /* QueryBuilderView.swift */,
				B20000040000000000000004 /* QueryResultTableView.swift */,
				B20000050000000000000005 /* SavedQueryListView.swift */,
				B20000060000000000000006 /* SavedQueryDetailView.swift */,
				F200004100000000000000C1 /* FluxSyntaxView.swift */,
				M20000040000000000000004 /* MQTTQueryBuilderView.swift */,
				A20000120000000000000018 /* MQTTTopicDiscoveryPage.swift */,
				0543B8AC1D824D28AF711403 /* ManualQueryEditorView.swift */,
				PR0100040000000000000004 /* PrometheusQueryBuilderView.swift */,
			);
			path = QueryBuilder;
			sourceTree = "<group>";
		};
		C70000010000000000000001 /* Dashboard */ = {
			isa = PBXGroup;
			children = (
				22CA48522F7CEF2400E2F2C9 /* ChartExplorerState.swift */,
				22CA48532F7CEF2400E2F2C9 /* ChartExplorerView.swift */,
				C20000020000000000000002 /* DashboardListView.swift */,
				C20000030000000000000003 /* DashboardView.swift */,
				C20000040000000000000004 /* AddPanelView.swift */,
				C20000050000000000000005 /* PanelCardView.swift */,
				DT0000050000000000000005 /* DashboardTemplatePickerView.swift */,
			);
			path = Dashboard;
			sourceTree = "<group>";
		};
		D70000010000000000000001 /* IoTPanelsWidget */ = {
			isa = PBXGroup;
			children = (
				D20000010000000000000001 /* IoTPanelsWidget.swift */,
				D20000050000000000000005 /* SingleValueWidget.swift */,
				D20000030000000000000003 /* IoTPanelsWidget.entitlements */,
				D20000040000000000000004 /* Info.plist */,
			);
			path = IoTPanelsWidget;
			sourceTree = "<group>";
		};
		F70000010000000000000001 /* WidgetDesigner */ = {
			isa = PBXGroup;
			children = (
				F20000030000000000000003 /* WidgetDesignListView.swift */,
				F20000040000000000000004 /* WidgetDesignEditorView.swift */,
				F20000050000000000000005 /* WidgetDesignPreviewView.swift */,
				F20000060000000000000006 /* AddWidgetItemView.swift */,
				F20000070000000000000007 /* WidgetItemConfigView.swift */,
			);
			path = WidgetDesigner;
			sourceTree = "<group>";
		};
		W80000010000000000000001 /* IoTPanelsWatch */ = {
			isa = PBXGroup;
			children = (
				W20000010000000000000001 /* IoTPanelsWatchApp.swift */,
				W20000030000000000000003 /* IoTPanelsWatch.entitlements */,
			);
			path = IoTPanelsWatch;
			sourceTree = "<group>";
		};
		W80000020000000000000002 /* IoTPanelsWatchWidget */ = {
			isa = PBXGroup;
			children = (
				W20000020000000000000002 /* IoTPanelsWatchWidget.swift */,
				W20000040000000000000004 /* IoTPanelsWatchWidget.entitlements */,
			);
			path = IoTPanelsWatchWidget;
			sourceTree = "<group>";
		};
/* End PBXGroup section */

/* Begin PBXNativeTarget section */
		22D2833A2F7E674E008CFD8E /* IoTPanelsUITests */ = {
			isa = PBXNativeTarget;
			buildConfigurationList = 22D283452F7E674E008CFD8E /* Build configuration list for PBXNativeTarget "IoTPanelsUITests" */;
			buildPhases = (
				22D283372F7E674E008CFD8E /* Sources */,
				22D283382F7E674E008CFD8E /* Frameworks */,
				22D283392F7E674E008CFD8E /* Resources */,
			);
			buildRules = (
			);
			dependencies = (
				22D283422F7E674E008CFD8E /* PBXTargetDependency */,
			);
			fileSystemSynchronizedGroups = (
				22D2833C2F7E674E008CFD8E /* IoTPanelsUITests */,
			);
			name = IoTPanelsUITests;
			packageProductDependencies = (
			);
			productName = IoTPanelsUITests;
			productReference = 22D2833B2F7E674E008CFD8E /* IoTPanelsUITests.xctest */;
			productType = "com.apple.product-type.bundle.ui-testing";
		};
		A40000010000000000000001 /* IoTPanels */ = {
			isa = PBXNativeTarget;
			buildConfigurationList = A80000030000000000000003 /* Build configuration list for PBXNativeTarget "IoTPanels" */;
			buildPhases = (
				A90000010000000000000001 /* Sources */,
				A60000010000000000000001 /* Frameworks */,
				AA0000010000000000000001 /* Resources */,
				DA0000010000000000000001 /* Embed Foundation Extensions */,
			);
			buildRules = (
			);
			dependencies = (
				DB0000010000000000000001 /* PBXTargetDependency */,
			);
			name = IoTPanels;
			packageProductDependencies = (
				M40000010000000000000001 /* CocoaMQTT */,
				M40000020000000000000002 /* CocoaMQTTWebSocket */,
			);
			productName = IoTPanels;
			productReference = A2000014000000000000000E /* IoTPanels.app */;
			productType = "com.apple.product-type.application";
		};
		A40000020000000000000002 /* IoTPanelsTests */ = {
			isa = PBXNativeTarget;
			buildConfigurationList = A80000060000000000000006 /* Build configuration list for PBXNativeTarget "IoTPanelsTests" */;
			buildPhases = (
				A90000020000000000000002 /* Sources */,
				A60000020000000000000002 /* Frameworks */,
			);
			buildRules = (
			);
			dependencies = (
				AB0000010000000000000001 /* PBXTargetDependency */,
			);
			name = IoTPanelsTests;
			productName = IoTPanelsTests;
			productReference = A2000015000000000000000F /* IoTPanelsTests.xctest */;
			productType = "com.apple.product-type.bundle.unit-test";
		};
		D40000010000000000000001 /* IoTPanelsWidgetExtension */ = {
			isa = PBXNativeTarget;
			buildConfigurationList = D80000010000000000000001 /* Build configuration list for PBXNativeTarget "IoTPanelsWidgetExtension" */;
			buildPhases = (
				D90000010000000000000001 /* Sources */,
				D60000010000000000000001 /* Frameworks */,
			);
			buildRules = (
			);
			dependencies = (
			);
			name = IoTPanelsWidgetExtension;
			packageProductDependencies = (
				M40000030000000000000003 /* CocoaMQTT */,
				M40000040000000000000004 /* CocoaMQTTWebSocket */,
			);
			productName = IoTPanelsWidgetExtension;
			productReference = D2000002000000000000000C /* IoTPanelsWidgetExtension.appex */;
			productType = "com.apple.product-type.app-extension";
		};
		W60000010000000000000001 /* IoTPanelsWatch */ = {
			isa = PBXNativeTarget;
			buildConfigurationList = W90000010000000000000001 /* Build configuration list for PBXNativeTarget "IoTPanelsWatch" */;
			buildPhases = (
				WB0000010000000000000001 /* Sources */,
				W70000010000000000000001 /* Frameworks */,
				WA0000010000000000000001 /* Embed Foundation Extensions */,
			);
			buildRules = (
			);
			dependencies = (
				WC0000010000000000000001 /* PBXTargetDependency */,
			);
			name = IoTPanelsWatch;
			productName = IoTPanelsWatch;
			productReference = W40000010000000000000001 /* IoTPanelsWatch.app */;
			productType = "com.apple.product-type.application";
		};
		W60000020000000000000002 /* IoTPanelsWatchWidgetExtension */ = {
			isa = PBXNativeTarget;
			buildConfigurationList = W90000020000000000000002 /* Build configuration list for PBXNativeTarget "IoTPanelsWatchWidgetExtension" */;
			buildPhases = (
				WB0000020000000000000002 /* Sources */,
				W70000020000000000000002 /* Frameworks */,
			);
			buildRules = (
			);
			dependencies = (
			);
			name = IoTPanelsWatchWidgetExtension;
			productName = IoTPanelsWatchWidgetExtension;
			productReference = W40000020000000000000002 /* IoTPanelsWatchWidgetExtension.appex */;
			productType = "com.apple.product-type.app-extension";
		};
/* End PBXNativeTarget section */

/* Begin PBXProject section */
		A50000010000000000000001 /* Project object */ = {
			isa = PBXProject;
			attributes = {
				BuildIndependentTargetsInParallel = 1;
				LastSwiftUpdateCheck = 2640;
				LastUpgradeCheck = 2640;
				TargetAttributes = {
					22D2833A2F7E674E008CFD8E = {
						CreatedOnToolsVersion = 26.4;
						TestTargetID = A40000010000000000000001;
					};
					A40000010000000000000001 = {
						CreatedOnToolsVersion = 15.4;
					};
					A40000020000000000000002 = {
						CreatedOnToolsVersion = 15.4;
						TestTargetID = A40000010000000000000001;
					};
					D40000010000000000000001 = {
						CreatedOnToolsVersion = 15.4;
					};
					W60000010000000000000001 = {
						CreatedOnToolsVersion = 15.4;
					};
					W60000020000000000000002 = {
						CreatedOnToolsVersion = 15.4;
					};
				};
			};
			buildConfigurationList = A80000010000000000000001 /* Build configuration list for PBXProject "IoTPanels" */;
			compatibilityVersion = "Xcode 14.0";
			developmentRegion = en;
			hasScannedForEncodings = 0;
			knownRegions = (
				en,
				de,
				fr,
				Base,
			);
			mainGroup = A70000010000000000000001;
			packageReferences = (
				M30000010000000000000001 /* XCRemoteSwiftPackageReference "CocoaMQTT" */,
			);
			productRefGroup = A70000090000000000000009 /* Products */;
			projectDirPath = "";
			projectRoot = "";
			targets = (
				A40000010000000000000001 /* IoTPanels */,
				A40000020000000000000002 /* IoTPanelsTests */,
				D40000010000000000000001 /* IoTPanelsWidgetExtension */,
				W60000010000000000000001 /* IoTPanelsWatch */,
				W60000020000000000000002 /* IoTPanelsWatchWidgetExtension */,
				22D2833A2F7E674E008CFD8E /* IoTPanelsUITests */,
			);
		};
/* End PBXProject section */

/* Begin PBXResourcesBuildPhase section */
		22D283392F7E674E008CFD8E /* Resources */ = {
			isa = PBXResourcesBuildPhase;
			buildActionMask = 2147483647;
			files = (
			);
			runOnlyForDeploymentPostprocessing = 0;
		};
		AA0000010000000000000001 /* Resources */ = {
			isa = PBXResourcesBuildPhase;
			buildActionMask = 2147483647;
			files = (
				A10000100000000000000016 /* Localizable.xcstrings in Resources */,
				A10000110000000000000017 /* Settings.bundle in Resources */,
				A1000010000000000000000A /* Assets.xcassets in Resources */,
				A1000011000000000000000B /* Preview Assets.xcassets in Resources */,
			);
			runOnlyForDeploymentPostprocessing = 0;
		};
/* End PBXResourcesBuildPhase section */

/* Begin PBXSourcesBuildPhase section */
		22D283372F7E674E008CFD8E /* Sources */ = {
			isa = PBXSourcesBuildPhase;
			buildActionMask = 2147483647;
			files = (
			);
			runOnlyForDeploymentPostprocessing = 0;
		};
		A90000010000000000000001 /* Sources */ = {
			isa = PBXSourcesBuildPhase;
			buildActionMask = 2147483647;
			files = (
				A10000010000000000000001 /* IoTPanelsApp.swift in Sources */,
				22D283342F7D5849008CFD8E /* DataExporter.swift in Sources */,
				A10000020000000000000002 /* Persistence.swift in Sources */,
				A10000030000000000000003 /* BackendType.swift in Sources */,
				UF0000010000000000000001 /* UnitFormatter.swift in Sources */,
				A10000040000000000000004 /* DataSource+Wrapped.swift in Sources */,
				A10000050000000000000005 /* DataSourceService.swift in Sources */,
				A10000060000000000000006 /* InfluxDB2Service.swift in Sources */,
				A10000070000000000000007 /* ContentView.swift in Sources */,
				A10000080000000000000008 /* DataSourceListView.swift in Sources */,
				A10000090000000000000009 /* DataSourceDetailView.swift in Sources */,
				A100000A0000000000000010 /* InfluxDB2SetupView.swift in Sources */,
				A100000B0000000000000011 /* InfluxDBSettingsFormView.swift in Sources */,
				A100000C0000000000000012 /* AboutView.swift in Sources */,
				A100000D0000000000000013 /* DemoSetup.swift in Sources */,
				A100000E0000000000000014 /* HomeManager.swift in Sources */,
				A100000F0000000000000015 /* Home+Wrapped.swift in Sources */,
				A10000120000000000000018 /* MQTTTopicDiscoveryPage.swift in Sources */,
				B10000010000000000000001 /* TimeRange.swift in Sources */,
				22279B422F7C5A5000BA02B0 /* InfluxDB3Service.swift in Sources */,
				B10000020000000000000002 /* SavedQuery+Wrapped.swift in Sources */,
				B10000030000000000000003 /* QueryBuilderView.swift in Sources */,
				B10000040000000000000004 /* QueryResultTableView.swift in Sources */,
				B10000050000000000000005 /* SavedQueryListView.swift in Sources */,
				B10000060000000000000006 /* SavedQueryDetailView.swift in Sources */,
				C10000010000000000000001 /* Dashboard+Wrapped.swift in Sources */,
				C10000020000000000000002 /* DashboardListView.swift in Sources */,
				C10000030000000000000003 /* DashboardView.swift in Sources */,
				C10000040000000000000004 /* AddPanelView.swift in Sources */,
				22CA48512F7CDCEA00E2F2C9 /* InfluxDB1Service.swift in Sources */,
				C10000050000000000000005 /* PanelCardView.swift in Sources */,
				E10000010000000000000001 /* WidgetHelper.swift in Sources */,
				F100003100000000000000B1 /* NavigationState.swift in Sources */,
				22CA48542F7CEF2400E2F2C9 /* ChartExplorerView.swift in Sources */,
				22CA48552F7CEF2400E2F2C9 /* ChartExplorerState.swift in Sources */,
				F100004100000000000000C1 /* FluxSyntaxView.swift in Sources */,
				THRE00010000000000000001 /* ThresholdEditorView.swift in Sources */,
				BKUP00010000000000000001 /* BackupService.swift in Sources */,
				F100005100000000000000D1 /* DemoService.swift in Sources */,
				WDLD00010000000000000001 /* WidgetDataLoader.swift in Sources */,
				F100001100000000000000F1 /* UnitType.swift in Sources */,
				F100002100000000000000A1 /* StyleConfig.swift in Sources */,
				F10000010000000000000001 /* WidgetDesign+Wrapped.swift in Sources */,
				F10000020000000000000002 /* ColorUtilities.swift in Sources */,
				F10000030000000000000003 /* WidgetDesignListView.swift in Sources */,
				F10000040000000000000004 /* WidgetDesignEditorView.swift in Sources */,
				F10000050000000000000005 /* WidgetDesignPreviewView.swift in Sources */,
				F10000060000000000000006 /* AddWidgetItemView.swift in Sources */,
				F10000070000000000000007 /* WidgetItemConfigView.swift in Sources */,
				A1000012000000000000000C /* IoTPanels.xcdatamodeld in Sources */,
				M10000010000000000000001 /* MQTTModels.swift in Sources */,
				M10000020000000000000002 /* MQTTService.swift in Sources */,
				M10000030000000000000003 /* MQTTFormView.swift in Sources */,
				MQSW00010000000000000001 /* MQTTSetupView.swift in Sources */,
				M80000010000000000000001 /* MQTTBrokerFormView.swift in Sources */,
				M10000040000000000000004 /* MQTTQueryBuilderView.swift in Sources */,
				M60000010000000000000001 /* BrokerFileType.swift in Sources */,
				M60000020000000000000002 /* BrokerImportExport.swift in Sources */,
				FCFC6C22020470429E17F5CF /* InfluxDB3SettingsFormView.swift in Sources */,
				D03DC25287DF29A9589976F3 /* InfluxDB3SetupView.swift in Sources */,
				64707E62288CFC72ED734E1D /* InfluxDB1SetupView.swift in Sources */,
				6E0F62D9ECD0950BC0D789C8 /* InfluxDB1SettingsFormView.swift in Sources */,
				9CFE7053CA7F49B4AE44EC43 /* ManualQueryEditorView.swift in Sources */,
				PR0200010000000000000001 /* PrometheusService.swift in Sources */,
				PR0200040000000000000004 /* PrometheusSetupView.swift in Sources */,
				PR0200050000000000000005 /* PrometheusFormView.swift in Sources */,
				PR0200060000000000000006 /* PrometheusQueryBuilderView.swift in Sources */,
				DT0000020000000000000002 /* DashboardTemplate.swift in Sources */,
				DT0000060000000000000006 /* DashboardTemplatePickerView.swift in Sources */,
			);
			runOnlyForDeploymentPostprocessing = 0;
		};
		A90000020000000000000002 /* Sources */ = {
			isa = PBXSourcesBuildPhase;
			buildActionMask = 2147483647;
			files = (
				A1000013000000000000000D /* IoTPanelsTests.swift in Sources */,
				PR0200070000000000000007 /* PrometheusServiceTests.swift in Sources */,
				UF0200060000000000000006 /* UnitFormatterTests.swift in Sources */,
				DT0200080000000000000008 /* DashboardTemplateTests.swift in Sources */,
			);
			runOnlyForDeploymentPostprocessing = 0;
		};
		D90000010000000000000001 /* Sources */ = {
			isa = PBXSourcesBuildPhase;
			buildActionMask = 2147483647;
			files = (
				D10000010000000000000001 /* IoTPanelsWidget.swift in Sources */,
				22279B402F7C5A5000BA02B0 /* InfluxDB3Service.swift in Sources */,
				D10000020000000000000002 /* Persistence.swift in Sources */,
				D10000030000000000000003 /* BackendType.swift in Sources */,
				UF0000030000000000000003 /* UnitFormatter.swift in Sources */,
				D10000040000000000000004 /* DataSource+Wrapped.swift in Sources */,
				D10000050000000000000005 /* DataSourceService.swift in Sources */,
				D10000060000000000000006 /* InfluxDB2Service.swift in Sources */,
				D10000070000000000000007 /* TimeRange.swift in Sources */,
				D10000080000000000000008 /* SavedQuery+Wrapped.swift in Sources */,
				D10000090000000000000009 /* Dashboard+Wrapped.swift in Sources */,
				D100001200000000000000FF /* PanelCardView.swift in Sources */,
				D10000140000000000000014 /* ChartExplorerView.swift in Sources */,
				D10000150000000000000015 /* ChartExplorerState.swift in Sources */,
				F100001200000000000000F2 /* UnitType.swift in Sources */,
				F100005200000000000000D2 /* DemoService.swift in Sources */,
				WDLD00030000000000000003 /* WidgetDataLoader.swift in Sources */,
				F100002200000000000000A2 /* StyleConfig.swift in Sources */,
				F10000080000000000000008 /* WidgetDesign+Wrapped.swift in Sources */,
				22CA484F2F7CDCEA00E2F2C9 /* InfluxDB1Service.swift in Sources */,
				F10000090000000000000009 /* ColorUtilities.swift in Sources */,
				F1000010000000000000000A /* WidgetDesignPreviewView.swift in Sources */,
				D1000010000000000000000A /* IoTPanels.xcdatamodeld in Sources */,
				M10000050000000000000005 /* MQTTModels.swift in Sources */,
				M10000060000000000000006 /* MQTTService.swift in Sources */,
				M60000030000000000000003 /* BrokerFileType.swift in Sources */,
				22D283352F7D5849008CFD8E /* DataExporter.swift in Sources */,
				M60000040000000000000004 /* BrokerImportExport.swift in Sources */,
				D10000130000000000000013 /* SingleValueWidget.swift in Sources */,
				PR0200020000000000000002 /* PrometheusService.swift in Sources */,
				DT0000030000000000000003 /* DashboardTemplate.swift in Sources */,
			);
			runOnlyForDeploymentPostprocessing = 0;
		};
		WB0000010000000000000001 /* Sources */ = {
			isa = PBXSourcesBuildPhase;
			buildActionMask = 2147483647;
			files = (
				W10000010000000000000001 /* IoTPanelsWatchApp.swift in Sources */,
			);
			runOnlyForDeploymentPostprocessing = 0;
		};
		WB0000020000000000000002 /* Sources */ = {
			isa = PBXSourcesBuildPhase;
			buildActionMask = 2147483647;
			files = (
				W10000020000000000000002 /* IoTPanelsWatchWidget.swift in Sources */,
				W10000030000000000000003 /* Persistence.swift in Sources */,
				W10000040000000000000004 /* BackendType.swift in Sources */,
				UF0000040000000000000004 /* UnitFormatter.swift in Sources */,
				22D283362F7D5849008CFD8E /* DataExporter.swift in Sources */,
				W10000050000000000000005 /* DataSource+Wrapped.swift in Sources */,
				W10000060000000000000006 /* DataSourceService.swift in Sources */,
				W10000070000000000000007 /* InfluxDB2Service.swift in Sources */,
				22CA48502F7CDCEA00E2F2C9 /* InfluxDB1Service.swift in Sources */,
				W10000080000000000000008 /* TimeRange.swift in Sources */,
				W10000090000000000000009 /* SavedQuery+Wrapped.swift in Sources */,
				W1000010000000000000000A /* Dashboard+Wrapped.swift in Sources */,
				W1000011000000000000000B /* PanelCardView.swift in Sources */,
				W1000022000000000000001C /* ChartExplorerView.swift in Sources */,
				W1000023000000000000001D /* ChartExplorerState.swift in Sources */,
				W1000012000000000000000C /* IoTPanels.xcdatamodeld in Sources */,
				W1000013000000000000000D /* UnitType.swift in Sources */,
				W1000014000000000000000E /* DemoService.swift in Sources */,
				WDLD00040000000000000004 /* WidgetDataLoader.swift in Sources */,
				W1000015000000000000000F /* StyleConfig.swift in Sources */,
				W10000160000000000000010 /* WidgetDesign+Wrapped.swift in Sources */,
				W10000170000000000000011 /* ColorUtilities.swift in Sources */,
				W10000180000000000000012 /* MQTTModels.swift in Sources */,
				22279B412F7C5A5000BA02B0 /* InfluxDB3Service.swift in Sources */,
				PR0200030000000000000003 /* PrometheusService.swift in Sources */,
				W1000020000000000000001A /* BrokerFileType.swift in Sources */,
				W1000021000000000000001B /* BrokerImportExport.swift in Sources */,
				DT0000040000000000000004 /* DashboardTemplate.swift in Sources */,
			);
			runOnlyForDeploymentPostprocessing = 0;
		};
/* End PBXSourcesBuildPhase section */

/* Begin PBXTargetDependency section */
		22D283422F7E674E008CFD8E /* PBXTargetDependency */ = {
			isa = PBXTargetDependency;
			target = A40000010000000000000001 /* IoTPanels */;
			targetProxy = 22D283412F7E674E008CFD8E /* PBXContainerItemProxy */;
		};
		AB0000010000000000000001 /* PBXTargetDependency */ = {
			isa = PBXTargetDependency;
			target = A40000010000000000000001 /* IoTPanels */;
			targetProxy = A30000010000000000000001 /* PBXContainerItemProxy */;
		};
		DB0000010000000000000001 /* PBXTargetDependency */ = {
			isa = PBXTargetDependency;
			target = D40000010000000000000001 /* IoTPanelsWidgetExtension */;
			targetProxy = D30000010000000000000001 /* PBXContainerItemProxy */;
		};
		WC0000010000000000000001 /* PBXTargetDependency */ = {
			isa = PBXTargetDependency;
			target = W60000020000000000000002 /* IoTPanelsWatchWidgetExtension */;
			targetProxy = W50000010000000000000001 /* PBXContainerItemProxy */;
		};
/* End PBXTargetDependency section */

/* Begin XCBuildConfiguration section */
		22D283432F7E674E008CFD8E /* Debug */ = {
			isa = XCBuildConfiguration;
			buildSettings = {
				CODE_SIGN_STYLE = Automatic;
				CURRENT_PROJECT_VERSION = 1;
				DEVELOPMENT_TEAM = 643R6YSRER;
				GENERATE_INFOPLIST_FILE = YES;
				IPHONEOS_DEPLOYMENT_TARGET = 26.0;
				LOCALIZATION_PREFERS_STRING_CATALOGS = YES;
				MARKETING_VERSION = 1.0;
				PRODUCT_BUNDLE_IDENTIFIER = de.rnd.IoTPanelsUITests;
				PRODUCT_NAME = "$(TARGET_NAME)";
				STRING_CATALOG_GENERATE_SYMBOLS = NO;
				SWIFT_ACTIVE_COMPILATION_CONDITIONS = "DEBUG $(inherited)";
				SWIFT_APPROACHABLE_CONCURRENCY = YES;
				SWIFT_EMIT_LOC_STRINGS = NO;
				SWIFT_UPCOMING_FEATURE_MEMBER_IMPORT_VISIBILITY = YES;
				SWIFT_VERSION = 5.0;
				TARGETED_DEVICE_FAMILY = "1,2";
				TEST_TARGET_NAME = IoTPanels;
			};
			name = Debug;
		};
		22D283442F7E674E008CFD8E /* Release */ = {
			isa = XCBuildConfiguration;
			buildSettings = {
				CODE_SIGN_STYLE = Automatic;
				CURRENT_PROJECT_VERSION = 1;
				DEVELOPMENT_TEAM = 643R6YSRER;
				GENERATE_INFOPLIST_FILE = YES;
				IPHONEOS_DEPLOYMENT_TARGET = 26.0;
				LOCALIZATION_PREFERS_STRING_CATALOGS = YES;
				MARKETING_VERSION = 1.0;
				PRODUCT_BUNDLE_IDENTIFIER = de.rnd.IoTPanelsUITests;
				PRODUCT_NAME = "$(TARGET_NAME)";
				STRING_CATALOG_GENERATE_SYMBOLS = NO;
				SWIFT_APPROACHABLE_CONCURRENCY = YES;
				SWIFT_EMIT_LOC_STRINGS = NO;
				SWIFT_UPCOMING_FEATURE_MEMBER_IMPORT_VISIBILITY = YES;
				SWIFT_VERSION = 5.0;
				TARGETED_DEVICE_FAMILY = "1,2";
				TEST_TARGET_NAME = IoTPanels;
			};
			name = Release;
		};
		AC0000010000000000000001 /* Debug */ = {
			isa = XCBuildConfiguration;
			buildSettings = {
				ALWAYS_SEARCH_USER_PATHS = NO;
				ASSETCATALOG_COMPILER_GENERATE_SWIFT_ASSET_SYMBOL_EXTENSIONS = YES;
				CLANG_ANALYZER_LOCALIZABILITY_NONLOCALIZED = YES;
				CLANG_ANALYZER_NONNULL = YES;
				CLANG_ANALYZER_NUMBER_OBJECT_CONVERSION = YES_AGGRESSIVE;
				CLANG_CXX_LANGUAGE_STANDARD = "gnu++20";
				CLANG_ENABLE_MODULES = YES;
				CLANG_ENABLE_OBJC_ARC = YES;
				CLANG_ENABLE_OBJC_WEAK = YES;
				CLANG_WARN_BLOCK_CAPTURE_AUTORELEASING = YES;
				CLANG_WARN_BOOL_CONVERSION = YES;
				CLANG_WARN_COMMA = YES;
				CLANG_WARN_CONSTANT_CONVERSION = YES;
				CLANG_WARN_DEPRECATED_OBJC_IMPLEMENTATIONS = YES;
				CLANG_WARN_DIRECT_OBJC_ISA_USAGE = YES_ERROR;
				CLANG_WARN_DOCUMENTATION_COMMENTS = YES;
				CLANG_WARN_EMPTY_BODY = YES;
				CLANG_WARN_ENUM_CONVERSION = YES;
				CLANG_WARN_INFINITE_RECURSION = YES;
				CLANG_WARN_INT_CONVERSION = YES;
				CLANG_WARN_NON_LITERAL_NULL_CONVERSION = YES;
				CLANG_WARN_OBJC_IMPLICIT_RETAIN_SELF = YES;
				CLANG_WARN_OBJC_LITERAL_CONVERSION = YES;
				CLANG_WARN_OBJC_ROOT_CLASS = YES_ERROR;
				CLANG_WARN_QUOTED_INCLUDE_IN_FRAMEWORK_HEADER = YES;
				CLANG_WARN_RANGE_LOOP_ANALYSIS = YES;
				CLANG_WARN_STRICT_PROTOTYPES = YES;
				CLANG_WARN_SUSPICIOUS_MOVE = YES;
				CLANG_WARN_UNGUARDED_AVAILABILITY = YES_AGGRESSIVE;
				CLANG_WARN_UNREACHABLE_CODE = YES;
				CLANG_WARN__DUPLICATE_METHOD_MATCH = YES;
				COPY_PHASE_STRIP = NO;
				DEBUG_INFORMATION_FORMAT = dwarf;
				ENABLE_STRICT_OBJC_MSGSEND = YES;
				ENABLE_TESTABILITY = YES;
				ENABLE_USER_SCRIPT_SANDBOXING = YES;
				GCC_C_LANGUAGE_STANDARD = gnu17;
				GCC_DYNAMIC_NO_PIC = NO;
				GCC_NO_COMMON_BLOCKS = YES;
				GCC_OPTIMIZATION_LEVEL = 0;
				GCC_PREPROCESSOR_DEFINITIONS = (
					"DEBUG=1",
					"$(inherited)",
				);
				GCC_WARN_64_TO_32_BIT_CONVERSION = YES;
				GCC_WARN_ABOUT_RETURN_TYPE = YES_ERROR;
				GCC_WARN_UNDECLARED_SELECTOR = YES;
				GCC_WARN_UNINITIALIZED_AUTOS = YES_AGGRESSIVE;
				GCC_WARN_UNUSED_FUNCTION = YES;
				GCC_WARN_UNUSED_VARIABLE = YES;
				IPHONEOS_DEPLOYMENT_TARGET = 17.0;
				MTL_ENABLE_DEBUG_INFO = INCLUDE_SOURCE;
				MTL_FAST_MATH = YES;
				ONLY_ACTIVE_ARCH = YES;
				SDKROOT = iphoneos;
				STRING_CATALOG_GENERATE_SYMBOLS = YES;
				SWIFT_ACTIVE_COMPILATION_CONDITIONS = "$(inherited) DEBUG";
				SWIFT_OPTIMIZATION_LEVEL = "-Onone";
			};
			name = Debug;
		};
		AC0000020000000000000002 /* Release */ = {
			isa = XCBuildConfiguration;
			buildSettings = {
				ALWAYS_SEARCH_USER_PATHS = NO;
				ASSETCATALOG_COMPILER_GENERATE_SWIFT_ASSET_SYMBOL_EXTENSIONS = YES;
				CLANG_ANALYZER_LOCALIZABILITY_NONLOCALIZED = YES;
				CLANG_ANALYZER_NONNULL = YES;
				CLANG_ANALYZER_NUMBER_OBJECT_CONVERSION = YES_AGGRESSIVE;
				CLANG_CXX_LANGUAGE_STANDARD = "gnu++20";
				CLANG_ENABLE_MODULES = YES;
				CLANG_ENABLE_OBJC_ARC = YES;
				CLANG_ENABLE_OBJC_WEAK = YES;
				CLANG_WARN_BLOCK_CAPTURE_AUTORELEASING = YES;
				CLANG_WARN_BOOL_CONVERSION = YES;
				CLANG_WARN_COMMA = YES;
				CLANG_WARN_CONSTANT_CONVERSION = YES;
				CLANG_WARN_DEPRECATED_OBJC_IMPLEMENTATIONS = YES;
				CLANG_WARN_DIRECT_OBJC_ISA_USAGE = YES_ERROR;
				CLANG_WARN_DOCUMENTATION_COMMENTS = YES;
				CLANG_WARN_EMPTY_BODY = YES;
				CLANG_WARN_ENUM_CONVERSION = YES;
				CLANG_WARN_INFINITE_RECURSION = YES;
				CLANG_WARN_INT_CONVERSION = YES;
				CLANG_WARN_NON_LITERAL_NULL_CONVERSION = YES;
				CLANG_WARN_OBJC_IMPLICIT_RETAIN_SELF = YES;
				CLANG_WARN_OBJC_LITERAL_CONVERSION = YES;
				CLANG_WARN_OBJC_ROOT_CLASS = YES_ERROR;
				CLANG_WARN_QUOTED_INCLUDE_IN_FRAMEWORK_HEADER = YES;
				CLANG_WARN_RANGE_LOOP_ANALYSIS = YES;
				CLANG_WARN_STRICT_PROTOTYPES = YES;
				CLANG_WARN_SUSPICIOUS_MOVE = YES;
				CLANG_WARN_UNGUARDED_AVAILABILITY = YES_AGGRESSIVE;
				CLANG_WARN_UNREACHABLE_CODE = YES;
				CLANG_WARN__DUPLICATE_METHOD_MATCH = YES;
				COPY_PHASE_STRIP = NO;
				DEBUG_INFORMATION_FORMAT = "dwarf-with-dsym";
				ENABLE_NS_ASSERTIONS = NO;
				ENABLE_STRICT_OBJC_MSGSEND = YES;
				ENABLE_USER_SCRIPT_SANDBOXING = YES;
				GCC_C_LANGUAGE_STANDARD = gnu17;
				GCC_NO_COMMON_BLOCKS = YES;
				GCC_WARN_64_TO_32_BIT_CONVERSION = YES;
				GCC_WARN_ABOUT_RETURN_TYPE = YES_ERROR;
				GCC_WARN_UNDECLARED_SELECTOR = YES;
				GCC_WARN_UNINITIALIZED_AUTOS = YES_AGGRESSIVE;
				GCC_WARN_UNUSED_FUNCTION = YES;
				GCC_WARN_UNUSED_VARIABLE = YES;
				IPHONEOS_DEPLOYMENT_TARGET = 17.0;
				MTL_ENABLE_DEBUG_INFO = NO;
				MTL_FAST_MATH = YES;
				SDKROOT = iphoneos;
				STRING_CATALOG_GENERATE_SYMBOLS = YES;
				SWIFT_COMPILATION_MODE = wholemodule;
				VALIDATE_PRODUCT = YES;
			};
			name = Release;
		};
		AC0000030000000000000003 /* Debug */ = {
			isa = XCBuildConfiguration;
			buildSettings = {
				ASSETCATALOG_COMPILER_APPICON_NAME = AppIcon;
				ASSETCATALOG_COMPILER_GLOBAL_ACCENT_COLOR_NAME = AccentColor;
				CODE_SIGN_ENTITLEMENTS = IoTPanels/IoTPanels.entitlements;
				CODE_SIGN_STYLE = Automatic;
				CURRENT_PROJECT_VERSION = 1;
				DEVELOPMENT_ASSET_PATHS = "\"IoTPanels/Preview Content\"";
				DEVELOPMENT_TEAM = 643R6YSRER;
				ENABLE_PREVIEWS = YES;
				GENERATE_INFOPLIST_FILE = YES;
				INFOPLIST_FILE = IoTPanels/Info.plist;
				INFOPLIST_KEY_LSApplicationCategoryType = "public.app-category.productivity";
				INFOPLIST_KEY_UIApplicationSceneManifest_Generation = YES;
				INFOPLIST_KEY_UIApplicationSupportsIndirectInputEvents = YES;
				INFOPLIST_KEY_UILaunchScreen_Generation = YES;
				INFOPLIST_KEY_UISupportedInterfaceOrientations_iPad = "UIInterfaceOrientationPortrait UIInterfaceOrientationPortraitUpsideDown UIInterfaceOrientationLandscapeLeft UIInterfaceOrientationLandscapeRight";
				INFOPLIST_KEY_UISupportedInterfaceOrientations_iPhone = "UIInterfaceOrientationPortrait UIInterfaceOrientationLandscapeLeft UIInterfaceOrientationLandscapeRight";
				IPHONEOS_DEPLOYMENT_TARGET = 26.0;
				LD_RUNPATH_SEARCH_PATHS = (
					"$(inherited)",
					"@executable_path/Frameworks",
				);
				MARKETING_VERSION = 1.0;
				PRODUCT_BUNDLE_IDENTIFIER = de.rnd7.iotpanels;
				PRODUCT_NAME = "$(TARGET_NAME)";
				SUPPORTED_PLATFORMS = "iphoneos iphonesimulator";
				SUPPORTS_MACCATALYST = NO;
				SWIFT_EMIT_LOC_STRINGS = YES;
				SWIFT_VERSION = 5.0;
				TARGETED_DEVICE_FAMILY = "1,2";
			};
			name = Debug;
		};
		AC0000040000000000000004 /* Release */ = {
			isa = XCBuildConfiguration;
			buildSettings = {
				ASSETCATALOG_COMPILER_APPICON_NAME = AppIcon;
				ASSETCATALOG_COMPILER_GLOBAL_ACCENT_COLOR_NAME = AccentColor;
				CODE_SIGN_ENTITLEMENTS = IoTPanels/IoTPanels.entitlements;
				CODE_SIGN_STYLE = Automatic;
				CURRENT_PROJECT_VERSION = 1;
				DEVELOPMENT_ASSET_PATHS = "\"IoTPanels/Preview Content\"";
				DEVELOPMENT_TEAM = 643R6YSRER;
				ENABLE_PREVIEWS = YES;
				GENERATE_INFOPLIST_FILE = YES;
				INFOPLIST_FILE = IoTPanels/Info.plist;
				INFOPLIST_KEY_LSApplicationCategoryType = "public.app-category.productivity";
				INFOPLIST_KEY_UIApplicationSceneManifest_Generation = YES;
				INFOPLIST_KEY_UIApplicationSupportsIndirectInputEvents = YES;
				INFOPLIST_KEY_UILaunchScreen_Generation = YES;
				INFOPLIST_KEY_UISupportedInterfaceOrientations_iPad = "UIInterfaceOrientationPortrait UIInterfaceOrientationPortraitUpsideDown UIInterfaceOrientationLandscapeLeft UIInterfaceOrientationLandscapeRight";
				INFOPLIST_KEY_UISupportedInterfaceOrientations_iPhone = "UIInterfaceOrientationPortrait UIInterfaceOrientationLandscapeLeft UIInterfaceOrientationLandscapeRight";
				IPHONEOS_DEPLOYMENT_TARGET = 26.0;
				LD_RUNPATH_SEARCH_PATHS = (
					"$(inherited)",
					"@executable_path/Frameworks",
				);
				MARKETING_VERSION = 1.0;
				PRODUCT_BUNDLE_IDENTIFIER = de.rnd7.iotpanels;
				PRODUCT_NAME = "$(TARGET_NAME)";
				SUPPORTED_PLATFORMS = "iphoneos iphonesimulator";
				SUPPORTS_MACCATALYST = NO;
				SWIFT_EMIT_LOC_STRINGS = YES;
				SWIFT_VERSION = 5.0;
				TARGETED_DEVICE_FAMILY = "1,2";
			};
			name = Release;
		};
		AC0000050000000000000005 /* Debug */ = {
			isa = XCBuildConfiguration;
			buildSettings = {
				BUNDLE_LOADER = "$(TEST_HOST)";
				CODE_SIGN_STYLE = Automatic;
				CURRENT_PROJECT_VERSION = 1;
				DEVELOPMENT_TEAM = 643R6YSRER;
				GENERATE_INFOPLIST_FILE = YES;
				IPHONEOS_DEPLOYMENT_TARGET = 26.0;
				MARKETING_VERSION = 1.0;
				PRODUCT_BUNDLE_IDENTIFIER = de.rnd7.iotpanels.tests;
				PRODUCT_NAME = "$(TARGET_NAME)";
				SWIFT_EMIT_LOC_STRINGS = NO;
				SWIFT_VERSION = 5.0;
				TARGETED_DEVICE_FAMILY = "1,2";
				TEST_HOST = "$(BUILT_PRODUCTS_DIR)/IoTPanels.app/$(BUNDLE_EXECUTABLE_FOLDER_PATH)/IoTPanels";
			};
			name = Debug;
		};
		AC0000060000000000000006 /* Release */ = {
			isa = XCBuildConfiguration;
			buildSettings = {
				BUNDLE_LOADER = "$(TEST_HOST)";
				CODE_SIGN_STYLE = Automatic;
				CURRENT_PROJECT_VERSION = 1;
				DEVELOPMENT_TEAM = 643R6YSRER;
				GENERATE_INFOPLIST_FILE = YES;
				IPHONEOS_DEPLOYMENT_TARGET = 26.0;
				MARKETING_VERSION = 1.0;
				PRODUCT_BUNDLE_IDENTIFIER = de.rnd7.iotpanels.tests;
				PRODUCT_NAME = "$(TARGET_NAME)";
				SWIFT_EMIT_LOC_STRINGS = NO;
				SWIFT_VERSION = 5.0;
				TARGETED_DEVICE_FAMILY = "1,2";
				TEST_HOST = "$(BUILT_PRODUCTS_DIR)/IoTPanels.app/$(BUNDLE_EXECUTABLE_FOLDER_PATH)/IoTPanels";
			};
			name = Release;
		};
		DC0000010000000000000001 /* Debug */ = {
			isa = XCBuildConfiguration;
			buildSettings = {
				CODE_SIGN_ENTITLEMENTS = IoTPanelsWidget/IoTPanelsWidget.entitlements;
				CODE_SIGN_STYLE = Automatic;
				CURRENT_PROJECT_VERSION = 1;
				DEVELOPMENT_TEAM = 643R6YSRER;
				GENERATE_INFOPLIST_FILE = YES;
				INFOPLIST_FILE = IoTPanelsWidget/Info.plist;
				INFOPLIST_KEY_CFBundleDisplayName = "IoT Panels Widget";
				INFOPLIST_KEY_NSHumanReadableCopyright = "";
				IPHONEOS_DEPLOYMENT_TARGET = 26.0;
				LD_RUNPATH_SEARCH_PATHS = (
					"$(inherited)",
					"@executable_path/Frameworks",
					"@executable_path/../../Frameworks",
				);
				MARKETING_VERSION = 1.0;
				PRODUCT_BUNDLE_IDENTIFIER = de.rnd7.iotpanels.widget;
				PRODUCT_NAME = "$(TARGET_NAME)";
				SKIP_INSTALL = YES;
				SWIFT_EMIT_LOC_STRINGS = YES;
				SWIFT_VERSION = 5.0;
				TARGETED_DEVICE_FAMILY = "1,2";
			};
			name = Debug;
		};
		DC0000020000000000000002 /* Release */ = {
			isa = XCBuildConfiguration;
			buildSettings = {
				CODE_SIGN_ENTITLEMENTS = IoTPanelsWidget/IoTPanelsWidget.entitlements;
				CODE_SIGN_STYLE = Automatic;
				CURRENT_PROJECT_VERSION = 1;
				DEVELOPMENT_TEAM = 643R6YSRER;
				GENERATE_INFOPLIST_FILE = YES;
				INFOPLIST_FILE = IoTPanelsWidget/Info.plist;
				INFOPLIST_KEY_CFBundleDisplayName = "IoT Panels Widget";
				INFOPLIST_KEY_NSHumanReadableCopyright = "";
				IPHONEOS_DEPLOYMENT_TARGET = 26.0;
				LD_RUNPATH_SEARCH_PATHS = (
					"$(inherited)",
					"@executable_path/Frameworks",
					"@executable_path/../../Frameworks",
				);
				MARKETING_VERSION = 1.0;
				PRODUCT_BUNDLE_IDENTIFIER = de.rnd7.iotpanels.widget;
				PRODUCT_NAME = "$(TARGET_NAME)";
				SKIP_INSTALL = YES;
				SWIFT_EMIT_LOC_STRINGS = YES;
				SWIFT_VERSION = 5.0;
				TARGETED_DEVICE_FAMILY = "1,2";
			};
			name = Release;
		};
		WD0000010000000000000001 /* Debug */ = {
			isa = XCBuildConfiguration;
			buildSettings = {
				ASSETCATALOG_COMPILER_APPICON_NAME = AppIcon;
				ASSETCATALOG_COMPILER_GLOBAL_ACCENT_COLOR_NAME = AccentColor;
				CODE_SIGN_ENTITLEMENTS = IoTPanelsWatch/IoTPanelsWatch.entitlements;
				CODE_SIGN_STYLE = Automatic;
				CURRENT_PROJECT_VERSION = 1;
				DEVELOPMENT_TEAM = 643R6YSRER;
				GENERATE_INFOPLIST_FILE = YES;
				INFOPLIST_KEY_CFBundleDisplayName = "IoT Panels";
				INFOPLIST_KEY_UISupportedInterfaceOrientations = "UIInterfaceOrientationPortrait UIInterfaceOrientationPortraitUpsideDown";
				INFOPLIST_KEY_WKCompanionAppBundleIdentifier = de.rnd7.iotpanels;
				LD_RUNPATH_SEARCH_PATHS = (
					"$(inherited)",
					"@executable_path/Frameworks",
				);
				MARKETING_VERSION = 1.0;
				PRODUCT_BUNDLE_IDENTIFIER = de.rnd7.iotpanels.watchkitapp;
				PRODUCT_NAME = "$(TARGET_NAME)";
				SDKROOT = watchos;
				SKIP_INSTALL = YES;
				SWIFT_EMIT_LOC_STRINGS = YES;
				SWIFT_VERSION = 5.0;
				TARGETED_DEVICE_FAMILY = 4;
				WATCHOS_DEPLOYMENT_TARGET = 11.0;
			};
			name = Debug;
		};
		WD0000020000000000000002 /* Release */ = {
			isa = XCBuildConfiguration;
			buildSettings = {
				ASSETCATALOG_COMPILER_APPICON_NAME = AppIcon;
				ASSETCATALOG_COMPILER_GLOBAL_ACCENT_COLOR_NAME = AccentColor;
				CODE_SIGN_ENTITLEMENTS = IoTPanelsWatch/IoTPanelsWatch.entitlements;
				CODE_SIGN_STYLE = Automatic;
				CURRENT_PROJECT_VERSION = 1;
				DEVELOPMENT_TEAM = 643R6YSRER;
				GENERATE_INFOPLIST_FILE = YES;
				INFOPLIST_KEY_CFBundleDisplayName = "IoT Panels";
				INFOPLIST_KEY_UISupportedInterfaceOrientations = "UIInterfaceOrientationPortrait UIInterfaceOrientationPortraitUpsideDown";
				INFOPLIST_KEY_WKCompanionAppBundleIdentifier = de.rnd7.iotpanels;
				LD_RUNPATH_SEARCH_PATHS = (
					"$(inherited)",
					"@executable_path/Frameworks",
				);
				MARKETING_VERSION = 1.0;
				PRODUCT_BUNDLE_IDENTIFIER = de.rnd7.iotpanels.watchkitapp;
				PRODUCT_NAME = "$(TARGET_NAME)";
				SDKROOT = watchos;
				SKIP_INSTALL = YES;
				SWIFT_EMIT_LOC_STRINGS = YES;
				SWIFT_VERSION = 5.0;
				TARGETED_DEVICE_FAMILY = 4;
				WATCHOS_DEPLOYMENT_TARGET = 11.0;
			};
			name = Release;
		};
		WD0000030000000000000003 /* Debug */ = {
			isa = XCBuildConfiguration;
			buildSettings = {
				CODE_SIGN_ENTITLEMENTS = IoTPanelsWatchWidget/IoTPanelsWatchWidget.entitlements;
				CODE_SIGN_STYLE = Automatic;
				CURRENT_PROJECT_VERSION = 1;
				DEVELOPMENT_TEAM = 643R6YSRER;
				GENERATE_INFOPLIST_FILE = YES;
				INFOPLIST_KEY_CFBundleDisplayName = "IoT Panels Widget";
				INFOPLIST_KEY_NSHumanReadableCopyright = "";
				LD_RUNPATH_SEARCH_PATHS = (
					"$(inherited)",
					"@executable_path/Frameworks",
					"@executable_path/../../Frameworks",
				);
				MARKETING_VERSION = 1.0;
				PRODUCT_BUNDLE_IDENTIFIER = de.rnd7.iotpanels.watchkitapp.widget;
				PRODUCT_NAME = "$(TARGET_NAME)";
				SDKROOT = watchos;
				SKIP_INSTALL = YES;
				SWIFT_EMIT_LOC_STRINGS = YES;
				SWIFT_VERSION = 5.0;
				TARGETED_DEVICE_FAMILY = 4;
				WATCHOS_DEPLOYMENT_TARGET = 11.0;
			};
			name = Debug;
		};
		WD0000040000000000000004 /* Release */ = {
			isa = XCBuildConfiguration;
			buildSettings = {
				CODE_SIGN_ENTITLEMENTS = IoTPanelsWatchWidget/IoTPanelsWatchWidget.entitlements;
				CODE_SIGN_STYLE = Automatic;
				CURRENT_PROJECT_VERSION = 1;
				DEVELOPMENT_TEAM = 643R6YSRER;
				GENERATE_INFOPLIST_FILE = YES;
				INFOPLIST_KEY_CFBundleDisplayName = "IoT Panels Widget";
				INFOPLIST_KEY_NSHumanReadableCopyright = "";
				LD_RUNPATH_SEARCH_PATHS = (
					"$(inherited)",
					"@executable_path/Frameworks",
					"@executable_path/../../Frameworks",
				);
				MARKETING_VERSION = 1.0;
				PRODUCT_BUNDLE_IDENTIFIER = de.rnd7.iotpanels.watchkitapp.widget;
				PRODUCT_NAME = "$(TARGET_NAME)";
				SDKROOT = watchos;
				SKIP_INSTALL = YES;
				SWIFT_EMIT_LOC_STRINGS = YES;
				SWIFT_VERSION = 5.0;
				TARGETED_DEVICE_FAMILY = 4;
				WATCHOS_DEPLOYMENT_TARGET = 11.0;
			};
			name = Release;
		};
/* End XCBuildConfiguration section */

/* Begin XCConfigurationList section */
		22D283452F7E674E008CFD8E /* Build configuration list for PBXNativeTarget "IoTPanelsUITests" */ = {
			isa = XCConfigurationList;
			buildConfigurations = (
				22D283432F7E674E008CFD8E /* Debug */,
				22D283442F7E674E008CFD8E /* Release */,
			);
			defaultConfigurationIsVisible = 0;
			defaultConfigurationName = Release;
		};
		A80000010000000000000001 /* Build configuration list for PBXProject "IoTPanels" */ = {
			isa = XCConfigurationList;
			buildConfigurations = (
				AC0000010000000000000001 /* Debug */,
				AC0000020000000000000002 /* Release */,
			);
			defaultConfigurationIsVisible = 0;
			defaultConfigurationName = Release;
		};
		A80000030000000000000003 /* Build configuration list for PBXNativeTarget "IoTPanels" */ = {
			isa = XCConfigurationList;
			buildConfigurations = (
				AC0000030000000000000003 /* Debug */,
				AC0000040000000000000004 /* Release */,
			);
			defaultConfigurationIsVisible = 0;
			defaultConfigurationName = Release;
		};
		A80000060000000000000006 /* Build configuration list for PBXNativeTarget "IoTPanelsTests" */ = {
			isa = XCConfigurationList;
			buildConfigurations = (
				AC0000050000000000000005 /* Debug */,
				AC0000060000000000000006 /* Release */,
			);
			defaultConfigurationIsVisible = 0;
			defaultConfigurationName = Release;
		};
		D80000010000000000000001 /* Build configuration list for PBXNativeTarget "IoTPanelsWidgetExtension" */ = {
			isa = XCConfigurationList;
			buildConfigurations = (
				DC0000010000000000000001 /* Debug */,
				DC0000020000000000000002 /* Release */,
			);
			defaultConfigurationIsVisible = 0;
			defaultConfigurationName = Release;
		};
		W90000010000000000000001 /* Build configuration list for PBXNativeTarget "IoTPanelsWatch" */ = {
			isa = XCConfigurationList;
			buildConfigurations = (
				WD0000010000000000000001 /* Debug */,
				WD0000020000000000000002 /* Release */,
			);
			defaultConfigurationIsVisible = 0;
			defaultConfigurationName = Release;
		};
		W90000020000000000000002 /* Build configuration list for PBXNativeTarget "IoTPanelsWatchWidgetExtension" */ = {
			isa = XCConfigurationList;
			buildConfigurations = (
				WD0000030000000000000003 /* Debug */,
				WD0000040000000000000004 /* Release */,
			);
			defaultConfigurationIsVisible = 0;
			defaultConfigurationName = Release;
		};
/* End XCConfigurationList section */

/* Begin XCRemoteSwiftPackageReference section */
		M30000010000000000000001 /* XCRemoteSwiftPackageReference "CocoaMQTT" */ = {
			isa = XCRemoteSwiftPackageReference;
			repositoryURL = "https://github.com/philipparndt/CocoaMQTT.git";
			requirement = {
				kind = revision;
				revision = 38f197a7545bc923d0b01df6ca684e96350e616a;
			};
		};
/* End XCRemoteSwiftPackageReference section */

/* Begin XCSwiftPackageProductDependency section */
		M40000010000000000000001 /* CocoaMQTT */ = {
			isa = XCSwiftPackageProductDependency;
			package = M30000010000000000000001 /* XCRemoteSwiftPackageReference "CocoaMQTT" */;
			productName = CocoaMQTT;
		};
		M40000020000000000000002 /* CocoaMQTTWebSocket */ = {
			isa = XCSwiftPackageProductDependency;
			package = M30000010000000000000001 /* XCRemoteSwiftPackageReference "CocoaMQTT" */;
			productName = CocoaMQTTWebSocket;
		};
		M40000030000000000000003 /* CocoaMQTT */ = {
			isa = XCSwiftPackageProductDependency;
			package = M30000010000000000000001 /* XCRemoteSwiftPackageReference "CocoaMQTT" */;
			productName = CocoaMQTT;
		};
		M40000040000000000000004 /* CocoaMQTTWebSocket */ = {
			isa = XCSwiftPackageProductDependency;
			package = M30000010000000000000001 /* XCRemoteSwiftPackageReference "CocoaMQTT" */;
			productName = CocoaMQTTWebSocket;
		};
/* End XCSwiftPackageProductDependency section */

/* Begin XCVersionGroup section */
		A2000012000000000000000C /* IoTPanels.xcdatamodeld */ = {
			isa = XCVersionGroup;
			children = (
				AD0000010000000000000001 /* IoTPanels.xcdatamodel */,
			);
			currentVersion = AD0000010000000000000001 /* IoTPanels.xcdatamodel */;
			path = IoTPanels.xcdatamodeld;
			sourceTree = "<group>";
			versionGroupType = wrapper.xcdatamodel;
		};
/* End XCVersionGroup section */
	};
	rootObject = A50000010000000000000001 /* Project object */;
}
