// !$*UTF8*$!
{
	archiveVersion = 1;
	classes = {
	};
	objectVersion = 56;
	objects = {

/* Begin PBXBuildFile section */
		A10000010000000000000001 /* IoTPanelsApp.swift in Sources */ = {isa = PBXBuildFile; fileRef = A20000010000000000000001 /* IoTPanelsApp.swift */; };
		A10000020000000000000002 /* Persistence.swift in Sources */ = {isa = PBXBuildFile; fileRef = A20000020000000000000002 /* Persistence.swift */; };
		A10000030000000000000003 /* BackendType.swift in Sources */ = {isa = PBXBuildFile; fileRef = A20000030000000000000003 /* BackendType.swift */; };
		A10000040000000000000004 /* DataSource+Wrapped.swift in Sources */ = {isa = PBXBuildFile; fileRef = A20000040000000000000004 /* DataSource+Wrapped.swift */; };
		A10000050000000000000005 /* DataSourceService.swift in Sources */ = {isa = PBXBuildFile; fileRef = A20000050000000000000005 /* DataSourceService.swift */; };
		A10000060000000000000006 /* InfluxDB2Service.swift in Sources */ = {isa = PBXBuildFile; fileRef = A20000060000000000000006 /* InfluxDB2Service.swift */; };
		A10000070000000000000007 /* ContentView.swift in Sources */ = {isa = PBXBuildFile; fileRef = A20000070000000000000007 /* ContentView.swift */; };
		A10000080000000000000008 /* DataSourceListView.swift in Sources */ = {isa = PBXBuildFile; fileRef = A20000080000000000000008 /* DataSourceListView.swift */; };
		A10000090000000000000009 /* DataSourceDetailView.swift in Sources */ = {isa = PBXBuildFile; fileRef = A20000090000000000000009 /* DataSourceDetailView.swift */; };
		A100000A0000000000000010 /* InfluxDB2SetupView.swift in Sources */ = {isa = PBXBuildFile; fileRef = A200000A0000000000000010 /* InfluxDB2SetupView.swift */; };
		A1000010000000000000000A /* Assets.xcassets in Resources */ = {isa = PBXBuildFile; fileRef = A2000010000000000000000A /* Assets.xcassets */; };
		A1000011000000000000000B /* Preview Assets.xcassets in Resources */ = {isa = PBXBuildFile; fileRef = A2000011000000000000000B /* Preview Assets.xcassets */; };
		A1000012000000000000000C /* IoTPanels.xcdatamodeld in Sources */ = {isa = PBXBuildFile; fileRef = A2000012000000000000000C /* IoTPanels.xcdatamodeld */; };
		A1000013000000000000000D /* IoTPanelsTests.swift in Sources */ = {isa = PBXBuildFile; fileRef = A2000013000000000000000D /* IoTPanelsTests.swift */; };
		B10000010000000000000001 /* TimeRange.swift in Sources */ = {isa = PBXBuildFile; fileRef = B20000010000000000000001 /* TimeRange.swift */; };
		B10000020000000000000002 /* SavedQuery+Wrapped.swift in Sources */ = {isa = PBXBuildFile; fileRef = B20000020000000000000002 /* SavedQuery+Wrapped.swift */; };
		B10000030000000000000003 /* QueryBuilderView.swift in Sources */ = {isa = PBXBuildFile; fileRef = B20000030000000000000003 /* QueryBuilderView.swift */; };
		B10000040000000000000004 /* QueryResultTableView.swift in Sources */ = {isa = PBXBuildFile; fileRef = B20000040000000000000004 /* QueryResultTableView.swift */; };
		B10000050000000000000005 /* SavedQueryListView.swift in Sources */ = {isa = PBXBuildFile; fileRef = B20000050000000000000005 /* SavedQueryListView.swift */; };
		B10000060000000000000006 /* SavedQueryDetailView.swift in Sources */ = {isa = PBXBuildFile; fileRef = B20000060000000000000006 /* SavedQueryDetailView.swift */; };
		C10000010000000000000001 /* Dashboard+Wrapped.swift in Sources */ = {isa = PBXBuildFile; fileRef = C20000010000000000000001 /* Dashboard+Wrapped.swift */; };
		C10000020000000000000002 /* DashboardListView.swift in Sources */ = {isa = PBXBuildFile; fileRef = C20000020000000000000002 /* DashboardListView.swift */; };
		C10000030000000000000003 /* DashboardView.swift in Sources */ = {isa = PBXBuildFile; fileRef = C20000030000000000000003 /* DashboardView.swift */; };
		C10000040000000000000004 /* AddPanelView.swift in Sources */ = {isa = PBXBuildFile; fileRef = C20000040000000000000004 /* AddPanelView.swift */; };
		C10000050000000000000005 /* PanelCardView.swift in Sources */ = {isa = PBXBuildFile; fileRef = C20000050000000000000005 /* PanelCardView.swift */; };
		F100003100000000000000B1 /* NavigationState.swift in Sources */ = {isa = PBXBuildFile; fileRef = F200003100000000000000B1 /* NavigationState.swift */; };
		F100004100000000000000C1 /* FluxSyntaxView.swift in Sources */ = {isa = PBXBuildFile; fileRef = F200004100000000000000C1 /* FluxSyntaxView.swift */; };
		F100005100000000000000D1 /* DemoService.swift in Sources */ = {isa = PBXBuildFile; fileRef = F200005100000000000000D1 /* DemoService.swift */; };
		F100005200000000000000D2 /* DemoService.swift in Sources */ = {isa = PBXBuildFile; fileRef = F200005100000000000000D1 /* DemoService.swift */; };
		D10000010000000000000001 /* IoTPanelsWidget.swift in Sources */ = {isa = PBXBuildFile; fileRef = D20000010000000000000001 /* IoTPanelsWidget.swift */; };
		D10000020000000000000002 /* Persistence.swift in Sources */ = {isa = PBXBuildFile; fileRef = A20000020000000000000002 /* Persistence.swift */; };
		D10000030000000000000003 /* BackendType.swift in Sources */ = {isa = PBXBuildFile; fileRef = A20000030000000000000003 /* BackendType.swift */; };
		D10000040000000000000004 /* DataSource+Wrapped.swift in Sources */ = {isa = PBXBuildFile; fileRef = A20000040000000000000004 /* DataSource+Wrapped.swift */; };
		D10000050000000000000005 /* DataSourceService.swift in Sources */ = {isa = PBXBuildFile; fileRef = A20000050000000000000005 /* DataSourceService.swift */; };
		D10000060000000000000006 /* InfluxDB2Service.swift in Sources */ = {isa = PBXBuildFile; fileRef = A20000060000000000000006 /* InfluxDB2Service.swift */; };
		D10000070000000000000007 /* TimeRange.swift in Sources */ = {isa = PBXBuildFile; fileRef = B20000010000000000000001 /* TimeRange.swift */; };
		D10000080000000000000008 /* SavedQuery+Wrapped.swift in Sources */ = {isa = PBXBuildFile; fileRef = B20000020000000000000002 /* SavedQuery+Wrapped.swift */; };
		D10000090000000000000009 /* Dashboard+Wrapped.swift in Sources */ = {isa = PBXBuildFile; fileRef = C20000010000000000000001 /* Dashboard+Wrapped.swift */; };
		D1000010000000000000000A /* IoTPanels.xcdatamodeld in Sources */ = {isa = PBXBuildFile; fileRef = A2000012000000000000000C /* IoTPanels.xcdatamodeld */; };
		D1000011000000000000000B /* IoTPanelsWidgetExtension.appex in Embed Foundation Extensions */ = {isa = PBXBuildFile; fileRef = D2000002000000000000000C /* IoTPanelsWidgetExtension.appex */; settings = {ATTRIBUTES = (RemoveHeadersOnCopy, ); }; };
		D100001200000000000000FF /* PanelCardView.swift in Sources */ = {isa = PBXBuildFile; fileRef = C20000050000000000000005 /* PanelCardView.swift */; };
		E10000010000000000000001 /* WidgetHelper.swift in Sources */ = {isa = PBXBuildFile; fileRef = E20000010000000000000001 /* WidgetHelper.swift */; };
		F10000010000000000000001 /* WidgetDesign+Wrapped.swift in Sources */ = {isa = PBXBuildFile; fileRef = F20000010000000000000001 /* WidgetDesign+Wrapped.swift */; };
		F10000020000000000000002 /* ColorUtilities.swift in Sources */ = {isa = PBXBuildFile; fileRef = F20000020000000000000002 /* ColorUtilities.swift */; };
		F10000030000000000000003 /* WidgetDesignListView.swift in Sources */ = {isa = PBXBuildFile; fileRef = F20000030000000000000003 /* WidgetDesignListView.swift */; };
		F10000040000000000000004 /* WidgetDesignEditorView.swift in Sources */ = {isa = PBXBuildFile; fileRef = F20000040000000000000004 /* WidgetDesignEditorView.swift */; };
		F10000050000000000000005 /* WidgetDesignPreviewView.swift in Sources */ = {isa = PBXBuildFile; fileRef = F20000050000000000000005 /* WidgetDesignPreviewView.swift */; };
		F10000060000000000000006 /* AddWidgetItemView.swift in Sources */ = {isa = PBXBuildFile; fileRef = F20000060000000000000006 /* AddWidgetItemView.swift */; };
		F10000070000000000000007 /* WidgetItemConfigView.swift in Sources */ = {isa = PBXBuildFile; fileRef = F20000070000000000000007 /* WidgetItemConfigView.swift */; };
		F10000080000000000000008 /* WidgetDesign+Wrapped.swift in Sources */ = {isa = PBXBuildFile; fileRef = F20000010000000000000001 /* WidgetDesign+Wrapped.swift */; };
		F10000090000000000000009 /* ColorUtilities.swift in Sources */ = {isa = PBXBuildFile; fileRef = F20000020000000000000002 /* ColorUtilities.swift */; };
		F1000010000000000000000A /* WidgetDesignPreviewView.swift in Sources */ = {isa = PBXBuildFile; fileRef = F20000050000000000000005 /* WidgetDesignPreviewView.swift */; };
		F100002100000000000000A1 /* StyleConfig.swift in Sources */ = {isa = PBXBuildFile; fileRef = F200002100000000000000A1 /* StyleConfig.swift */; };
		F100002200000000000000A2 /* StyleConfig.swift in Sources */ = {isa = PBXBuildFile; fileRef = F200002100000000000000A1 /* StyleConfig.swift */; };
		F100001100000000000000F1 /* UnitType.swift in Sources */ = {isa = PBXBuildFile; fileRef = F200001100000000000000F1 /* UnitType.swift */; };
		F100001200000000000000F2 /* UnitType.swift in Sources */ = {isa = PBXBuildFile; fileRef = F200001100000000000000F1 /* UnitType.swift */; };
/* End PBXBuildFile section */

/* Begin PBXContainerItemProxy section */
		A30000010000000000000001 /* PBXContainerItemProxy */ = {
			isa = PBXContainerItemProxy;
			containerPortal = A50000010000000000000001 /* Project object */;
			proxyType = 1;
			remoteGlobalIDString = A40000010000000000000001;
			remoteInfo = IoTPanels;
		};
		D30000010000000000000001 /* PBXContainerItemProxy */ = {
			isa = PBXContainerItemProxy;
			containerPortal = A50000010000000000000001 /* Project object */;
			proxyType = 1;
			remoteGlobalIDString = D40000010000000000000001;
			remoteInfo = IoTPanelsWidgetExtension;
		};
/* End PBXContainerItemProxy section */

/* Begin PBXCopyFilesBuildPhase section */
		DA0000010000000000000001 /* Embed Foundation Extensions */ = {
			isa = PBXCopyFilesBuildPhase;
			buildActionMask = 2147483647;
			dstPath = "";
			dstSubfolderSpec = 13;
			files = (
				D1000011000000000000000B /* IoTPanelsWidgetExtension.appex in Embed Foundation Extensions */,
			);
			name = "Embed Foundation Extensions";
			runOnlyForDeploymentPostprocessing = 0;
		};
/* End PBXCopyFilesBuildPhase section */

/* Begin PBXFileReference section */
		A20000010000000000000001 /* IoTPanelsApp.swift */ = {isa = PBXFileReference; lastKnownFileType = sourcecode.swift; path = IoTPanelsApp.swift; sourceTree = "<group>"; };
		A20000020000000000000002 /* Persistence.swift */ = {isa = PBXFileReference; lastKnownFileType = sourcecode.swift; path = Persistence.swift; sourceTree = "<group>"; };
		A20000030000000000000003 /* BackendType.swift */ = {isa = PBXFileReference; lastKnownFileType = sourcecode.swift; path = BackendType.swift; sourceTree = "<group>"; };
		A20000040000000000000004 /* DataSource+Wrapped.swift */ = {isa = PBXFileReference; lastKnownFileType = sourcecode.swift; path = "DataSource+Wrapped.swift"; sourceTree = "<group>"; };
		A20000050000000000000005 /* DataSourceService.swift */ = {isa = PBXFileReference; lastKnownFileType = sourcecode.swift; path = DataSourceService.swift; sourceTree = "<group>"; };
		A20000060000000000000006 /* InfluxDB2Service.swift */ = {isa = PBXFileReference; lastKnownFileType = sourcecode.swift; path = InfluxDB2Service.swift; sourceTree = "<group>"; };
		A20000070000000000000007 /* ContentView.swift */ = {isa = PBXFileReference; lastKnownFileType = sourcecode.swift; path = ContentView.swift; sourceTree = "<group>"; };
		A20000080000000000000008 /* DataSourceListView.swift */ = {isa = PBXFileReference; lastKnownFileType = sourcecode.swift; path = DataSourceListView.swift; sourceTree = "<group>"; };
		A20000090000000000000009 /* DataSourceDetailView.swift */ = {isa = PBXFileReference; lastKnownFileType = sourcecode.swift; path = DataSourceDetailView.swift; sourceTree = "<group>"; };
		A200000A0000000000000010 /* InfluxDB2SetupView.swift */ = {isa = PBXFileReference; lastKnownFileType = sourcecode.swift; path = InfluxDB2SetupView.swift; sourceTree = "<group>"; };
		A2000010000000000000000A /* Assets.xcassets */ = {isa = PBXFileReference; lastKnownFileType = folder.assetcatalog; path = Assets.xcassets; sourceTree = "<group>"; };
		A2000011000000000000000B /* Preview Assets.xcassets */ = {isa = PBXFileReference; lastKnownFileType = folder.assetcatalog; path = "Preview Assets.xcassets"; sourceTree = "<group>"; };
		A2000013000000000000000D /* IoTPanelsTests.swift */ = {isa = PBXFileReference; lastKnownFileType = sourcecode.swift; path = IoTPanelsTests.swift; sourceTree = "<group>"; };
		A2000014000000000000000E /* IoTPanels.app */ = {isa = PBXFileReference; explicitFileType = wrapper.application; includeInIndex = 0; path = IoTPanels.app; sourceTree = BUILT_PRODUCTS_DIR; };
		A2000015000000000000000F /* IoTPanelsTests.xctest */ = {isa = PBXFileReference; explicitFileType = wrapper.cfbundle; includeInIndex = 0; path = IoTPanelsTests.xctest; sourceTree = BUILT_PRODUCTS_DIR; };
		A20000160000000000000010 /* IoTPanels.entitlements */ = {isa = PBXFileReference; lastKnownFileType = text.plist.entitlements; path = IoTPanels.entitlements; sourceTree = "<group>"; };
		A20000170000000000000011 /* Info.plist */ = {isa = PBXFileReference; lastKnownFileType = text.plist.xml; path = Info.plist; sourceTree = "<group>"; };
		AD0000010000000000000001 /* IoTPanels.xcdatamodel */ = {isa = PBXFileReference; lastKnownFileType = wrapper.xcdatamodel; path = IoTPanels.xcdatamodel; sourceTree = "<group>"; };
		B20000010000000000000001 /* TimeRange.swift */ = {isa = PBXFileReference; lastKnownFileType = sourcecode.swift; path = TimeRange.swift; sourceTree = "<group>"; };
		B20000020000000000000002 /* SavedQuery+Wrapped.swift */ = {isa = PBXFileReference; lastKnownFileType = sourcecode.swift; path = "SavedQuery+Wrapped.swift"; sourceTree = "<group>"; };
		B20000030000000000000003 /* QueryBuilderView.swift */ = {isa = PBXFileReference; lastKnownFileType = sourcecode.swift; path = QueryBuilderView.swift; sourceTree = "<group>"; };
		B20000040000000000000004 /* QueryResultTableView.swift */ = {isa = PBXFileReference; lastKnownFileType = sourcecode.swift; path = QueryResultTableView.swift; sourceTree = "<group>"; };
		B20000050000000000000005 /* SavedQueryListView.swift */ = {isa = PBXFileReference; lastKnownFileType = sourcecode.swift; path = SavedQueryListView.swift; sourceTree = "<group>"; };
		B20000060000000000000006 /* SavedQueryDetailView.swift */ = {isa = PBXFileReference; lastKnownFileType = sourcecode.swift; path = SavedQueryDetailView.swift; sourceTree = "<group>"; };
		C20000010000000000000001 /* Dashboard+Wrapped.swift */ = {isa = PBXFileReference; lastKnownFileType = sourcecode.swift; path = "Dashboard+Wrapped.swift"; sourceTree = "<group>"; };
		C20000020000000000000002 /* DashboardListView.swift */ = {isa = PBXFileReference; lastKnownFileType = sourcecode.swift; path = DashboardListView.swift; sourceTree = "<group>"; };
		C20000030000000000000003 /* DashboardView.swift */ = {isa = PBXFileReference; lastKnownFileType = sourcecode.swift; path = DashboardView.swift; sourceTree = "<group>"; };
		C20000040000000000000004 /* AddPanelView.swift */ = {isa = PBXFileReference; lastKnownFileType = sourcecode.swift; path = AddPanelView.swift; sourceTree = "<group>"; };
		C20000050000000000000005 /* PanelCardView.swift */ = {isa = PBXFileReference; lastKnownFileType = sourcecode.swift; path = PanelCardView.swift; sourceTree = "<group>"; };
		D20000010000000000000001 /* IoTPanelsWidget.swift */ = {isa = PBXFileReference; lastKnownFileType = sourcecode.swift; path = IoTPanelsWidget.swift; sourceTree = "<group>"; };
		D2000002000000000000000C /* IoTPanelsWidgetExtension.appex */ = {isa = PBXFileReference; explicitFileType = "wrapper.app-extension"; includeInIndex = 0; path = IoTPanelsWidgetExtension.appex; sourceTree = BUILT_PRODUCTS_DIR; };
		D20000030000000000000003 /* IoTPanelsWidget.entitlements */ = {isa = PBXFileReference; lastKnownFileType = text.plist.entitlements; path = IoTPanelsWidget.entitlements; sourceTree = "<group>"; };
		D20000040000000000000004 /* Info.plist */ = {isa = PBXFileReference; lastKnownFileType = text.plist.xml; path = Info.plist; sourceTree = "<group>"; };
		E20000010000000000000001 /* WidgetHelper.swift */ = {isa = PBXFileReference; lastKnownFileType = sourcecode.swift; path = WidgetHelper.swift; sourceTree = "<group>"; };
		F20000010000000000000001 /* WidgetDesign+Wrapped.swift */ = {isa = PBXFileReference; lastKnownFileType = sourcecode.swift; path = "WidgetDesign+Wrapped.swift"; sourceTree = "<group>"; };
		F20000020000000000000002 /* ColorUtilities.swift */ = {isa = PBXFileReference; lastKnownFileType = sourcecode.swift; path = ColorUtilities.swift; sourceTree = "<group>"; };
		F20000030000000000000003 /* WidgetDesignListView.swift */ = {isa = PBXFileReference; lastKnownFileType = sourcecode.swift; path = WidgetDesignListView.swift; sourceTree = "<group>"; };
		F20000040000000000000004 /* WidgetDesignEditorView.swift */ = {isa = PBXFileReference; lastKnownFileType = sourcecode.swift; path = WidgetDesignEditorView.swift; sourceTree = "<group>"; };
		F20000050000000000000005 /* WidgetDesignPreviewView.swift */ = {isa = PBXFileReference; lastKnownFileType = sourcecode.swift; path = WidgetDesignPreviewView.swift; sourceTree = "<group>"; };
		F20000060000000000000006 /* AddWidgetItemView.swift */ = {isa = PBXFileReference; lastKnownFileType = sourcecode.swift; path = AddWidgetItemView.swift; sourceTree = "<group>"; };
		F20000070000000000000007 /* WidgetItemConfigView.swift */ = {isa = PBXFileReference; lastKnownFileType = sourcecode.swift; path = WidgetItemConfigView.swift; sourceTree = "<group>"; };
		F200005100000000000000D1 /* DemoService.swift */ = {isa = PBXFileReference; lastKnownFileType = sourcecode.swift; path = DemoService.swift; sourceTree = "<group>"; };
		F200004100000000000000C1 /* FluxSyntaxView.swift */ = {isa = PBXFileReference; lastKnownFileType = sourcecode.swift; path = FluxSyntaxView.swift; sourceTree = "<group>"; };
		F200003100000000000000B1 /* NavigationState.swift */ = {isa = PBXFileReference; lastKnownFileType = sourcecode.swift; path = NavigationState.swift; sourceTree = "<group>"; };
		F200002100000000000000A1 /* StyleConfig.swift */ = {isa = PBXFileReference; lastKnownFileType = sourcecode.swift; path = StyleConfig.swift; sourceTree = "<group>"; };
		F200001100000000000000F1 /* UnitType.swift */ = {isa = PBXFileReference; lastKnownFileType = sourcecode.swift; path = UnitType.swift; sourceTree = "<group>"; };
/* End PBXFileReference section */

/* Begin PBXFrameworksBuildPhase section */
		A60000010000000000000001 /* Frameworks */ = {
			isa = PBXFrameworksBuildPhase;
			buildActionMask = 2147483647;
			files = (
			);
			runOnlyForDeploymentPostprocessing = 0;
		};
		A60000020000000000000002 /* Frameworks */ = {
			isa = PBXFrameworksBuildPhase;
			buildActionMask = 2147483647;
			files = (
			);
			runOnlyForDeploymentPostprocessing = 0;
		};
		D60000010000000000000001 /* Frameworks */ = {
			isa = PBXFrameworksBuildPhase;
			buildActionMask = 2147483647;
			files = (
			);
			runOnlyForDeploymentPostprocessing = 0;
		};
/* End PBXFrameworksBuildPhase section */

/* Begin PBXGroup section */
		A70000010000000000000001 = {
			isa = PBXGroup;
			children = (
				A70000020000000000000002 /* IoTPanels */,
				A70000080000000000000008 /* IoTPanelsTests */,
				D70000010000000000000001 /* IoTPanelsWidget */,
				A70000090000000000000009 /* Products */,
			);
			sourceTree = "<group>";
		};
		A70000020000000000000002 /* IoTPanels */ = {
			isa = PBXGroup;
			children = (
				A20000010000000000000001 /* IoTPanelsApp.swift */,
				A20000020000000000000002 /* Persistence.swift */,
				A20000170000000000000011 /* Info.plist */,
				A20000160000000000000010 /* IoTPanels.entitlements */,
				A2000012000000000000000C /* IoTPanels.xcdatamodeld */,
				A2000010000000000000000A /* Assets.xcassets */,
				A70000030000000000000003 /* Model */,
				A70000040000000000000004 /* Services */,
				A70000050000000000000005 /* Views */,
				A70000070000000000000007 /* Preview Content */,
			);
			path = IoTPanels;
			sourceTree = "<group>";
		};
		A70000030000000000000003 /* Model */ = {
			isa = PBXGroup;
			children = (
				A20000030000000000000003 /* BackendType.swift */,
				A20000040000000000000004 /* DataSource+Wrapped.swift */,
				B20000010000000000000001 /* TimeRange.swift */,
				B20000020000000000000002 /* SavedQuery+Wrapped.swift */,
				C20000010000000000000001 /* Dashboard+Wrapped.swift */,
				F20000010000000000000001 /* WidgetDesign+Wrapped.swift */,
				F20000020000000000000002 /* ColorUtilities.swift */,
				F200001100000000000000F1 /* UnitType.swift */,
				F200002100000000000000A1 /* StyleConfig.swift */,
			);
			path = Model;
			sourceTree = "<group>";
		};
		A70000040000000000000004 /* Services */ = {
			isa = PBXGroup;
			children = (
				A20000050000000000000005 /* DataSourceService.swift */,
				A20000060000000000000006 /* InfluxDB2Service.swift */,
				E20000010000000000000001 /* WidgetHelper.swift */,
				F200003100000000000000B1 /* NavigationState.swift */,
				F200005100000000000000D1 /* DemoService.swift */,
			);
			path = Services;
			sourceTree = "<group>";
		};
		A70000050000000000000005 /* Views */ = {
			isa = PBXGroup;
			children = (
				A20000070000000000000007 /* ContentView.swift */,
				A70000060000000000000006 /* DataSource */,
				B70000010000000000000001 /* QueryBuilder */,
				C70000010000000000000001 /* Dashboard */,
				F70000010000000000000001 /* WidgetDesigner */,
			);
			path = Views;
			sourceTree = "<group>";
		};
		A70000060000000000000006 /* DataSource */ = {
			isa = PBXGroup;
			children = (
				A20000080000000000000008 /* DataSourceListView.swift */,
				A20000090000000000000009 /* DataSourceDetailView.swift */,
				A200000A0000000000000010 /* InfluxDB2SetupView.swift */,
			);
			path = DataSource;
			sourceTree = "<group>";
		};
		A70000070000000000000007 /* Preview Content */ = {
			isa = PBXGroup;
			children = (
				A2000011000000000000000B /* Preview Assets.xcassets */,
			);
			path = "Preview Content";
			sourceTree = "<group>";
		};
		A70000080000000000000008 /* IoTPanelsTests */ = {
			isa = PBXGroup;
			children = (
				A2000013000000000000000D /* IoTPanelsTests.swift */,
			);
			path = IoTPanelsTests;
			sourceTree = "<group>";
		};
		A70000090000000000000009 /* Products */ = {
			isa = PBXGroup;
			children = (
				A2000014000000000000000E /* IoTPanels.app */,
				A2000015000000000000000F /* IoTPanelsTests.xctest */,
				D2000002000000000000000C /* IoTPanelsWidgetExtension.appex */,
			);
			name = Products;
			sourceTree = "<group>";
		};
		B70000010000000000000001 /* QueryBuilder */ = {
			isa = PBXGroup;
			children = (
				B20000030000000000000003 /* QueryBuilderView.swift */,
				B20000040000000000000004 /* QueryResultTableView.swift */,
				B20000050000000000000005 /* SavedQueryListView.swift */,
				B20000060000000000000006 /* SavedQueryDetailView.swift */,
				F200004100000000000000C1 /* FluxSyntaxView.swift */,
			);
			path = QueryBuilder;
			sourceTree = "<group>";
		};
		C70000010000000000000001 /* Dashboard */ = {
			isa = PBXGroup;
			children = (
				C20000020000000000000002 /* DashboardListView.swift */,
				C20000030000000000000003 /* DashboardView.swift */,
				C20000040000000000000004 /* AddPanelView.swift */,
				C20000050000000000000005 /* PanelCardView.swift */,
			);
			path = Dashboard;
			sourceTree = "<group>";
		};
		D70000010000000000000001 /* IoTPanelsWidget */ = {
			isa = PBXGroup;
			children = (
				D20000010000000000000001 /* IoTPanelsWidget.swift */,
				D20000030000000000000003 /* IoTPanelsWidget.entitlements */,
				D20000040000000000000004 /* Info.plist */,
			);
			path = IoTPanelsWidget;
			sourceTree = "<group>";
		};
		F70000010000000000000001 /* WidgetDesigner */ = {
			isa = PBXGroup;
			children = (
				F20000030000000000000003 /* WidgetDesignListView.swift */,
				F20000040000000000000004 /* WidgetDesignEditorView.swift */,
				F20000050000000000000005 /* WidgetDesignPreviewView.swift */,
				F20000060000000000000006 /* AddWidgetItemView.swift */,
				F20000070000000000000007 /* WidgetItemConfigView.swift */,
			);
			path = WidgetDesigner;
			sourceTree = "<group>";
		};
/* End PBXGroup section */

/* Begin PBXNativeTarget section */
		A40000010000000000000001 /* IoTPanels */ = {
			isa = PBXNativeTarget;
			buildConfigurationList = A80000030000000000000003 /* Build configuration list for PBXNativeTarget "IoTPanels" */;
			buildPhases = (
				A90000010000000000000001 /* Sources */,
				A60000010000000000000001 /* Frameworks */,
				AA0000010000000000000001 /* Resources */,
				DA0000010000000000000001 /* Embed Foundation Extensions */,
			);
			buildRules = (
			);
			dependencies = (
				DB0000010000000000000001 /* PBXTargetDependency */,
			);
			name = IoTPanels;
			productName = IoTPanels;
			productReference = A2000014000000000000000E /* IoTPanels.app */;
			productType = "com.apple.product-type.application";
		};
		A40000020000000000000002 /* IoTPanelsTests */ = {
			isa = PBXNativeTarget;
			buildConfigurationList = A80000060000000000000006 /* Build configuration list for PBXNativeTarget "IoTPanelsTests" */;
			buildPhases = (
				A90000020000000000000002 /* Sources */,
				A60000020000000000000002 /* Frameworks */,
			);
			buildRules = (
			);
			dependencies = (
				AB0000010000000000000001 /* PBXTargetDependency */,
			);
			name = IoTPanelsTests;
			productName = IoTPanelsTests;
			productReference = A2000015000000000000000F /* IoTPanelsTests.xctest */;
			productType = "com.apple.product-type.bundle.unit-test";
		};
		D40000010000000000000001 /* IoTPanelsWidgetExtension */ = {
			isa = PBXNativeTarget;
			buildConfigurationList = D80000010000000000000001 /* Build configuration list for PBXNativeTarget "IoTPanelsWidgetExtension" */;
			buildPhases = (
				D90000010000000000000001 /* Sources */,
				D60000010000000000000001 /* Frameworks */,
			);
			buildRules = (
			);
			dependencies = (
			);
			name = IoTPanelsWidgetExtension;
			productName = IoTPanelsWidgetExtension;
			productReference = D2000002000000000000000C /* IoTPanelsWidgetExtension.appex */;
			productType = "com.apple.product-type.app-extension";
		};
/* End PBXNativeTarget section */

/* Begin PBXProject section */
		A50000010000000000000001 /* Project object */ = {
			isa = PBXProject;
			attributes = {
				BuildIndependentTargetsInParallel = 1;
				LastSwiftUpdateCheck = 1540;
				LastUpgradeCheck = 2630;
				TargetAttributes = {
					A40000010000000000000001 = {
						CreatedOnToolsVersion = 15.4;
					};
					A40000020000000000000002 = {
						CreatedOnToolsVersion = 15.4;
						TestTargetID = A40000010000000000000001;
					};
					D40000010000000000000001 = {
						CreatedOnToolsVersion = 15.4;
					};
				};
			};
			buildConfigurationList = A80000010000000000000001 /* Build configuration list for PBXProject "IoTPanels" */;
			compatibilityVersion = "Xcode 14.0";
			developmentRegion = en;
			hasScannedForEncodings = 0;
			knownRegions = (
				en,
				Base,
			);
			mainGroup = A70000010000000000000001;
			productRefGroup = A70000090000000000000009 /* Products */;
			projectDirPath = "";
			projectRoot = "";
			targets = (
				A40000010000000000000001 /* IoTPanels */,
				A40000020000000000000002 /* IoTPanelsTests */,
				D40000010000000000000001 /* IoTPanelsWidgetExtension */,
			);
		};
/* End PBXProject section */

/* Begin PBXResourcesBuildPhase section */
		AA0000010000000000000001 /* Resources */ = {
			isa = PBXResourcesBuildPhase;
			buildActionMask = 2147483647;
			files = (
				A1000010000000000000000A /* Assets.xcassets in Resources */,
				A1000011000000000000000B /* Preview Assets.xcassets in Resources */,
			);
			runOnlyForDeploymentPostprocessing = 0;
		};
/* End PBXResourcesBuildPhase section */

/* Begin PBXSourcesBuildPhase section */
		A90000010000000000000001 /* Sources */ = {
			isa = PBXSourcesBuildPhase;
			buildActionMask = 2147483647;
			files = (
				A10000010000000000000001 /* IoTPanelsApp.swift in Sources */,
				A10000020000000000000002 /* Persistence.swift in Sources */,
				A10000030000000000000003 /* BackendType.swift in Sources */,
				A10000040000000000000004 /* DataSource+Wrapped.swift in Sources */,
				A10000050000000000000005 /* DataSourceService.swift in Sources */,
				A10000060000000000000006 /* InfluxDB2Service.swift in Sources */,
				A10000070000000000000007 /* ContentView.swift in Sources */,
				A10000080000000000000008 /* DataSourceListView.swift in Sources */,
				A10000090000000000000009 /* DataSourceDetailView.swift in Sources */,
				A100000A0000000000000010 /* InfluxDB2SetupView.swift in Sources */,
				B10000010000000000000001 /* TimeRange.swift in Sources */,
				B10000020000000000000002 /* SavedQuery+Wrapped.swift in Sources */,
				B10000030000000000000003 /* QueryBuilderView.swift in Sources */,
				B10000040000000000000004 /* QueryResultTableView.swift in Sources */,
				B10000050000000000000005 /* SavedQueryListView.swift in Sources */,
				B10000060000000000000006 /* SavedQueryDetailView.swift in Sources */,
				C10000010000000000000001 /* Dashboard+Wrapped.swift in Sources */,
				C10000020000000000000002 /* DashboardListView.swift in Sources */,
				C10000030000000000000003 /* DashboardView.swift in Sources */,
				C10000040000000000000004 /* AddPanelView.swift in Sources */,
				C10000050000000000000005 /* PanelCardView.swift in Sources */,
				E10000010000000000000001 /* WidgetHelper.swift in Sources */,
				F100003100000000000000B1 /* NavigationState.swift in Sources */,
				F100004100000000000000C1 /* FluxSyntaxView.swift in Sources */,
				F100005100000000000000D1 /* DemoService.swift in Sources */,
				F100001100000000000000F1 /* UnitType.swift in Sources */,
				F100002100000000000000A1 /* StyleConfig.swift in Sources */,
				F10000010000000000000001 /* WidgetDesign+Wrapped.swift in Sources */,
				F10000020000000000000002 /* ColorUtilities.swift in Sources */,
				F10000030000000000000003 /* WidgetDesignListView.swift in Sources */,
				F10000040000000000000004 /* WidgetDesignEditorView.swift in Sources */,
				F10000050000000000000005 /* WidgetDesignPreviewView.swift in Sources */,
				F10000060000000000000006 /* AddWidgetItemView.swift in Sources */,
				F10000070000000000000007 /* WidgetItemConfigView.swift in Sources */,
				A1000012000000000000000C /* IoTPanels.xcdatamodeld in Sources */,
			);
			runOnlyForDeploymentPostprocessing = 0;
		};
		A90000020000000000000002 /* Sources */ = {
			isa = PBXSourcesBuildPhase;
			buildActionMask = 2147483647;
			files = (
				A1000013000000000000000D /* IoTPanelsTests.swift in Sources */,
			);
			runOnlyForDeploymentPostprocessing = 0;
		};
		D90000010000000000000001 /* Sources */ = {
			isa = PBXSourcesBuildPhase;
			buildActionMask = 2147483647;
			files = (
				D10000010000000000000001 /* IoTPanelsWidget.swift in Sources */,
				D10000020000000000000002 /* Persistence.swift in Sources */,
				D10000030000000000000003 /* BackendType.swift in Sources */,
				D10000040000000000000004 /* DataSource+Wrapped.swift in Sources */,
				D10000050000000000000005 /* DataSourceService.swift in Sources */,
				D10000060000000000000006 /* InfluxDB2Service.swift in Sources */,
				D10000070000000000000007 /* TimeRange.swift in Sources */,
				D10000080000000000000008 /* SavedQuery+Wrapped.swift in Sources */,
				D10000090000000000000009 /* Dashboard+Wrapped.swift in Sources */,
				D100001200000000000000FF /* PanelCardView.swift in Sources */,
				F100001200000000000000F2 /* UnitType.swift in Sources */,
				F100005200000000000000D2 /* DemoService.swift in Sources */,
				F100002200000000000000A2 /* StyleConfig.swift in Sources */,
				F10000080000000000000008 /* WidgetDesign+Wrapped.swift in Sources */,
				F10000090000000000000009 /* ColorUtilities.swift in Sources */,
				F1000010000000000000000A /* WidgetDesignPreviewView.swift in Sources */,
				D1000010000000000000000A /* IoTPanels.xcdatamodeld in Sources */,
			);
			runOnlyForDeploymentPostprocessing = 0;
		};
/* End PBXSourcesBuildPhase section */

/* Begin PBXTargetDependency section */
		AB0000010000000000000001 /* PBXTargetDependency */ = {
			isa = PBXTargetDependency;
			target = A40000010000000000000001 /* IoTPanels */;
			targetProxy = A30000010000000000000001 /* PBXContainerItemProxy */;
		};
		DB0000010000000000000001 /* PBXTargetDependency */ = {
			isa = PBXTargetDependency;
			target = D40000010000000000000001 /* IoTPanelsWidgetExtension */;
			targetProxy = D30000010000000000000001 /* PBXContainerItemProxy */;
		};
/* End PBXTargetDependency section */

/* Begin XCBuildConfiguration section */
		AC0000010000000000000001 /* Debug */ = {
			isa = XCBuildConfiguration;
			buildSettings = {
				ALWAYS_SEARCH_USER_PATHS = NO;
				ASSETCATALOG_COMPILER_GENERATE_SWIFT_ASSET_SYMBOL_EXTENSIONS = YES;
				CLANG_ANALYZER_NONNULL = YES;
				CLANG_ANALYZER_NUMBER_OBJECT_CONVERSION = YES_AGGRESSIVE;
				CLANG_CXX_LANGUAGE_STANDARD = "gnu++20";
				CLANG_ENABLE_MODULES = YES;
				CLANG_ENABLE_OBJC_ARC = YES;
				CLANG_ENABLE_OBJC_WEAK = YES;
				CLANG_WARN_BLOCK_CAPTURE_AUTORELEASING = YES;
				CLANG_WARN_BOOL_CONVERSION = YES;
				CLANG_WARN_COMMA = YES;
				CLANG_WARN_CONSTANT_CONVERSION = YES;
				CLANG_WARN_DEPRECATED_OBJC_IMPLEMENTATIONS = YES;
				CLANG_WARN_DIRECT_OBJC_ISA_USAGE = YES_ERROR;
				CLANG_WARN_DOCUMENTATION_COMMENTS = YES;
				CLANG_WARN_EMPTY_BODY = YES;
				CLANG_WARN_ENUM_CONVERSION = YES;
				CLANG_WARN_INFINITE_RECURSION = YES;
				CLANG_WARN_INT_CONVERSION = YES;
				CLANG_WARN_NON_LITERAL_NULL_CONVERSION = YES;
				CLANG_WARN_OBJC_IMPLICIT_RETAIN_SELF = YES;
				CLANG_WARN_OBJC_LITERAL_CONVERSION = YES;
				CLANG_WARN_OBJC_ROOT_CLASS = YES_ERROR;
				CLANG_WARN_QUOTED_INCLUDE_IN_FRAMEWORK_HEADER = YES;
				CLANG_WARN_RANGE_LOOP_ANALYSIS = YES;
				CLANG_WARN_STRICT_PROTOTYPES = YES;
				CLANG_WARN_SUSPICIOUS_MOVE = YES;
				CLANG_WARN_UNGUARDED_AVAILABILITY = YES_AGGRESSIVE;
				CLANG_WARN_UNREACHABLE_CODE = YES;
				CLANG_WARN__DUPLICATE_METHOD_MATCH = YES;
				COPY_PHASE_STRIP = NO;
				DEBUG_INFORMATION_FORMAT = dwarf;
				ENABLE_STRICT_OBJC_MSGSEND = YES;
				ENABLE_TESTABILITY = YES;
				ENABLE_USER_SCRIPT_SANDBOXING = YES;
				GCC_C_LANGUAGE_STANDARD = gnu17;
				GCC_DYNAMIC_NO_PIC = NO;
				GCC_NO_COMMON_BLOCKS = YES;
				GCC_OPTIMIZATION_LEVEL = 0;
				GCC_PREPROCESSOR_DEFINITIONS = (
					"DEBUG=1",
					"$(inherited)",
				);
				GCC_WARN_64_TO_32_BIT_CONVERSION = YES;
				GCC_WARN_ABOUT_RETURN_TYPE = YES_ERROR;
				GCC_WARN_UNDECLARED_SELECTOR = YES;
				GCC_WARN_UNINITIALIZED_AUTOS = YES_AGGRESSIVE;
				GCC_WARN_UNUSED_FUNCTION = YES;
				GCC_WARN_UNUSED_VARIABLE = YES;
				IPHONEOS_DEPLOYMENT_TARGET = 17.0;
				MTL_ENABLE_DEBUG_INFO = INCLUDE_SOURCE;
				MTL_FAST_MATH = YES;
				ONLY_ACTIVE_ARCH = YES;
				SDKROOT = iphoneos;
				STRING_CATALOG_GENERATE_SYMBOLS = YES;
				SWIFT_ACTIVE_COMPILATION_CONDITIONS = "$(inherited) DEBUG";
				SWIFT_OPTIMIZATION_LEVEL = "-Onone";
			};
			name = Debug;
		};
		AC0000020000000000000002 /* Release */ = {
			isa = XCBuildConfiguration;
			buildSettings = {
				ALWAYS_SEARCH_USER_PATHS = NO;
				ASSETCATALOG_COMPILER_GENERATE_SWIFT_ASSET_SYMBOL_EXTENSIONS = YES;
				CLANG_ANALYZER_NONNULL = YES;
				CLANG_ANALYZER_NUMBER_OBJECT_CONVERSION = YES_AGGRESSIVE;
				CLANG_CXX_LANGUAGE_STANDARD = "gnu++20";
				CLANG_ENABLE_MODULES = YES;
				CLANG_ENABLE_OBJC_ARC = YES;
				CLANG_ENABLE_OBJC_WEAK = YES;
				CLANG_WARN_BLOCK_CAPTURE_AUTORELEASING = YES;
				CLANG_WARN_BOOL_CONVERSION = YES;
				CLANG_WARN_COMMA = YES;
				CLANG_WARN_CONSTANT_CONVERSION = YES;
				CLANG_WARN_DEPRECATED_OBJC_IMPLEMENTATIONS = YES;
				CLANG_WARN_DIRECT_OBJC_ISA_USAGE = YES_ERROR;
				CLANG_WARN_DOCUMENTATION_COMMENTS = YES;
				CLANG_WARN_EMPTY_BODY = YES;
				CLANG_WARN_ENUM_CONVERSION = YES;
				CLANG_WARN_INFINITE_RECURSION = YES;
				CLANG_WARN_INT_CONVERSION = YES;
				CLANG_WARN_NON_LITERAL_NULL_CONVERSION = YES;
				CLANG_WARN_OBJC_IMPLICIT_RETAIN_SELF = YES;
				CLANG_WARN_OBJC_LITERAL_CONVERSION = YES;
				CLANG_WARN_OBJC_ROOT_CLASS = YES_ERROR;
				CLANG_WARN_QUOTED_INCLUDE_IN_FRAMEWORK_HEADER = YES;
				CLANG_WARN_RANGE_LOOP_ANALYSIS = YES;
				CLANG_WARN_STRICT_PROTOTYPES = YES;
				CLANG_WARN_SUSPICIOUS_MOVE = YES;
				CLANG_WARN_UNGUARDED_AVAILABILITY = YES_AGGRESSIVE;
				CLANG_WARN_UNREACHABLE_CODE = YES;
				CLANG_WARN__DUPLICATE_METHOD_MATCH = YES;
				COPY_PHASE_STRIP = NO;
				DEBUG_INFORMATION_FORMAT = "dwarf-with-dsym";
				ENABLE_NS_ASSERTIONS = NO;
				ENABLE_STRICT_OBJC_MSGSEND = YES;
				ENABLE_USER_SCRIPT_SANDBOXING = YES;
				GCC_C_LANGUAGE_STANDARD = gnu17;
				GCC_NO_COMMON_BLOCKS = YES;
				GCC_WARN_64_TO_32_BIT_CONVERSION = YES;
				GCC_WARN_ABOUT_RETURN_TYPE = YES_ERROR;
				GCC_WARN_UNDECLARED_SELECTOR = YES;
				GCC_WARN_UNINITIALIZED_AUTOS = YES_AGGRESSIVE;
				GCC_WARN_UNUSED_FUNCTION = YES;
				GCC_WARN_UNUSED_VARIABLE = YES;
				IPHONEOS_DEPLOYMENT_TARGET = 17.0;
				MTL_ENABLE_DEBUG_INFO = NO;
				MTL_FAST_MATH = YES;
				SDKROOT = iphoneos;
				STRING_CATALOG_GENERATE_SYMBOLS = YES;
				SWIFT_COMPILATION_MODE = wholemodule;
				VALIDATE_PRODUCT = YES;
			};
			name = Release;
		};
		AC0000030000000000000003 /* Debug */ = {
			isa = XCBuildConfiguration;
			buildSettings = {
				ASSETCATALOG_COMPILER_APPICON_NAME = AppIcon;
				ASSETCATALOG_COMPILER_GLOBAL_ACCENT_COLOR_NAME = AccentColor;
				CODE_SIGN_ENTITLEMENTS = IoTPanels/IoTPanels.entitlements;
				CODE_SIGN_STYLE = Automatic;
				CURRENT_PROJECT_VERSION = 1;
				DEVELOPMENT_ASSET_PATHS = "\"IoTPanels/Preview Content\"";
				DEVELOPMENT_TEAM = 643R6YSRER;
				ENABLE_PREVIEWS = YES;
				GENERATE_INFOPLIST_FILE = YES;
				INFOPLIST_FILE = IoTPanels/Info.plist;
				INFOPLIST_KEY_LSApplicationCategoryType = "public.app-category.productivity";
				INFOPLIST_KEY_UIApplicationSceneManifest_Generation = YES;
				INFOPLIST_KEY_UIApplicationSupportsIndirectInputEvents = YES;
				INFOPLIST_KEY_UILaunchScreen_Generation = YES;
				INFOPLIST_KEY_UISupportedInterfaceOrientations_iPad = "UIInterfaceOrientationPortrait UIInterfaceOrientationPortraitUpsideDown UIInterfaceOrientationLandscapeLeft UIInterfaceOrientationLandscapeRight";
				INFOPLIST_KEY_UISupportedInterfaceOrientations_iPhone = "UIInterfaceOrientationPortrait UIInterfaceOrientationLandscapeLeft UIInterfaceOrientationLandscapeRight";
				IPHONEOS_DEPLOYMENT_TARGET = 26.0;
				LD_RUNPATH_SEARCH_PATHS = (
					"$(inherited)",
					"@executable_path/Frameworks",
				);
				MARKETING_VERSION = 1.0;
				PRODUCT_BUNDLE_IDENTIFIER = de.rnd7.iotpanels;
				PRODUCT_NAME = "$(TARGET_NAME)";
				SUPPORTED_PLATFORMS = "iphoneos iphonesimulator";
				SUPPORTS_MACCATALYST = NO;
				SWIFT_EMIT_LOC_STRINGS = YES;
				SWIFT_VERSION = 5.0;
				TARGETED_DEVICE_FAMILY = "1,2";
			};
			name = Debug;
		};
		AC0000040000000000000004 /* Release */ = {
			isa = XCBuildConfiguration;
			buildSettings = {
				ASSETCATALOG_COMPILER_APPICON_NAME = AppIcon;
				ASSETCATALOG_COMPILER_GLOBAL_ACCENT_COLOR_NAME = AccentColor;
				CODE_SIGN_ENTITLEMENTS = IoTPanels/IoTPanels.entitlements;
				CODE_SIGN_STYLE = Automatic;
				CURRENT_PROJECT_VERSION = 1;
				DEVELOPMENT_ASSET_PATHS = "\"IoTPanels/Preview Content\"";
				DEVELOPMENT_TEAM = 643R6YSRER;
				ENABLE_PREVIEWS = YES;
				GENERATE_INFOPLIST_FILE = YES;
				INFOPLIST_FILE = IoTPanels/Info.plist;
				INFOPLIST_KEY_LSApplicationCategoryType = "public.app-category.productivity";
				INFOPLIST_KEY_UIApplicationSceneManifest_Generation = YES;
				INFOPLIST_KEY_UIApplicationSupportsIndirectInputEvents = YES;
				INFOPLIST_KEY_UILaunchScreen_Generation = YES;
				INFOPLIST_KEY_UISupportedInterfaceOrientations_iPad = "UIInterfaceOrientationPortrait UIInterfaceOrientationPortraitUpsideDown UIInterfaceOrientationLandscapeLeft UIInterfaceOrientationLandscapeRight";
				INFOPLIST_KEY_UISupportedInterfaceOrientations_iPhone = "UIInterfaceOrientationPortrait UIInterfaceOrientationLandscapeLeft UIInterfaceOrientationLandscapeRight";
				IPHONEOS_DEPLOYMENT_TARGET = 26.0;
				LD_RUNPATH_SEARCH_PATHS = (
					"$(inherited)",
					"@executable_path/Frameworks",
				);
				MARKETING_VERSION = 1.0;
				PRODUCT_BUNDLE_IDENTIFIER = de.rnd7.iotpanels;
				PRODUCT_NAME = "$(TARGET_NAME)";
				SUPPORTED_PLATFORMS = "iphoneos iphonesimulator";
				SUPPORTS_MACCATALYST = NO;
				SWIFT_EMIT_LOC_STRINGS = YES;
				SWIFT_VERSION = 5.0;
				TARGETED_DEVICE_FAMILY = "1,2";
			};
			name = Release;
		};
		AC0000050000000000000005 /* Debug */ = {
			isa = XCBuildConfiguration;
			buildSettings = {
				BUNDLE_LOADER = "$(TEST_HOST)";
				CODE_SIGN_STYLE = Automatic;
				CURRENT_PROJECT_VERSION = 1;
				GENERATE_INFOPLIST_FILE = YES;
				IPHONEOS_DEPLOYMENT_TARGET = 26.0;
				MARKETING_VERSION = 1.0;
				PRODUCT_BUNDLE_IDENTIFIER = de.rnd7.iotpanels.tests;
				PRODUCT_NAME = "$(TARGET_NAME)";
				SWIFT_EMIT_LOC_STRINGS = NO;
				SWIFT_VERSION = 5.0;
				TARGETED_DEVICE_FAMILY = "1,2";
				TEST_HOST = "$(BUILT_PRODUCTS_DIR)/IoTPanels.app/$(BUNDLE_EXECUTABLE_FOLDER_PATH)/IoTPanels";
			};
			name = Debug;
		};
		AC0000060000000000000006 /* Release */ = {
			isa = XCBuildConfiguration;
			buildSettings = {
				BUNDLE_LOADER = "$(TEST_HOST)";
				CODE_SIGN_STYLE = Automatic;
				CURRENT_PROJECT_VERSION = 1;
				GENERATE_INFOPLIST_FILE = YES;
				IPHONEOS_DEPLOYMENT_TARGET = 26.0;
				MARKETING_VERSION = 1.0;
				PRODUCT_BUNDLE_IDENTIFIER = de.rnd7.iotpanels.tests;
				PRODUCT_NAME = "$(TARGET_NAME)";
				SWIFT_EMIT_LOC_STRINGS = NO;
				SWIFT_VERSION = 5.0;
				TARGETED_DEVICE_FAMILY = "1,2";
				TEST_HOST = "$(BUILT_PRODUCTS_DIR)/IoTPanels.app/$(BUNDLE_EXECUTABLE_FOLDER_PATH)/IoTPanels";
			};
			name = Release;
		};
		DC0000010000000000000001 /* Debug */ = {
			isa = XCBuildConfiguration;
			buildSettings = {
				CODE_SIGN_ENTITLEMENTS = IoTPanelsWidget/IoTPanelsWidget.entitlements;
				CODE_SIGN_STYLE = Automatic;
				CURRENT_PROJECT_VERSION = 1;
				DEVELOPMENT_TEAM = 643R6YSRER;
				GENERATE_INFOPLIST_FILE = YES;
				INFOPLIST_FILE = IoTPanelsWidget/Info.plist;
				INFOPLIST_KEY_CFBundleDisplayName = "IoT Panels Widget";
				INFOPLIST_KEY_NSHumanReadableCopyright = "";
				IPHONEOS_DEPLOYMENT_TARGET = 26.0;
				LD_RUNPATH_SEARCH_PATHS = (
					"$(inherited)",
					"@executable_path/Frameworks",
					"@executable_path/../../Frameworks",
				);
				MARKETING_VERSION = 1.0;
				PRODUCT_BUNDLE_IDENTIFIER = de.rnd7.iotpanels.widget;
				PRODUCT_NAME = "$(TARGET_NAME)";
				SKIP_INSTALL = YES;
				SWIFT_EMIT_LOC_STRINGS = YES;
				SWIFT_VERSION = 5.0;
				TARGETED_DEVICE_FAMILY = "1,2";
			};
			name = Debug;
		};
		DC0000020000000000000002 /* Release */ = {
			isa = XCBuildConfiguration;
			buildSettings = {
				CODE_SIGN_ENTITLEMENTS = IoTPanelsWidget/IoTPanelsWidget.entitlements;
				CODE_SIGN_STYLE = Automatic;
				CURRENT_PROJECT_VERSION = 1;
				DEVELOPMENT_TEAM = 643R6YSRER;
				GENERATE_INFOPLIST_FILE = YES;
				INFOPLIST_FILE = IoTPanelsWidget/Info.plist;
				INFOPLIST_KEY_CFBundleDisplayName = "IoT Panels Widget";
				INFOPLIST_KEY_NSHumanReadableCopyright = "";
				IPHONEOS_DEPLOYMENT_TARGET = 26.0;
				LD_RUNPATH_SEARCH_PATHS = (
					"$(inherited)",
					"@executable_path/Frameworks",
					"@executable_path/../../Frameworks",
				);
				MARKETING_VERSION = 1.0;
				PRODUCT_BUNDLE_IDENTIFIER = de.rnd7.iotpanels.widget;
				PRODUCT_NAME = "$(TARGET_NAME)";
				SKIP_INSTALL = YES;
				SWIFT_EMIT_LOC_STRINGS = YES;
				SWIFT_VERSION = 5.0;
				TARGETED_DEVICE_FAMILY = "1,2";
			};
			name = Release;
		};
/* End XCBuildConfiguration section */

/* Begin XCConfigurationList section */
		A80000010000000000000001 /* Build configuration list for PBXProject "IoTPanels" */ = {
			isa = XCConfigurationList;
			buildConfigurations = (
				AC0000010000000000000001 /* Debug */,
				AC0000020000000000000002 /* Release */,
			);
			defaultConfigurationIsVisible = 0;
			defaultConfigurationName = Release;
		};
		A80000030000000000000003 /* Build configuration list for PBXNativeTarget "IoTPanels" */ = {
			isa = XCConfigurationList;
			buildConfigurations = (
				AC0000030000000000000003 /* Debug */,
				AC0000040000000000000004 /* Release */,
			);
			defaultConfigurationIsVisible = 0;
			defaultConfigurationName = Release;
		};
		A80000060000000000000006 /* Build configuration list for PBXNativeTarget "IoTPanelsTests" */ = {
			isa = XCConfigurationList;
			buildConfigurations = (
				AC0000050000000000000005 /* Debug */,
				AC0000060000000000000006 /* Release */,
			);
			defaultConfigurationIsVisible = 0;
			defaultConfigurationName = Release;
		};
		D80000010000000000000001 /* Build configuration list for PBXNativeTarget "IoTPanelsWidgetExtension" */ = {
			isa = XCConfigurationList;
			buildConfigurations = (
				DC0000010000000000000001 /* Debug */,
				DC0000020000000000000002 /* Release */,
			);
			defaultConfigurationIsVisible = 0;
			defaultConfigurationName = Release;
		};
/* End XCConfigurationList section */

/* Begin XCVersionGroup section */
		A2000012000000000000000C /* IoTPanels.xcdatamodeld */ = {
			isa = XCVersionGroup;
			children = (
				AD0000010000000000000001 /* IoTPanels.xcdatamodel */,
			);
			currentVersion = AD0000010000000000000001 /* IoTPanels.xcdatamodel */;
			path = IoTPanels.xcdatamodeld;
			sourceTree = "<group>";
			versionGroupType = wrapper.xcdatamodel;
		};
/* End XCVersionGroup section */
	};
	rootObject = A50000010000000000000001 /* Project object */;
}
