// !$*UTF8*$!
{
	archiveVersion = 1;
	classes = {
	};
	objectVersion = 100;
	objects = {

/* Begin PBXBuildFile section */
		221A68E12F8182F4007A92B8 /* AppIcon.icon in Resources */ = {isa = PBXBuildFile; fileRef = 221A68E02F8182F4007A92B8 /* AppIcon.icon */; };
		221A68E22F8182F4007A92B8 /* AppIcon.icon in Resources */ = {isa = PBXBuildFile; fileRef = 221A68E02F8182F4007A92B8 /* AppIcon.icon */; };
		D1000011000000000000000B /* IoTPanelsWidgetExtension.appex in Embed Foundation Extensions */ = {isa = PBXBuildFile; fileRef = D2000002000000000000000C /* IoTPanelsWidgetExtension.appex */; settings = {ATTRIBUTES = (RemoveHeadersOnCopy, ); }; };
		M50000010000000000000001 /* CocoaMQTT in Frameworks */ = {isa = PBXBuildFile; productRef = M40000010000000000000001 /* CocoaMQTT */; };
		M50000020000000000000002 /* CocoaMQTTWebSocket in Frameworks */ = {isa = PBXBuildFile; productRef = M40000020000000000000002 /* CocoaMQTTWebSocket */; };
		M50000030000000000000003 /* CocoaMQTT in Frameworks */ = {isa = PBXBuildFile; productRef = M40000030000000000000003 /* CocoaMQTT */; };
		M50000040000000000000004 /* CocoaMQTTWebSocket in Frameworks */ = {isa = PBXBuildFile; productRef = M40000040000000000000004 /* CocoaMQTTWebSocket */; };
		W30000010000000000000001 /* IoTPanelsWatchWidgetExtension.appex in Embed Foundation Extensions */ = {isa = PBXBuildFile; fileRef = W40000020000000000000002 /* IoTPanelsWatchWidgetExtension.appex */; settings = {ATTRIBUTES = (RemoveHeadersOnCopy, ); }; };
/* End PBXBuildFile section */

/* Begin PBXContainerItemProxy section */
		22D283412F7E674E008CFD8E /* PBXContainerItemProxy */ = {
			isa = PBXContainerItemProxy;
			containerPortal = A50000010000000000000001 /* Project object */;
			proxyType = 1;
			remoteGlobalIDString = A40000010000000000000001;
			remoteInfo = IoTPanels;
		};
		A30000010000000000000001 /* PBXContainerItemProxy */ = {
			isa = PBXContainerItemProxy;
			containerPortal = A50000010000000000000001 /* Project object */;
			proxyType = 1;
			remoteGlobalIDString = A40000010000000000000001;
			remoteInfo = IoTPanels;
		};
		D30000010000000000000001 /* PBXContainerItemProxy */ = {
			isa = PBXContainerItemProxy;
			containerPortal = A50000010000000000000001 /* Project object */;
			proxyType = 1;
			remoteGlobalIDString = D40000010000000000000001;
			remoteInfo = IoTPanelsWidgetExtension;
		};
		W50000010000000000000001 /* PBXContainerItemProxy */ = {
			isa = PBXContainerItemProxy;
			containerPortal = A50000010000000000000001 /* Project object */;
			proxyType = 1;
			remoteGlobalIDString = W60000020000000000000002;
			remoteInfo = IoTPanelsWatchWidgetExtension;
		};
/* End PBXContainerItemProxy section */

/* Begin PBXCopyFilesBuildPhase section */
		DA0000010000000000000001 /* Embed Foundation Extensions */ = {
			isa = PBXCopyFilesBuildPhase;
			dstPath = "";
			dstSubfolder = PlugIns;
			files = (
				D1000011000000000000000B /* IoTPanelsWidgetExtension.appex in Embed Foundation Extensions */,
			);
			name = "Embed Foundation Extensions";
		};
		WA0000010000000000000001 /* Embed Foundation Extensions */ = {
			isa = PBXCopyFilesBuildPhase;
			dstPath = "";
			dstSubfolder = PlugIns;
			files = (
				W30000010000000000000001 /* IoTPanelsWatchWidgetExtension.appex in Embed Foundation Extensions */,
			);
			name = "Embed Foundation Extensions";
		};
/* End PBXCopyFilesBuildPhase section */

/* Begin PBXFileReference section */
		221A68E02F8182F4007A92B8 /* AppIcon.icon */ = {isa = PBXFileReference; lastKnownFileType = folder.iconcomposer.icon; path = AppIcon.icon; sourceTree = "<group>"; };
		22D2833B2F7E674E008CFD8E /* IoTPanelsUITests.xctest */ = {isa = PBXFileReference; explicitFileType = wrapper.cfbundle; includeInIndex = 0; path = IoTPanelsUITests.xctest; sourceTree = BUILT_PRODUCTS_DIR; };
		A2000014000000000000000E /* IoTPanels.app */ = {isa = PBXFileReference; explicitFileType = wrapper.application; includeInIndex = 0; path = IoTPanels.app; sourceTree = BUILT_PRODUCTS_DIR; };
		A2000015000000000000000F /* IoTPanelsTests.xctest */ = {isa = PBXFileReference; explicitFileType = wrapper.cfbundle; includeInIndex = 0; path = IoTPanelsTests.xctest; sourceTree = BUILT_PRODUCTS_DIR; };
		D2000002000000000000000C /* IoTPanelsWidgetExtension.appex */ = {isa = PBXFileReference; explicitFileType = "wrapper.app-extension"; includeInIndex = 0; path = IoTPanelsWidgetExtension.appex; sourceTree = BUILT_PRODUCTS_DIR; };
		W40000010000000000000001 /* IoTPanelsWatch.app */ = {isa = PBXFileReference; explicitFileType = wrapper.application; includeInIndex = 0; path = IoTPanelsWatch.app; sourceTree = BUILT_PRODUCTS_DIR; };
		W40000020000000000000002 /* IoTPanelsWatchWidgetExtension.appex */ = {isa = PBXFileReference; explicitFileType = "wrapper.app-extension"; includeInIndex = 0; path = IoTPanelsWatchWidgetExtension.appex; sourceTree = BUILT_PRODUCTS_DIR; };
/* End PBXFileReference section */

/* Begin PBXFileSystemSynchronizedBuildFileExceptionSet section */
		22BB9B8B2F843F9E007DE024 /* Exceptions for "IoTPanels" folder in "IoTPanels" target */ = {
			isa = PBXFileSystemSynchronizedBuildFileExceptionSet;
			membershipExceptions = (
				Info.plist,
			);
			target = A40000010000000000000001 /* IoTPanels */;
		};
		22BB9B8C2F843F9E007DE024 /* Exceptions for "IoTPanels" folder in "IoTPanelsWidgetExtension" target */ = {
			isa = PBXFileSystemSynchronizedBuildFileExceptionSet;
			membershipExceptions = (
				IoTPanels.xcdatamodeld,
				Model/BackendType.swift,
				Model/BrokerFileType.swift,
				Model/ColorUtilities.swift,
				"Model/Dashboard+Wrapped.swift",
				"Model/DataSource+Wrapped.swift",
				Model/MQTTModels.swift,
				"Model/SavedQuery+Wrapped.swift",
				Model/StyleConfig.swift,
				Model/TimeRange.swift,
				Model/UnitFormatter.swift,
				Model/UnitType.swift,
				"Model/WidgetDesign+Wrapped.swift",
				Persistence.swift,
				Services/BrokerImportExport.swift,
				Services/DashboardTemplate.swift,
				Services/DataExporter.swift,
				Services/DataSourceService.swift,
				Services/DemoService.swift,
				Services/InfluxDB1Service.swift,
				Services/InfluxDB2Service.swift,
				Services/InfluxDB3Service.swift,
				Services/MQTTService.swift,
				Services/PrometheusService.swift,
				Services/WidgetDataLoader.swift,
				Views/Dashboard/ChartExplorerState.swift,
				Views/Dashboard/ChartExplorerView.swift,
				Views/Dashboard/PanelCardView.swift,
				Views/WidgetDesigner/WidgetDesignPreviewView.swift,
			);
			target = D40000010000000000000001 /* IoTPanelsWidgetExtension */;
		};
		22BB9B8D2F843F9E007DE024 /* Exceptions for "IoTPanels" folder in "IoTPanelsWatchWidgetExtension" target */ = {
			isa = PBXFileSystemSynchronizedBuildFileExceptionSet;
			membershipExceptions = (
				IoTPanels.xcdatamodeld,
				Model/BackendType.swift,
				Model/BrokerFileType.swift,
				Model/ColorUtilities.swift,
				"Model/Dashboard+Wrapped.swift",
				"Model/DataSource+Wrapped.swift",
				Model/MQTTModels.swift,
				"Model/SavedQuery+Wrapped.swift",
				Model/StyleConfig.swift,
				Model/TimeRange.swift,
				Model/UnitFormatter.swift,
				Model/UnitType.swift,
				"Model/WidgetDesign+Wrapped.swift",
				Persistence.swift,
				Services/BrokerImportExport.swift,
				Services/DashboardTemplate.swift,
				Services/DataExporter.swift,
				Services/DataSourceService.swift,
				Services/DemoService.swift,
				Services/InfluxDB1Service.swift,
				Services/InfluxDB2Service.swift,
				Services/InfluxDB3Service.swift,
				Services/PrometheusService.swift,
				Services/WidgetDataLoader.swift,
				Views/Dashboard/ChartExplorerState.swift,
				Views/Dashboard/ChartExplorerView.swift,
				Views/Dashboard/PanelCardView.swift,
			);
			target = W60000020000000000000002 /* IoTPanelsWatchWidgetExtension */;
		};
		22BB9B8E2F843F9E007DE024 /* Exceptions for "IoTPanelsWidget" folder in "IoTPanelsWidgetExtension" target */ = {
			isa = PBXFileSystemSynchronizedBuildFileExceptionSet;
			membershipExceptions = (
				IoTPanelsWidget.swift,
				SingleValueWidget.swift,
			);
			target = D40000010000000000000001 /* IoTPanelsWidgetExtension */;
		};
		22BB9B8F2F843F9E007DE024 /* Exceptions for "IoTPanelsWatch" folder in "IoTPanelsWatch" target */ = {
			isa = PBXFileSystemSynchronizedBuildFileExceptionSet;
			membershipExceptions = (
				IoTPanelsWatchApp.swift,
			);
			target = W60000010000000000000001 /* IoTPanelsWatch */;
		};
		22BB9B902F843F9E007DE024 /* Exceptions for "IoTPanelsWatchWidget" folder in "IoTPanelsWatchWidgetExtension" target */ = {
			isa = PBXFileSystemSynchronizedBuildFileExceptionSet;
			membershipExceptions = (
				IoTPanelsWatchWidget.swift,
			);
			target = W60000020000000000000002 /* IoTPanelsWatchWidgetExtension */;
		};
/* End PBXFileSystemSynchronizedBuildFileExceptionSet section */

/* Begin PBXFileSystemSynchronizedRootGroup section */
		22BB9AEF2F843F9D007DE024 /* IoTPanels */ = {
			isa = PBXFileSystemSynchronizedRootGroup;
			exceptions = (
				22BB9B8B2F843F9E007DE024 /* Exceptions for "IoTPanels" folder in "IoTPanels" target */,
				22BB9B8C2F843F9E007DE024 /* Exceptions for "IoTPanels" folder in "IoTPanelsWidgetExtension" target */,
				22BB9B8D2F843F9E007DE024 /* Exceptions for "IoTPanels" folder in "IoTPanelsWatchWidgetExtension" target */,
			);
			path = IoTPanels;
			sourceTree = "<group>";
		};
		22BB9B752F843F9D007DE024 /* IoTPanelsWatchWidget */ = {
			isa = PBXFileSystemSynchronizedRootGroup;
			exceptions = (
				22BB9B902F843F9E007DE024 /* Exceptions for "IoTPanelsWatchWidget" folder in "IoTPanelsWatchWidgetExtension" target */,
			);
			path = IoTPanelsWatchWidget;
			sourceTree = "<group>";
		};
		22BB9B7B2F843F9D007DE024 /* IoTPanelsWidget */ = {
			isa = PBXFileSystemSynchronizedRootGroup;
			exceptions = (
				22BB9B8E2F843F9E007DE024 /* Exceptions for "IoTPanelsWidget" folder in "IoTPanelsWidgetExtension" target */,
			);
			path = IoTPanelsWidget;
			sourceTree = "<group>";
		};
		22BB9B822F843F9D007DE024 /* IoTPanelsTests */ = {
			isa = PBXFileSystemSynchronizedRootGroup;
			path = IoTPanelsTests;
			sourceTree = "<group>";
		};
		22BB9B892F843F9D007DE024 /* IoTPanelsWatch */ = {
			isa = PBXFileSystemSynchronizedRootGroup;
			exceptions = (
				22BB9B8F2F843F9E007DE024 /* Exceptions for "IoTPanelsWatch" folder in "IoTPanelsWatch" target */,
			);
			path = IoTPanelsWatch;
			sourceTree = "<group>";
		};
		22D2833C2F7E674E008CFD8E /* IoTPanelsUITests */ = {
			isa = PBXFileSystemSynchronizedRootGroup;
			path = IoTPanelsUITests;
			sourceTree = "<group>";
		};
/* End PBXFileSystemSynchronizedRootGroup section */

/* Begin PBXFrameworksBuildPhase section */
		22D283382F7E674E008CFD8E /* Frameworks */ = {
			isa = PBXFrameworksBuildPhase;
			files = (
			);
		};
		A60000010000000000000001 /* Frameworks */ = {
			isa = PBXFrameworksBuildPhase;
			files = (
				M50000010000000000000001 /* CocoaMQTT in Frameworks */,
				M50000020000000000000002 /* CocoaMQTTWebSocket in Frameworks */,
			);
		};
		A60000020000000000000002 /* Frameworks */ = {
			isa = PBXFrameworksBuildPhase;
			files = (
			);
		};
		D60000010000000000000001 /* Frameworks */ = {
			isa = PBXFrameworksBuildPhase;
			files = (
				M50000030000000000000003 /* CocoaMQTT in Frameworks */,
				M50000040000000000000004 /* CocoaMQTTWebSocket in Frameworks */,
			);
		};
		W70000010000000000000001 /* Frameworks */ = {
			isa = PBXFrameworksBuildPhase;
			files = (
			);
		};
		W70000020000000000000002 /* Frameworks */ = {
			isa = PBXFrameworksBuildPhase;
			files = (
			);
		};
/* End PBXFrameworksBuildPhase section */

/* Begin PBXGroup section */
		A70000010000000000000001 = {
			isa = PBXGroup;
			children = (
				22BB9AEF2F843F9D007DE024 /* IoTPanels */,
				22BB9B822F843F9D007DE024 /* IoTPanelsTests */,
				22BB9B7B2F843F9D007DE024 /* IoTPanelsWidget */,
				22BB9B892F843F9D007DE024 /* IoTPanelsWatch */,
				22BB9B752F843F9D007DE024 /* IoTPanelsWatchWidget */,
				22D2833C2F7E674E008CFD8E /* IoTPanelsUITests */,
				A70000090000000000000009 /* Products */,
				221A68E02F8182F4007A92B8 /* AppIcon.icon */,
			);
			sourceTree = "<group>";
		};
		A70000090000000000000009 /* Products */ = {
			isa = PBXGroup;
			children = (
				A2000014000000000000000E /* IoTPanels.app */,
				A2000015000000000000000F /* IoTPanelsTests.xctest */,
				D2000002000000000000000C /* IoTPanelsWidgetExtension.appex */,
				W40000010000000000000001 /* IoTPanelsWatch.app */,
				W40000020000000000000002 /* IoTPanelsWatchWidgetExtension.appex */,
				22D2833B2F7E674E008CFD8E /* IoTPanelsUITests.xctest */,
			);
			name = Products;
			sourceTree = "<group>";
		};
/* End PBXGroup section */

/* Begin PBXNativeTarget section */
		22D2833A2F7E674E008CFD8E /* IoTPanelsUITests */ = {
			isa = PBXNativeTarget;
			buildConfigurationList = 22D283452F7E674E008CFD8E /* Build configuration list for PBXNativeTarget "IoTPanelsUITests" */;
			buildPhases = (
				22D283372F7E674E008CFD8E /* Sources */,
				22D283382F7E674E008CFD8E /* Frameworks */,
				22D283392F7E674E008CFD8E /* Resources */,
			);
			buildRules = (
			);
			dependencies = (
				22D283422F7E674E008CFD8E /* PBXTargetDependency */,
			);
			fileSystemSynchronizedGroups = (
				22D2833C2F7E674E008CFD8E /* IoTPanelsUITests */,
			);
			name = IoTPanelsUITests;
			productName = IoTPanelsUITests;
			productReference = 22D2833B2F7E674E008CFD8E /* IoTPanelsUITests.xctest */;
			productType = "com.apple.product-type.bundle.ui-testing";
		};
		A40000010000000000000001 /* IoTPanels */ = {
			isa = PBXNativeTarget;
			buildConfigurationList = A80000030000000000000003 /* Build configuration list for PBXNativeTarget "IoTPanels" */;
			buildPhases = (
				A90000010000000000000001 /* Sources */,
				A60000010000000000000001 /* Frameworks */,
				AA0000010000000000000001 /* Resources */,
				DA0000010000000000000001 /* Embed Foundation Extensions */,
			);
			buildRules = (
			);
			dependencies = (
				DB0000010000000000000001 /* PBXTargetDependency */,
			);
			fileSystemSynchronizedGroups = (
				22BB9AEF2F843F9D007DE024 /* IoTPanels */,
			);
			name = IoTPanels;
			packageProductDependencies = (
				M40000010000000000000001 /* CocoaMQTT */,
				M40000020000000000000002 /* CocoaMQTTWebSocket */,
			);
			productName = IoTPanels;
			productReference = A2000014000000000000000E /* IoTPanels.app */;
			productType = "com.apple.product-type.application";
		};
		A40000020000000000000002 /* IoTPanelsTests */ = {
			isa = PBXNativeTarget;
			buildConfigurationList = A80000060000000000000006 /* Build configuration list for PBXNativeTarget "IoTPanelsTests" */;
			buildPhases = (
				A90000020000000000000002 /* Sources */,
				A60000020000000000000002 /* Frameworks */,
			);
			buildRules = (
			);
			dependencies = (
				AB0000010000000000000001 /* PBXTargetDependency */,
			);
			fileSystemSynchronizedGroups = (
				22BB9B822F843F9D007DE024 /* IoTPanelsTests */,
			);
			name = IoTPanelsTests;
			productName = IoTPanelsTests;
			productReference = A2000015000000000000000F /* IoTPanelsTests.xctest */;
			productType = "com.apple.product-type.bundle.unit-test";
		};
		D40000010000000000000001 /* IoTPanelsWidgetExtension */ = {
			isa = PBXNativeTarget;
			buildConfigurationList = D80000010000000000000001 /* Build configuration list for PBXNativeTarget "IoTPanelsWidgetExtension" */;
			buildPhases = (
				D90000010000000000000001 /* Sources */,
				D60000010000000000000001 /* Frameworks */,
			);
			buildRules = (
			);
			name = IoTPanelsWidgetExtension;
			packageProductDependencies = (
				M40000030000000000000003 /* CocoaMQTT */,
				M40000040000000000000004 /* CocoaMQTTWebSocket */,
			);
			productName = IoTPanelsWidgetExtension;
			productReference = D2000002000000000000000C /* IoTPanelsWidgetExtension.appex */;
			productType = "com.apple.product-type.app-extension";
		};
		W60000010000000000000001 /* IoTPanelsWatch */ = {
			isa = PBXNativeTarget;
			buildConfigurationList = W90000010000000000000001 /* Build configuration list for PBXNativeTarget "IoTPanelsWatch" */;
			buildPhases = (
				WB0000010000000000000001 /* Sources */,
				W70000010000000000000001 /* Frameworks */,
				WA0000010000000000000001 /* Embed Foundation Extensions */,
			);
			buildRules = (
			);
			dependencies = (
				WC0000010000000000000001 /* PBXTargetDependency */,
			);
			name = IoTPanelsWatch;
			productName = IoTPanelsWatch;
			productReference = W40000010000000000000001 /* IoTPanelsWatch.app */;
			productType = "com.apple.product-type.application";
		};
		W60000020000000000000002 /* IoTPanelsWatchWidgetExtension */ = {
			isa = PBXNativeTarget;
			buildConfigurationList = W90000020000000000000002 /* Build configuration list for PBXNativeTarget "IoTPanelsWatchWidgetExtension" */;
			buildPhases = (
				WB0000020000000000000002 /* Sources */,
				W70000020000000000000002 /* Frameworks */,
			);
			buildRules = (
			);
			name = IoTPanelsWatchWidgetExtension;
			productName = IoTPanelsWatchWidgetExtension;
			productReference = W40000020000000000000002 /* IoTPanelsWatchWidgetExtension.appex */;
			productType = "com.apple.product-type.app-extension";
		};
/* End PBXNativeTarget section */

/* Begin PBXProject section */
		A50000010000000000000001 /* Project object */ = {
			isa = PBXProject;
			attributes = {
				BuildIndependentTargetsInParallel = 1;
				LastSwiftUpdateCheck = 2640;
				LastUpgradeCheck = 2640;
				TargetAttributes = {
					22D2833A2F7E674E008CFD8E = {
						CreatedOnToolsVersion = 26.4;
						TestTargetID = A40000010000000000000001;
					};
					A40000010000000000000001 = {
						CreatedOnToolsVersion = 15.4;
					};
					A40000020000000000000002 = {
						CreatedOnToolsVersion = 15.4;
						TestTargetID = A40000010000000000000001;
					};
					D40000010000000000000001 = {
						CreatedOnToolsVersion = 15.4;
					};
					W60000010000000000000001 = {
						CreatedOnToolsVersion = 15.4;
					};
					W60000020000000000000002 = {
						CreatedOnToolsVersion = 15.4;
					};
				};
			};
			buildConfigurationList = A80000010000000000000001 /* Build configuration list for PBXProject "IoTPanels" */;
			developmentRegion = en;
			hasScannedForEncodings = 0;
			knownRegions = (
				en,
				de,
				fr,
				Base,
			);
			mainGroup = A70000010000000000000001;
			packageReferences = (
				M30000010000000000000001 /* XCRemoteSwiftPackageReference "CocoaMQTT" */,
			);
			preferredProjectObjectVersion = 100;
			productRefGroup = A70000090000000000000009 /* Products */;
			projectDirPath = "";
			projectRoot = "";
			targets = (
				A40000010000000000000001 /* IoTPanels */,
				A40000020000000000000002 /* IoTPanelsTests */,
				D40000010000000000000001 /* IoTPanelsWidgetExtension */,
				W60000010000000000000001 /* IoTPanelsWatch */,
				W60000020000000000000002 /* IoTPanelsWatchWidgetExtension */,
				22D2833A2F7E674E008CFD8E /* IoTPanelsUITests */,
			);
		};
/* End PBXProject section */

/* Begin PBXResourcesBuildPhase section */
		22D283392F7E674E008CFD8E /* Resources */ = {
			isa = PBXResourcesBuildPhase;
			files = (
				221A68E22F8182F4007A92B8 /* AppIcon.icon in Resources */,
			);
		};
		AA0000010000000000000001 /* Resources */ = {
			isa = PBXResourcesBuildPhase;
			files = (
				221A68E12F8182F4007A92B8 /* AppIcon.icon in Resources */,
			);
		};
/* End PBXResourcesBuildPhase section */

/* Begin PBXSourcesBuildPhase section */
		22D283372F7E674E008CFD8E /* Sources */ = {
			isa = PBXSourcesBuildPhase;
			files = (
			);
		};
		A90000010000000000000001 /* Sources */ = {
			isa = PBXSourcesBuildPhase;
			files = (
			);
		};
		A90000020000000000000002 /* Sources */ = {
			isa = PBXSourcesBuildPhase;
			files = (
			);
		};
		D90000010000000000000001 /* Sources */ = {
			isa = PBXSourcesBuildPhase;
			files = (
			);
		};
		WB0000010000000000000001 /* Sources */ = {
			isa = PBXSourcesBuildPhase;
			files = (
			);
		};
		WB0000020000000000000002 /* Sources */ = {
			isa = PBXSourcesBuildPhase;
			files = (
			);
		};
/* End PBXSourcesBuildPhase section */

/* Begin PBXTargetDependency section */
		22D283422F7E674E008CFD8E /* PBXTargetDependency */ = {
			isa = PBXTargetDependency;
			target = A40000010000000000000001 /* IoTPanels */;
			targetProxy = 22D283412F7E674E008CFD8E /* PBXContainerItemProxy */;
		};
		AB0000010000000000000001 /* PBXTargetDependency */ = {
			isa = PBXTargetDependency;
			target = A40000010000000000000001 /* IoTPanels */;
			targetProxy = A30000010000000000000001 /* PBXContainerItemProxy */;
		};
		DB0000010000000000000001 /* PBXTargetDependency */ = {
			isa = PBXTargetDependency;
			target = D40000010000000000000001 /* IoTPanelsWidgetExtension */;
			targetProxy = D30000010000000000000001 /* PBXContainerItemProxy */;
		};
		WC0000010000000000000001 /* PBXTargetDependency */ = {
			isa = PBXTargetDependency;
			target = W60000020000000000000002 /* IoTPanelsWatchWidgetExtension */;
			targetProxy = W50000010000000000000001 /* PBXContainerItemProxy */;
		};
/* End PBXTargetDependency section */

/* Begin XCBuildConfiguration section */
		22D283432F7E674E008CFD8E /* Debug configuration for PBXNativeTarget "IoTPanelsUITests" */ = {
			isa = XCBuildConfiguration;
			buildSettings = {
				CODE_SIGN_STYLE = Automatic;
				CURRENT_PROJECT_VERSION = 1;
				DEVELOPMENT_TEAM = 643R6YSRER;
				GENERATE_INFOPLIST_FILE = YES;
				IPHONEOS_DEPLOYMENT_TARGET = 26.0;
				LOCALIZATION_PREFERS_STRING_CATALOGS = YES;
				MARKETING_VERSION = 1.2.0;
				PRODUCT_BUNDLE_IDENTIFIER = de.rnd.IoTPanelsUITests;
				PRODUCT_NAME = "$(TARGET_NAME)";
				STRING_CATALOG_GENERATE_SYMBOLS = NO;
				SWIFT_ACTIVE_COMPILATION_CONDITIONS = "DEBUG $(inherited)";
				SWIFT_APPROACHABLE_CONCURRENCY = YES;
				SWIFT_EMIT_LOC_STRINGS = NO;
				SWIFT_UPCOMING_FEATURE_MEMBER_IMPORT_VISIBILITY = YES;
				SWIFT_VERSION = 5.0;
				TARGETED_DEVICE_FAMILY = "1,2";
				TEST_TARGET_NAME = IoTPanels;
			};
			name = Debug;
		};
		22D283442F7E674E008CFD8E /* Release configuration for PBXNativeTarget "IoTPanelsUITests" */ = {
			isa = XCBuildConfiguration;
			buildSettings = {
				CODE_SIGN_STYLE = Automatic;
				CURRENT_PROJECT_VERSION = 1;
				DEVELOPMENT_TEAM = 643R6YSRER;
				GENERATE_INFOPLIST_FILE = YES;
				IPHONEOS_DEPLOYMENT_TARGET = 26.0;
				LOCALIZATION_PREFERS_STRING_CATALOGS = YES;
				MARKETING_VERSION = 1.2.0;
				PRODUCT_BUNDLE_IDENTIFIER = de.rnd.IoTPanelsUITests;
				PRODUCT_NAME = "$(TARGET_NAME)";
				STRING_CATALOG_GENERATE_SYMBOLS = NO;
				SWIFT_APPROACHABLE_CONCURRENCY = YES;
				SWIFT_EMIT_LOC_STRINGS = NO;
				SWIFT_UPCOMING_FEATURE_MEMBER_IMPORT_VISIBILITY = YES;
				SWIFT_VERSION = 5.0;
				TARGETED_DEVICE_FAMILY = "1,2";
				TEST_TARGET_NAME = IoTPanels;
			};
			name = Release;
		};
		AC0000010000000000000001 /* Debug configuration for PBXProject "IoTPanels" */ = {
			isa = XCBuildConfiguration;
			buildSettings = {
				ALWAYS_SEARCH_USER_PATHS = NO;
				ASSETCATALOG_COMPILER_GENERATE_SWIFT_ASSET_SYMBOL_EXTENSIONS = YES;
				CLANG_ANALYZER_LOCALIZABILITY_NONLOCALIZED = YES;
				CLANG_ANALYZER_NONNULL = YES;
				CLANG_ANALYZER_NUMBER_OBJECT_CONVERSION = YES_AGGRESSIVE;
				CLANG_CXX_LANGUAGE_STANDARD = "gnu++20";
				CLANG_ENABLE_MODULES = YES;
				CLANG_ENABLE_OBJC_ARC = YES;
				CLANG_ENABLE_OBJC_WEAK = YES;
				CLANG_WARN_BLOCK_CAPTURE_AUTORELEASING = YES;
				CLANG_WARN_BOOL_CONVERSION = YES;
				CLANG_WARN_COMMA = YES;
				CLANG_WARN_CONSTANT_CONVERSION = YES;
				CLANG_WARN_DEPRECATED_OBJC_IMPLEMENTATIONS = YES;
				CLANG_WARN_DIRECT_OBJC_ISA_USAGE = YES_ERROR;
				CLANG_WARN_DOCUMENTATION_COMMENTS = YES;
				CLANG_WARN_EMPTY_BODY = YES;
				CLANG_WARN_ENUM_CONVERSION = YES;
				CLANG_WARN_INFINITE_RECURSION = YES;
				CLANG_WARN_INT_CONVERSION = YES;
				CLANG_WARN_NON_LITERAL_NULL_CONVERSION = YES;
				CLANG_WARN_OBJC_IMPLICIT_RETAIN_SELF = YES;
				CLANG_WARN_OBJC_LITERAL_CONVERSION = YES;
				CLANG_WARN_OBJC_ROOT_CLASS = YES_ERROR;
				CLANG_WARN_QUOTED_INCLUDE_IN_FRAMEWORK_HEADER = YES;
				CLANG_WARN_RANGE_LOOP_ANALYSIS = YES;
				CLANG_WARN_STRICT_PROTOTYPES = YES;
				CLANG_WARN_SUSPICIOUS_MOVE = YES;
				CLANG_WARN_UNGUARDED_AVAILABILITY = YES_AGGRESSIVE;
				CLANG_WARN_UNREACHABLE_CODE = YES;
				CLANG_WARN__DUPLICATE_METHOD_MATCH = YES;
				COPY_PHASE_STRIP = NO;
				DEBUG_INFORMATION_FORMAT = dwarf;
				ENABLE_STRICT_OBJC_MSGSEND = YES;
				ENABLE_TESTABILITY = YES;
				ENABLE_USER_SCRIPT_SANDBOXING = YES;
				GCC_C_LANGUAGE_STANDARD = gnu17;
				GCC_DYNAMIC_NO_PIC = NO;
				GCC_NO_COMMON_BLOCKS = YES;
				GCC_OPTIMIZATION_LEVEL = 0;
				GCC_PREPROCESSOR_DEFINITIONS = (
					"DEBUG=1",
					"$(inherited)",
				);
				GCC_WARN_64_TO_32_BIT_CONVERSION = YES;
				GCC_WARN_ABOUT_RETURN_TYPE = YES_ERROR;
				GCC_WARN_UNDECLARED_SELECTOR = YES;
				GCC_WARN_UNINITIALIZED_AUTOS = YES_AGGRESSIVE;
				GCC_WARN_UNUSED_FUNCTION = YES;
				GCC_WARN_UNUSED_VARIABLE = YES;
				IPHONEOS_DEPLOYMENT_TARGET = 17.0;
				MTL_ENABLE_DEBUG_INFO = INCLUDE_SOURCE;
				MTL_FAST_MATH = YES;
				ONLY_ACTIVE_ARCH = YES;
				SDKROOT = iphoneos;
				STRING_CATALOG_GENERATE_SYMBOLS = YES;
				SWIFT_ACTIVE_COMPILATION_CONDITIONS = "$(inherited) DEBUG";
				SWIFT_OPTIMIZATION_LEVEL = "-Onone";
			};
			name = Debug;
		};
		AC0000020000000000000002 /* Release configuration for PBXProject "IoTPanels" */ = {
			isa = XCBuildConfiguration;
			buildSettings = {
				ALWAYS_SEARCH_USER_PATHS = NO;
				ASSETCATALOG_COMPILER_GENERATE_SWIFT_ASSET_SYMBOL_EXTENSIONS = YES;
				CLANG_ANALYZER_LOCALIZABILITY_NONLOCALIZED = YES;
				CLANG_ANALYZER_NONNULL = YES;
				CLANG_ANALYZER_NUMBER_OBJECT_CONVERSION = YES_AGGRESSIVE;
				CLANG_CXX_LANGUAGE_STANDARD = "gnu++20";
				CLANG_ENABLE_MODULES = YES;
				CLANG_ENABLE_OBJC_ARC = YES;
				CLANG_ENABLE_OBJC_WEAK = YES;
				CLANG_WARN_BLOCK_CAPTURE_AUTORELEASING = YES;
				CLANG_WARN_BOOL_CONVERSION = YES;
				CLANG_WARN_COMMA = YES;
				CLANG_WARN_CONSTANT_CONVERSION = YES;
				CLANG_WARN_DEPRECATED_OBJC_IMPLEMENTATIONS = YES;
				CLANG_WARN_DIRECT_OBJC_ISA_USAGE = YES_ERROR;
				CLANG_WARN_DOCUMENTATION_COMMENTS = YES;
				CLANG_WARN_EMPTY_BODY = YES;
				CLANG_WARN_ENUM_CONVERSION = YES;
				CLANG_WARN_INFINITE_RECURSION = YES;
				CLANG_WARN_INT_CONVERSION = YES;
				CLANG_WARN_NON_LITERAL_NULL_CONVERSION = YES;
				CLANG_WARN_OBJC_IMPLICIT_RETAIN_SELF = YES;
				CLANG_WARN_OBJC_LITERAL_CONVERSION = YES;
				CLANG_WARN_OBJC_ROOT_CLASS = YES_ERROR;
				CLANG_WARN_QUOTED_INCLUDE_IN_FRAMEWORK_HEADER = YES;
				CLANG_WARN_RANGE_LOOP_ANALYSIS = YES;
				CLANG_WARN_STRICT_PROTOTYPES = YES;
				CLANG_WARN_SUSPICIOUS_MOVE = YES;
				CLANG_WARN_UNGUARDED_AVAILABILITY = YES_AGGRESSIVE;
				CLANG_WARN_UNREACHABLE_CODE = YES;
				CLANG_WARN__DUPLICATE_METHOD_MATCH = YES;
				COPY_PHASE_STRIP = NO;
				DEBUG_INFORMATION_FORMAT = "dwarf-with-dsym";
				ENABLE_NS_ASSERTIONS = NO;
				ENABLE_STRICT_OBJC_MSGSEND = YES;
				ENABLE_USER_SCRIPT_SANDBOXING = YES;
				GCC_C_LANGUAGE_STANDARD = gnu17;
				GCC_NO_COMMON_BLOCKS = YES;
				GCC_WARN_64_TO_32_BIT_CONVERSION = YES;
				GCC_WARN_ABOUT_RETURN_TYPE = YES_ERROR;
				GCC_WARN_UNDECLARED_SELECTOR = YES;
				GCC_WARN_UNINITIALIZED_AUTOS = YES_AGGRESSIVE;
				GCC_WARN_UNUSED_FUNCTION = YES;
				GCC_WARN_UNUSED_VARIABLE = YES;
				IPHONEOS_DEPLOYMENT_TARGET = 17.0;
				MTL_ENABLE_DEBUG_INFO = NO;
				MTL_FAST_MATH = YES;
				SDKROOT = iphoneos;
				STRING_CATALOG_GENERATE_SYMBOLS = YES;
				SWIFT_COMPILATION_MODE = wholemodule;
				VALIDATE_PRODUCT = YES;
			};
			name = Release;
		};
		AC0000030000000000000003 /* Debug configuration for PBXNativeTarget "IoTPanels" */ = {
			isa = XCBuildConfiguration;
			buildSettings = {
				ASSETCATALOG_COMPILER_APPICON_NAME = AppIcon;
				ASSETCATALOG_COMPILER_GLOBAL_ACCENT_COLOR_NAME = AccentColor;
				CODE_SIGN_ENTITLEMENTS = IoTPanels/IoTPanels.entitlements;
				CODE_SIGN_STYLE = Automatic;
				CURRENT_PROJECT_VERSION = 1;
				DEVELOPMENT_ASSET_PATHS = "\"IoTPanels/Preview Content\"";
				DEVELOPMENT_TEAM = 643R6YSRER;
				ENABLE_PREVIEWS = YES;
				GENERATE_INFOPLIST_FILE = YES;
				INFOPLIST_FILE = IoTPanels/Info.plist;
				INFOPLIST_KEY_LSApplicationCategoryType = "public.app-category.productivity";
				INFOPLIST_KEY_UIApplicationSceneManifest_Generation = YES;
				INFOPLIST_KEY_UIApplicationSupportsIndirectInputEvents = YES;
				INFOPLIST_KEY_UILaunchScreen_Generation = YES;
				INFOPLIST_KEY_UISupportedInterfaceOrientations_iPad = "UIInterfaceOrientationPortrait UIInterfaceOrientationPortraitUpsideDown UIInterfaceOrientationLandscapeLeft UIInterfaceOrientationLandscapeRight";
				INFOPLIST_KEY_UISupportedInterfaceOrientations_iPhone = "UIInterfaceOrientationPortrait UIInterfaceOrientationLandscapeLeft UIInterfaceOrientationLandscapeRight";
				IPHONEOS_DEPLOYMENT_TARGET = 26.0;
				LD_RUNPATH_SEARCH_PATHS = (
					"$(inherited)",
					"@executable_path/Frameworks",
				);
				MARKETING_VERSION = 1.2.0;
				PRODUCT_BUNDLE_IDENTIFIER = de.rnd7.iotpanels;
				PRODUCT_NAME = "$(TARGET_NAME)";
				SUPPORTED_PLATFORMS = "iphoneos iphonesimulator";
				SUPPORTS_MACCATALYST = NO;
				SWIFT_EMIT_LOC_STRINGS = YES;
				SWIFT_VERSION = 5.0;
				TARGETED_DEVICE_FAMILY = "1,2";
			};
			name = Debug;
		};
		AC0000040000000000000004 /* Release configuration for PBXNativeTarget "IoTPanels" */ = {
			isa = XCBuildConfiguration;
			buildSettings = {
				ASSETCATALOG_COMPILER_APPICON_NAME = AppIcon;
				ASSETCATALOG_COMPILER_GLOBAL_ACCENT_COLOR_NAME = AccentColor;
				CODE_SIGN_ENTITLEMENTS = IoTPanels/IoTPanels.entitlements;
				CODE_SIGN_STYLE = Automatic;
				CURRENT_PROJECT_VERSION = 1;
				DEVELOPMENT_ASSET_PATHS = "\"IoTPanels/Preview Content\"";
				DEVELOPMENT_TEAM = 643R6YSRER;
				ENABLE_PREVIEWS = YES;
				GENERATE_INFOPLIST_FILE = YES;
				INFOPLIST_FILE = IoTPanels/Info.plist;
				INFOPLIST_KEY_LSApplicationCategoryType = "public.app-category.productivity";
				INFOPLIST_KEY_UIApplicationSceneManifest_Generation = YES;
				INFOPLIST_KEY_UIApplicationSupportsIndirectInputEvents = YES;
				INFOPLIST_KEY_UILaunchScreen_Generation = YES;
				INFOPLIST_KEY_UISupportedInterfaceOrientations_iPad = "UIInterfaceOrientationPortrait UIInterfaceOrientationPortraitUpsideDown UIInterfaceOrientationLandscapeLeft UIInterfaceOrientationLandscapeRight";
				INFOPLIST_KEY_UISupportedInterfaceOrientations_iPhone = "UIInterfaceOrientationPortrait UIInterfaceOrientationLandscapeLeft UIInterfaceOrientationLandscapeRight";
				IPHONEOS_DEPLOYMENT_TARGET = 26.0;
				LD_RUNPATH_SEARCH_PATHS = (
					"$(inherited)",
					"@executable_path/Frameworks",
				);
				MARKETING_VERSION = 1.2.0;
				PRODUCT_BUNDLE_IDENTIFIER = de.rnd7.iotpanels;
				PRODUCT_NAME = "$(TARGET_NAME)";
				SUPPORTED_PLATFORMS = "iphoneos iphonesimulator";
				SUPPORTS_MACCATALYST = NO;
				SWIFT_EMIT_LOC_STRINGS = YES;
				SWIFT_VERSION = 5.0;
				TARGETED_DEVICE_FAMILY = "1,2";
			};
			name = Release;
		};
		AC0000050000000000000005 /* Debug configuration for PBXNativeTarget "IoTPanelsTests" */ = {
			isa = XCBuildConfiguration;
			buildSettings = {
				BUNDLE_LOADER = "$(TEST_HOST)";
				CODE_SIGN_STYLE = Automatic;
				CURRENT_PROJECT_VERSION = 1;
				DEVELOPMENT_TEAM = 643R6YSRER;
				GENERATE_INFOPLIST_FILE = YES;
				IPHONEOS_DEPLOYMENT_TARGET = 26.0;
				MARKETING_VERSION = 1.2.0;
				PRODUCT_BUNDLE_IDENTIFIER = de.rnd7.iotpanels.tests;
				PRODUCT_NAME = "$(TARGET_NAME)";
				SWIFT_EMIT_LOC_STRINGS = NO;
				SWIFT_VERSION = 5.0;
				TARGETED_DEVICE_FAMILY = "1,2";
				TEST_HOST = "$(BUILT_PRODUCTS_DIR)/IoTPanels.app/$(BUNDLE_EXECUTABLE_FOLDER_PATH)/IoTPanels";
			};
			name = Debug;
		};
		AC0000060000000000000006 /* Release configuration for PBXNativeTarget "IoTPanelsTests" */ = {
			isa = XCBuildConfiguration;
			buildSettings = {
				BUNDLE_LOADER = "$(TEST_HOST)";
				CODE_SIGN_STYLE = Automatic;
				CURRENT_PROJECT_VERSION = 1;
				DEVELOPMENT_TEAM = 643R6YSRER;
				GENERATE_INFOPLIST_FILE = YES;
				IPHONEOS_DEPLOYMENT_TARGET = 26.0;
				MARKETING_VERSION = 1.2.0;
				PRODUCT_BUNDLE_IDENTIFIER = de.rnd7.iotpanels.tests;
				PRODUCT_NAME = "$(TARGET_NAME)";
				SWIFT_EMIT_LOC_STRINGS = NO;
				SWIFT_VERSION = 5.0;
				TARGETED_DEVICE_FAMILY = "1,2";
				TEST_HOST = "$(BUILT_PRODUCTS_DIR)/IoTPanels.app/$(BUNDLE_EXECUTABLE_FOLDER_PATH)/IoTPanels";
			};
			name = Release;
		};
		DC0000010000000000000001 /* Debug configuration for PBXNativeTarget "IoTPanelsWidgetExtension" */ = {
			isa = XCBuildConfiguration;
			buildSettings = {
				CODE_SIGN_ENTITLEMENTS = IoTPanelsWidget/IoTPanelsWidget.entitlements;
				CODE_SIGN_STYLE = Automatic;
				CURRENT_PROJECT_VERSION = 1;
				DEVELOPMENT_TEAM = 643R6YSRER;
				GENERATE_INFOPLIST_FILE = YES;
				INFOPLIST_FILE = IoTPanelsWidget/Info.plist;
				INFOPLIST_KEY_CFBundleDisplayName = "IoT Panels Widget";
				INFOPLIST_KEY_NSHumanReadableCopyright = "";
				IPHONEOS_DEPLOYMENT_TARGET = 26.0;
				LD_RUNPATH_SEARCH_PATHS = (
					"$(inherited)",
					"@executable_path/Frameworks",
					"@executable_path/../../Frameworks",
				);
				MARKETING_VERSION = 1.2.0;
				PRODUCT_BUNDLE_IDENTIFIER = de.rnd7.iotpanels.widget;
				PRODUCT_NAME = "$(TARGET_NAME)";
				SKIP_INSTALL = YES;
				SWIFT_EMIT_LOC_STRINGS = YES;
				SWIFT_VERSION = 5.0;
				TARGETED_DEVICE_FAMILY = "1,2";
			};
			name = Debug;
		};
		DC0000020000000000000002 /* Release configuration for PBXNativeTarget "IoTPanelsWidgetExtension" */ = {
			isa = XCBuildConfiguration;
			buildSettings = {
				CODE_SIGN_ENTITLEMENTS = IoTPanelsWidget/IoTPanelsWidget.entitlements;
				CODE_SIGN_STYLE = Automatic;
				CURRENT_PROJECT_VERSION = 1;
				DEVELOPMENT_TEAM = 643R6YSRER;
				GENERATE_INFOPLIST_FILE = YES;
				INFOPLIST_FILE = IoTPanelsWidget/Info.plist;
				INFOPLIST_KEY_CFBundleDisplayName = "IoT Panels Widget";
				INFOPLIST_KEY_NSHumanReadableCopyright = "";
				IPHONEOS_DEPLOYMENT_TARGET = 26.0;
				LD_RUNPATH_SEARCH_PATHS = (
					"$(inherited)",
					"@executable_path/Frameworks",
					"@executable_path/../../Frameworks",
				);
				MARKETING_VERSION = 1.2.0;
				PRODUCT_BUNDLE_IDENTIFIER = de.rnd7.iotpanels.widget;
				PRODUCT_NAME = "$(TARGET_NAME)";
				SKIP_INSTALL = YES;
				SWIFT_EMIT_LOC_STRINGS = YES;
				SWIFT_VERSION = 5.0;
				TARGETED_DEVICE_FAMILY = "1,2";
			};
			name = Release;
		};
		WD0000010000000000000001 /* Debug configuration for PBXNativeTarget "IoTPanelsWatch" */ = {
			isa = XCBuildConfiguration;
			buildSettings = {
				ASSETCATALOG_COMPILER_APPICON_NAME = AppIcon;
				ASSETCATALOG_COMPILER_GLOBAL_ACCENT_COLOR_NAME = AccentColor;
				CODE_SIGN_ENTITLEMENTS = IoTPanelsWatch/IoTPanelsWatch.entitlements;
				CODE_SIGN_STYLE = Automatic;
				CURRENT_PROJECT_VERSION = 1;
				DEVELOPMENT_TEAM = 643R6YSRER;
				GENERATE_INFOPLIST_FILE = YES;
				INFOPLIST_KEY_CFBundleDisplayName = "IoT Panels";
				INFOPLIST_KEY_UISupportedInterfaceOrientations = "UIInterfaceOrientationPortrait UIInterfaceOrientationPortraitUpsideDown";
				INFOPLIST_KEY_WKCompanionAppBundleIdentifier = de.rnd7.iotpanels;
				LD_RUNPATH_SEARCH_PATHS = (
					"$(inherited)",
					"@executable_path/Frameworks",
				);
				MARKETING_VERSION = 1.2.0;
				PRODUCT_BUNDLE_IDENTIFIER = de.rnd7.iotpanels.watchkitapp;
				PRODUCT_NAME = "$(TARGET_NAME)";
				SDKROOT = watchos;
				SKIP_INSTALL = YES;
				SWIFT_EMIT_LOC_STRINGS = YES;
				SWIFT_VERSION = 5.0;
				TARGETED_DEVICE_FAMILY = 4;
				WATCHOS_DEPLOYMENT_TARGET = 11.0;
			};
			name = Debug;
		};
		WD0000020000000000000002 /* Release configuration for PBXNativeTarget "IoTPanelsWatch" */ = {
			isa = XCBuildConfiguration;
			buildSettings = {
				ASSETCATALOG_COMPILER_APPICON_NAME = AppIcon;
				ASSETCATALOG_COMPILER_GLOBAL_ACCENT_COLOR_NAME = AccentColor;
				CODE_SIGN_ENTITLEMENTS = IoTPanelsWatch/IoTPanelsWatch.entitlements;
				CODE_SIGN_STYLE = Automatic;
				CURRENT_PROJECT_VERSION = 1;
				DEVELOPMENT_TEAM = 643R6YSRER;
				GENERATE_INFOPLIST_FILE = YES;
				INFOPLIST_KEY_CFBundleDisplayName = "IoT Panels";
				INFOPLIST_KEY_UISupportedInterfaceOrientations = "UIInterfaceOrientationPortrait UIInterfaceOrientationPortraitUpsideDown";
				INFOPLIST_KEY_WKCompanionAppBundleIdentifier = de.rnd7.iotpanels;
				LD_RUNPATH_SEARCH_PATHS = (
					"$(inherited)",
					"@executable_path/Frameworks",
				);
				MARKETING_VERSION = 1.2.0;
				PRODUCT_BUNDLE_IDENTIFIER = de.rnd7.iotpanels.watchkitapp;
				PRODUCT_NAME = "$(TARGET_NAME)";
				SDKROOT = watchos;
				SKIP_INSTALL = YES;
				SWIFT_EMIT_LOC_STRINGS = YES;
				SWIFT_VERSION = 5.0;
				TARGETED_DEVICE_FAMILY = 4;
				WATCHOS_DEPLOYMENT_TARGET = 11.0;
			};
			name = Release;
		};
		WD0000030000000000000003 /* Debug configuration for PBXNativeTarget "IoTPanelsWatchWidgetExtension" */ = {
			isa = XCBuildConfiguration;
			buildSettings = {
				CODE_SIGN_ENTITLEMENTS = IoTPanelsWatchWidget/IoTPanelsWatchWidget.entitlements;
				CODE_SIGN_STYLE = Automatic;
				CURRENT_PROJECT_VERSION = 1;
				DEVELOPMENT_TEAM = 643R6YSRER;
				GENERATE_INFOPLIST_FILE = YES;
				INFOPLIST_KEY_CFBundleDisplayName = "IoT Panels Widget";
				INFOPLIST_KEY_NSHumanReadableCopyright = "";
				LD_RUNPATH_SEARCH_PATHS = (
					"$(inherited)",
					"@executable_path/Frameworks",
					"@executable_path/../../Frameworks",
				);
				MARKETING_VERSION = 1.2.0;
				PRODUCT_BUNDLE_IDENTIFIER = de.rnd7.iotpanels.watchkitapp.widget;
				PRODUCT_NAME = "$(TARGET_NAME)";
				SDKROOT = watchos;
				SKIP_INSTALL = YES;
				SWIFT_EMIT_LOC_STRINGS = YES;
				SWIFT_VERSION = 5.0;
				TARGETED_DEVICE_FAMILY = 4;
				WATCHOS_DEPLOYMENT_TARGET = 11.0;
			};
			name = Debug;
		};
		WD0000040000000000000004 /* Release configuration for PBXNativeTarget "IoTPanelsWatchWidgetExtension" */ = {
			isa = XCBuildConfiguration;
			buildSettings = {
				CODE_SIGN_ENTITLEMENTS = IoTPanelsWatchWidget/IoTPanelsWatchWidget.entitlements;
				CODE_SIGN_STYLE = Automatic;
				CURRENT_PROJECT_VERSION = 1;
				DEVELOPMENT_TEAM = 643R6YSRER;
				GENERATE_INFOPLIST_FILE = YES;
				INFOPLIST_KEY_CFBundleDisplayName = "IoT Panels Widget";
				INFOPLIST_KEY_NSHumanReadableCopyright = "";
				LD_RUNPATH_SEARCH_PATHS = (
					"$(inherited)",
					"@executable_path/Frameworks",
					"@executable_path/../../Frameworks",
				);
				MARKETING_VERSION = 1.2.0;
				PRODUCT_BUNDLE_IDENTIFIER = de.rnd7.iotpanels.watchkitapp.widget;
				PRODUCT_NAME = "$(TARGET_NAME)";
				SDKROOT = watchos;
				SKIP_INSTALL = YES;
				SWIFT_EMIT_LOC_STRINGS = YES;
				SWIFT_VERSION = 5.0;
				TARGETED_DEVICE_FAMILY = 4;
				WATCHOS_DEPLOYMENT_TARGET = 11.0;
			};
			name = Release;
		};
/* End XCBuildConfiguration section */

/* Begin XCConfigurationList section */
		22D283452F7E674E008CFD8E /* Build configuration list for PBXNativeTarget "IoTPanelsUITests" */ = {
			isa = XCConfigurationList;
			buildConfigurations = (
				22D283432F7E674E008CFD8E /* Debug configuration for PBXNativeTarget "IoTPanelsUITests" */,
				22D283442F7E674E008CFD8E /* Release configuration for PBXNativeTarget "IoTPanelsUITests" */,
			);
			defaultConfigurationName = Release;
		};
		A80000010000000000000001 /* Build configuration list for PBXProject "IoTPanels" */ = {
			isa = XCConfigurationList;
			buildConfigurations = (
				AC0000010000000000000001 /* Debug configuration for PBXProject "IoTPanels" */,
				AC0000020000000000000002 /* Release configuration for PBXProject "IoTPanels" */,
			);
			defaultConfigurationName = Release;
		};
		A80000030000000000000003 /* Build configuration list for PBXNativeTarget "IoTPanels" */ = {
			isa = XCConfigurationList;
			buildConfigurations = (
				AC0000030000000000000003 /* Debug configuration for PBXNativeTarget "IoTPanels" */,
				AC0000040000000000000004 /* Release configuration for PBXNativeTarget "IoTPanels" */,
			);
			defaultConfigurationName = Release;
		};
		A80000060000000000000006 /* Build configuration list for PBXNativeTarget "IoTPanelsTests" */ = {
			isa = XCConfigurationList;
			buildConfigurations = (
				AC0000050000000000000005 /* Debug configuration for PBXNativeTarget "IoTPanelsTests" */,
				AC0000060000000000000006 /* Release configuration for PBXNativeTarget "IoTPanelsTests" */,
			);
			defaultConfigurationName = Release;
		};
		D80000010000000000000001 /* Build configuration list for PBXNativeTarget "IoTPanelsWidgetExtension" */ = {
			isa = XCConfigurationList;
			buildConfigurations = (
				DC0000010000000000000001 /* Debug configuration for PBXNativeTarget "IoTPanelsWidgetExtension" */,
				DC0000020000000000000002 /* Release configuration for PBXNativeTarget "IoTPanelsWidgetExtension" */,
			);
			defaultConfigurationName = Release;
		};
		W90000010000000000000001 /* Build configuration list for PBXNativeTarget "IoTPanelsWatch" */ = {
			isa = XCConfigurationList;
			buildConfigurations = (
				WD0000010000000000000001 /* Debug configuration for PBXNativeTarget "IoTPanelsWatch" */,
				WD0000020000000000000002 /* Release configuration for PBXNativeTarget "IoTPanelsWatch" */,
			);
			defaultConfigurationName = Release;
		};
		W90000020000000000000002 /* Build configuration list for PBXNativeTarget "IoTPanelsWatchWidgetExtension" */ = {
			isa = XCConfigurationList;
			buildConfigurations = (
				WD0000030000000000000003 /* Debug configuration for PBXNativeTarget "IoTPanelsWatchWidgetExtension" */,
				WD0000040000000000000004 /* Release configuration for PBXNativeTarget "IoTPanelsWatchWidgetExtension" */,
			);
			defaultConfigurationName = Release;
		};
/* End XCConfigurationList section */

/* Begin XCRemoteSwiftPackageReference section */
		M30000010000000000000001 /* XCRemoteSwiftPackageReference "CocoaMQTT" */ = {
			isa = XCRemoteSwiftPackageReference;
			repositoryURL = "https://github.com/philipparndt/CocoaMQTT.git";
			requirement = {
				kind = revision;
				revision = 38f197a7545bc923d0b01df6ca684e96350e616a;
			};
		};
/* End XCRemoteSwiftPackageReference section */

/* Begin XCSwiftPackageProductDependency section */
		M40000010000000000000001 /* CocoaMQTT */ = {
			isa = XCSwiftPackageProductDependency;
			package = M30000010000000000000001 /* XCRemoteSwiftPackageReference "CocoaMQTT" */;
			productName = CocoaMQTT;
		};
		M40000020000000000000002 /* CocoaMQTTWebSocket */ = {
			isa = XCSwiftPackageProductDependency;
			package = M30000010000000000000001 /* XCRemoteSwiftPackageReference "CocoaMQTT" */;
			productName = CocoaMQTTWebSocket;
		};
		M40000030000000000000003 /* CocoaMQTT */ = {
			isa = XCSwiftPackageProductDependency;
			package = M30000010000000000000001 /* XCRemoteSwiftPackageReference "CocoaMQTT" */;
			productName = CocoaMQTT;
		};
		M40000040000000000000004 /* CocoaMQTTWebSocket */ = {
			isa = XCSwiftPackageProductDependency;
			package = M30000010000000000000001 /* XCRemoteSwiftPackageReference "CocoaMQTT" */;
			productName = CocoaMQTTWebSocket;
		};
/* End XCSwiftPackageProductDependency section */
	};
	rootObject = A50000010000000000000001 /* Project object */;
}
